{
  "version": 4,
  "terraform_version": "1.14.1",
  "serial": 4353,
  "lineage": "c5680f44-1c31-6cfb-23da-4b68763dcf7e",
  "outputs": {},
  "resources": [
    {
      "module": "module.alb_system",
      "mode": "managed",
      "type": "aws_lb",
      "name": "internal_nlb",
      "provider": "provider[\"registry.terraform.io/hashicorp/aws\"]",
      "instances": []
    },
    {
      "module": "module.alb_system",
      "mode": "managed",
      "type": "aws_lb",
      "name": "public_alb",
      "provider": "provider[\"registry.terraform.io/hashicorp/aws\"]",
      "instances": []
    },
    {
      "module": "module.alb_system",
      "mode": "managed",
      "type": "aws_lb_target_group",
      "name": "internal_nlb_target_group",
      "provider": "provider[\"registry.terraform.io/hashicorp/aws\"]",
      "instances": [
        {
          "schema_version": 0,
          "attributes": {
            "arn": "arn:aws:elasticloadbalancing:ap-northeast-2:089955620282:targetgroup/was-target-group/f9a0cf96b8b51478",
            "arn_suffix": "targetgroup/was-target-group/f9a0cf96b8b51478",
            "connection_termination": false,
            "deregistration_delay": "300",
            "health_check": [
              {
                "enabled": true,
                "healthy_threshold": 3,
                "interval": 30,
                "matcher": "",
                "path": "",
                "port": "9000",
                "protocol": "TCP",
                "timeout": 10,
                "unhealthy_threshold": 3
              }
            ],
            "id": "arn:aws:elasticloadbalancing:ap-northeast-2:089955620282:targetgroup/was-target-group/f9a0cf96b8b51478",
            "ip_address_type": "ipv4",
            "lambda_multi_value_headers_enabled": false,
            "load_balancer_arns": [],
            "load_balancing_algorithm_type": null,
            "load_balancing_anomaly_mitigation": null,
            "load_balancing_cross_zone_enabled": "use_load_balancer_configuration",
            "name": "was-target-group",
            "name_prefix": "",
            "port": 9000,
            "preserve_client_ip": "true",
            "protocol": "TCP",
            "protocol_version": null,
            "proxy_protocol_v2": false,
            "region": "ap-northeast-2",
            "slow_start": 0,
            "stickiness": [
              {
                "cookie_duration": 0,
                "cookie_name": "",
                "enabled": false,
                "type": "source_ip"
              }
            ],
            "tags": null,
            "tags_all": {},
            "target_control_port": 0,
            "target_failover": [
              {
                "on_deregistration": null,
                "on_unhealthy": null
              }
            ],
            "target_group_health": [
              {
                "dns_failover": [
                  {
                    "minimum_healthy_targets_count": "1",
                    "minimum_healthy_targets_percentage": "off"
                  }
                ],
                "unhealthy_state_routing": [
                  {
                    "minimum_healthy_targets_count": 1,
                    "minimum_healthy_targets_percentage": "off"
                  }
                ]
              }
            ],
            "target_health_state": [
              {
                "enable_unhealthy_connection_termination": true,
                "unhealthy_draining_interval": 0
              }
            ],
            "target_type": "instance",
            "vpc_id": "vpc-08c875e634f8689c3"
          },
          "sensitive_attributes": [],
          "identity_schema_version": 0,
          "identity": {
            "arn": "arn:aws:elasticloadbalancing:ap-northeast-2:089955620282:targetgroup/was-target-group/f9a0cf96b8b51478"
          },
          "private": "bnVsbA==",
          "dependencies": [
            "module.network.aws_vpc.vpc"
          ]
        }
      ]
    },
    {
      "module": "module.alb_system",
      "mode": "managed",
      "type": "aws_lb_target_group",
      "name": "public_alb_target_group",
      "provider": "provider[\"registry.terraform.io/hashicorp/aws\"]",
      "instances": [
        {
          "schema_version": 0,
          "attributes": {
            "arn": "arn:aws:elasticloadbalancing:ap-northeast-2:089955620282:targetgroup/web-target-group/cca0bdf337566669",
            "arn_suffix": "targetgroup/web-target-group/cca0bdf337566669",
            "connection_termination": null,
            "deregistration_delay": "300",
            "health_check": [
              {
                "enabled": true,
                "healthy_threshold": 3,
                "interval": 30,
                "matcher": "200",
                "path": "/",
                "port": "traffic-port",
                "protocol": "HTTP",
                "timeout": 5,
                "unhealthy_threshold": 3
              }
            ],
            "id": "arn:aws:elasticloadbalancing:ap-northeast-2:089955620282:targetgroup/web-target-group/cca0bdf337566669",
            "ip_address_type": "ipv4",
            "lambda_multi_value_headers_enabled": false,
            "load_balancer_arns": [],
            "load_balancing_algorithm_type": "round_robin",
            "load_balancing_anomaly_mitigation": "off",
            "load_balancing_cross_zone_enabled": "use_load_balancer_configuration",
            "name": "web-target-group",
            "name_prefix": "",
            "port": 80,
            "preserve_client_ip": null,
            "protocol": "HTTP",
            "protocol_version": "HTTP1",
            "proxy_protocol_v2": false,
            "region": "ap-northeast-2",
            "slow_start": 0,
            "stickiness": [
              {
                "cookie_duration": 86400,
                "cookie_name": "",
                "enabled": false,
                "type": "lb_cookie"
              }
            ],
            "tags": null,
            "tags_all": {},
            "target_control_port": 0,
            "target_failover": [
              {
                "on_deregistration": null,
                "on_unhealthy": null
              }
            ],
            "target_group_health": [
              {
                "dns_failover": [
                  {
                    "minimum_healthy_targets_count": "1",
                    "minimum_healthy_targets_percentage": "off"
                  }
                ],
                "unhealthy_state_routing": [
                  {
                    "minimum_healthy_targets_count": 1,
                    "minimum_healthy_targets_percentage": "off"
                  }
                ]
              }
            ],
            "target_health_state": [
              {
                "enable_unhealthy_connection_termination": null,
                "unhealthy_draining_interval": null
              }
            ],
            "target_type": "instance",
            "vpc_id": "vpc-08c875e634f8689c3"
          },
          "sensitive_attributes": [],
          "identity_schema_version": 0,
          "identity": {
            "arn": "arn:aws:elasticloadbalancing:ap-northeast-2:089955620282:targetgroup/web-target-group/cca0bdf337566669"
          },
          "private": "bnVsbA==",
          "dependencies": [
            "module.network.aws_vpc.vpc"
          ]
        }
      ]
    },
    {
      "module": "module.instance",
      "mode": "managed",
      "type": "aws_instance",
      "name": "nat_server",
      "provider": "provider[\"registry.terraform.io/hashicorp/aws\"]",
      "instances": [
        {
          "schema_version": 2,
          "attributes": {
            "ami": "ami-013c951bfeb5d9c3b",
            "arn": "arn:aws:ec2:ap-northeast-2:089955620282:instance/i-06a09c33f22c2dfca",
            "associate_public_ip_address": true,
            "availability_zone": "ap-northeast-2a",
            "capacity_reservation_specification": [
              {
                "capacity_reservation_preference": "open",
                "capacity_reservation_target": []
              }
            ],
            "cpu_options": [
              {
                "amd_sev_snp": "",
                "core_count": 1,
                "threads_per_core": 2
              }
            ],
            "credit_specification": [
              {
                "cpu_credits": "unlimited"
              }
            ],
            "disable_api_stop": false,
            "disable_api_termination": false,
            "ebs_block_device": [],
            "ebs_optimized": false,
            "enable_primary_ipv6": null,
            "enclave_options": [
              {
                "enabled": false
              }
            ],
            "ephemeral_block_device": [],
            "force_destroy": false,
            "get_password_data": false,
            "hibernation": false,
            "host_id": "",
            "host_resource_group_arn": null,
            "iam_instance_profile": "",
            "id": "i-06a09c33f22c2dfca",
            "instance_initiated_shutdown_behavior": "stop",
            "instance_lifecycle": "",
            "instance_market_options": [],
            "instance_state": "running",
            "instance_type": "t3.micro",
            "ipv6_address_count": 0,
            "ipv6_addresses": [],
            "key_name": "Final-Project-Key",
            "launch_template": [],
            "maintenance_options": [
              {
                "auto_recovery": "default"
              }
            ],
            "metadata_options": [
              {
                "http_endpoint": "enabled",
                "http_protocol_ipv6": "disabled",
                "http_put_response_hop_limit": 1,
                "http_tokens": "optional",
                "instance_metadata_tags": "disabled"
              }
            ],
            "monitoring": false,
            "network_interface": [],
            "outpost_arn": "",
            "password_data": "",
            "placement_group": "",
            "placement_group_id": "",
            "placement_partition_number": 0,
            "primary_network_interface": [
              {
                "delete_on_termination": true,
                "network_interface_id": "eni-0a8b4cc24e323a38b"
              }
            ],
            "primary_network_interface_id": "eni-0a8b4cc24e323a38b",
            "private_dns": "ip-10-0-1-181.ap-northeast-2.compute.internal",
            "private_dns_name_options": [
              {
                "enable_resource_name_dns_a_record": false,
                "enable_resource_name_dns_aaaa_record": false,
                "hostname_type": "ip-name"
              }
            ],
            "private_ip": "10.0.1.181",
            "public_dns": "",
            "public_ip": "3.34.42.139",
            "region": "ap-northeast-2",
            "root_block_device": [
              {
                "delete_on_termination": true,
                "device_name": "/dev/xvda",
                "encrypted": false,
                "iops": 100,
                "kms_key_id": "",
                "tags": {},
                "tags_all": {},
                "throughput": 0,
                "volume_id": "vol-0b9ba5239a204e59d",
                "volume_size": 8,
                "volume_type": "gp2"
              }
            ],
            "secondary_private_ips": [],
            "security_groups": [],
            "source_dest_check": false,
            "spot_instance_request_id": "",
            "subnet_id": "subnet-05c8d5f16fc99b3b1",
            "tags": {
              "Name": "NAT-Server"
            },
            "tags_all": {
              "Name": "NAT-Server"
            },
            "tenancy": "default",
            "timeouts": null,
            "user_data": "Content-Type: multipart/mixed; boundary=\"//\"\r\nMIME-Version: 1.0\r\n\r\n--//\r\nContent-Type: text/cloud-config; charset=\"us-ascii\"\r\nMIME-Version: 1.0\r\nContent-Transfer-Encoding: 7bit\r\nContent-Disposition: attachment; filename=\"cloud-config.txt\"\r\n\r\n#cloud-config\r\ncloud_final_modules:\r\n- [scripts-user, always]\r\n\r\n--//\r\nContent-Type: text/x-shellscript; charset=\"us-ascii\"\r\nMIME-Version: 1.0\r\nContent-Transfer-Encoding: 7bit\r\nContent-Disposition: attachment; filename=\"userdata.txt\"\r\n\r\n#!/bin/bash\r\nyum -y update\r\nsysctl -w net.ipv4.ip_forward=1\r\n/sbin/iptables -t nat -A POSTROUTING -o eth0 -j MASQUERADE\r\nyum install iptables-services\r\nservice iptables save\r\n--//",
            "user_data_base64": null,
            "user_data_replace_on_change": false,
            "volume_tags": null,
            "vpc_security_group_ids": [
              "sg-0668523c7cca9ad43"
            ]
          },
          "sensitive_attributes": [],
          "identity_schema_version": 0,
          "identity": {
            "account_id": "089955620282",
            "id": "i-06a09c33f22c2dfca",
            "region": "ap-northeast-2"
          },
          "private": "eyJlMmJmYjczMC1lY2FhLTExZTYtOGY4OC0zNDM2M2JjN2M0YzAiOnsiY3JlYXRlIjo2MDAwMDAwMDAwMDAsImRlbGV0ZSI6MTIwMDAwMDAwMDAwMCwicmVhZCI6OTAwMDAwMDAwMDAwLCJ1cGRhdGUiOjYwMDAwMDAwMDAwMH0sInNjaGVtYV92ZXJzaW9uIjoiMiJ9",
          "dependencies": [
            "module.network.aws_security_group.nat_sg",
            "module.network.aws_subnet.pub_1",
            "module.network.aws_vpc.vpc",
            "module.network.data.aws_availability_zones.az"
          ]
        }
      ]
    },
    {
      "module": "module.network",
      "mode": "data",
      "type": "aws_availability_zones",
      "name": "az",
      "provider": "provider[\"registry.terraform.io/hashicorp/aws\"]",
      "instances": [
        {
          "schema_version": 0,
          "attributes": {
            "all_availability_zones": null,
            "exclude_names": null,
            "exclude_zone_ids": null,
            "filter": null,
            "group_names": [
              "ap-northeast-2-zg-1"
            ],
            "id": "ap-northeast-2",
            "names": [
              "ap-northeast-2a",
              "ap-northeast-2b",
              "ap-northeast-2c",
              "ap-northeast-2d"
            ],
            "region": "ap-northeast-2",
            "state": "available",
            "timeouts": null,
            "zone_ids": [
              "apne2-az1",
              "apne2-az2",
              "apne2-az3",
              "apne2-az4"
            ]
          },
          "sensitive_attributes": [],
          "identity_schema_version": 0
        }
      ]
    },
    {
      "module": "module.network",
      "mode": "managed",
      "type": "aws_internet_gateway",
      "name": "igw",
      "provider": "provider[\"registry.terraform.io/hashicorp/aws\"]",
      "instances": [
        {
          "schema_version": 0,
          "attributes": {
            "arn": "arn:aws:ec2:ap-northeast-2:089955620282:internet-gateway/igw-0a04b350f9baf0203",
            "id": "igw-0a04b350f9baf0203",
            "owner_id": "089955620282",
            "region": "ap-northeast-2",
            "tags": {
              "Name": "Final-Project-IGW"
            },
            "tags_all": {
              "Name": "Final-Project-IGW"
            },
            "timeouts": null,
            "vpc_id": "vpc-08c875e634f8689c3"
          },
          "sensitive_attributes": [],
          "identity_schema_version": 0,
          "private": "eyJlMmJmYjczMC1lY2FhLTExZTYtOGY4OC0zNDM2M2JjN2M0YzAiOnsiY3JlYXRlIjoxMjAwMDAwMDAwMDAwLCJkZWxldGUiOjEyMDAwMDAwMDAwMDAsInVwZGF0ZSI6MTIwMDAwMDAwMDAwMH19",
          "dependencies": [
            "module.network.aws_vpc.vpc"
          ]
        }
      ]
    },
    {
      "module": "module.network",
      "mode": "managed",
      "type": "aws_route",
      "name": "private_rt_nat",
      "provider": "provider[\"registry.terraform.io/hashicorp/aws\"]",
      "instances": [
        {
          "schema_version": 0,
          "attributes": {
            "carrier_gateway_id": "",
            "core_network_arn": "",
            "destination_cidr_block": "0.0.0.0/0",
            "destination_ipv6_cidr_block": "",
            "destination_prefix_list_id": "",
            "egress_only_gateway_id": "",
            "gateway_id": "",
            "id": "r-rtb-09c479883a50470701080289494",
            "instance_id": "i-06a09c33f22c2dfca",
            "instance_owner_id": "089955620282",
            "local_gateway_id": "",
            "nat_gateway_id": "",
            "network_interface_id": "eni-0a8b4cc24e323a38b",
            "origin": "CreateRoute",
            "region": "ap-northeast-2",
            "route_table_id": "rtb-09c479883a5047070",
            "state": "active",
            "timeouts": null,
            "transit_gateway_id": "",
            "vpc_endpoint_id": "",
            "vpc_peering_connection_id": ""
          },
          "sensitive_attributes": [],
          "identity_schema_version": 0,
          "identity": {
            "account_id": "089955620282",
            "destination_cidr_block": "0.0.0.0/0",
            "destination_ipv6_cidr_block": null,
            "destination_prefix_list_id": null,
            "region": "ap-northeast-2",
            "route_table_id": "rtb-09c479883a5047070"
          },
          "private": "eyJlMmJmYjczMC1lY2FhLTExZTYtOGY4OC0zNDM2M2JjN2M0YzAiOnsiY3JlYXRlIjozMDAwMDAwMDAwMDAsImRlbGV0ZSI6MzAwMDAwMDAwMDAwLCJ1cGRhdGUiOjEyMDAwMDAwMDAwMH19",
          "dependencies": [
            "module.instance.aws_instance.nat_server",
            "module.network.aws_route_table.private_rt",
            "module.network.aws_security_group.nat_sg",
            "module.network.aws_subnet.pub_1",
            "module.network.aws_vpc.vpc",
            "module.network.data.aws_availability_zones.az"
          ]
        }
      ]
    },
    {
      "module": "module.network",
      "mode": "managed",
      "type": "aws_route",
      "name": "public_rt_internet",
      "provider": "provider[\"registry.terraform.io/hashicorp/aws\"]",
      "instances": [
        {
          "schema_version": 0,
          "attributes": {
            "carrier_gateway_id": "",
            "core_network_arn": "",
            "destination_cidr_block": "0.0.0.0/0",
            "destination_ipv6_cidr_block": "",
            "destination_prefix_list_id": "",
            "egress_only_gateway_id": "",
            "gateway_id": "igw-0a04b350f9baf0203",
            "id": "r-rtb-0af88bd9cb62f6e7e1080289494",
            "instance_id": "",
            "instance_owner_id": "",
            "local_gateway_id": "",
            "nat_gateway_id": "",
            "network_interface_id": "",
            "origin": "CreateRoute",
            "region": "ap-northeast-2",
            "route_table_id": "rtb-0af88bd9cb62f6e7e",
            "state": "active",
            "timeouts": null,
            "transit_gateway_id": "",
            "vpc_endpoint_id": "",
            "vpc_peering_connection_id": ""
          },
          "sensitive_attributes": [],
          "identity_schema_version": 0,
          "identity": {
            "account_id": "089955620282",
            "destination_cidr_block": "0.0.0.0/0",
            "destination_ipv6_cidr_block": null,
            "destination_prefix_list_id": null,
            "region": "ap-northeast-2",
            "route_table_id": "rtb-0af88bd9cb62f6e7e"
          },
          "private": "eyJlMmJmYjczMC1lY2FhLTExZTYtOGY4OC0zNDM2M2JjN2M0YzAiOnsiY3JlYXRlIjozMDAwMDAwMDAwMDAsImRlbGV0ZSI6MzAwMDAwMDAwMDAwLCJ1cGRhdGUiOjEyMDAwMDAwMDAwMH19",
          "dependencies": [
            "module.network.aws_internet_gateway.igw",
            "module.network.aws_route_table.public_rt",
            "module.network.aws_vpc.vpc"
          ]
        }
      ]
    },
    {
      "module": "module.network",
      "mode": "managed",
      "type": "aws_route_table",
      "name": "private_rt",
      "provider": "provider[\"registry.terraform.io/hashicorp/aws\"]",
      "instances": [
        {
          "schema_version": 0,
          "attributes": {
            "arn": "arn:aws:ec2:ap-northeast-2:089955620282:route-table/rtb-09c479883a5047070",
            "id": "rtb-09c479883a5047070",
            "owner_id": "089955620282",
            "propagating_vgws": [],
            "region": "ap-northeast-2",
            "route": [],
            "tags": {
              "Name": "Private Route Table"
            },
            "tags_all": {
              "Name": "Private Route Table"
            },
            "timeouts": null,
            "vpc_id": "vpc-08c875e634f8689c3"
          },
          "sensitive_attributes": [],
          "identity_schema_version": 0,
          "identity": {
            "account_id": "089955620282",
            "id": "rtb-09c479883a5047070",
            "region": "ap-northeast-2"
          },
          "private": "eyJlMmJmYjczMC1lY2FhLTExZTYtOGY4OC0zNDM2M2JjN2M0YzAiOnsiY3JlYXRlIjozMDAwMDAwMDAwMDAsImRlbGV0ZSI6MzAwMDAwMDAwMDAwLCJ1cGRhdGUiOjEyMDAwMDAwMDAwMH19",
          "dependencies": [
            "module.network.aws_vpc.vpc"
          ]
        }
      ]
    },
    {
      "module": "module.network",
      "mode": "managed",
      "type": "aws_route_table",
      "name": "public_rt",
      "provider": "provider[\"registry.terraform.io/hashicorp/aws\"]",
      "instances": [
        {
          "schema_version": 0,
          "attributes": {
            "arn": "arn:aws:ec2:ap-northeast-2:089955620282:route-table/rtb-0af88bd9cb62f6e7e",
            "id": "rtb-0af88bd9cb62f6e7e",
            "owner_id": "089955620282",
            "propagating_vgws": [],
            "region": "ap-northeast-2",
            "route": [],
            "tags": {
              "Name": "Public Route Table"
            },
            "tags_all": {
              "Name": "Public Route Table"
            },
            "timeouts": null,
            "vpc_id": "vpc-08c875e634f8689c3"
          },
          "sensitive_attributes": [],
          "identity_schema_version": 0,
          "identity": {
            "account_id": "089955620282",
            "id": "rtb-0af88bd9cb62f6e7e",
            "region": "ap-northeast-2"
          },
          "private": "eyJlMmJmYjczMC1lY2FhLTExZTYtOGY4OC0zNDM2M2JjN2M0YzAiOnsiY3JlYXRlIjozMDAwMDAwMDAwMDAsImRlbGV0ZSI6MzAwMDAwMDAwMDAwLCJ1cGRhdGUiOjEyMDAwMDAwMDAwMH19",
          "dependencies": [
            "module.network.aws_vpc.vpc"
          ]
        }
      ]
    },
    {
      "module": "module.network",
      "mode": "managed",
      "type": "aws_route_table_association",
      "name": "private_rt_association_1",
      "provider": "provider[\"registry.terraform.io/hashicorp/aws\"]",
      "instances": [
        {
          "schema_version": 0,
          "attributes": {
            "gateway_id": "",
            "id": "rtbassoc-0006f414c508152e9",
            "region": "ap-northeast-2",
            "route_table_id": "rtb-09c479883a5047070",
            "subnet_id": "subnet-04042991a30f17876",
            "timeouts": null
          },
          "sensitive_attributes": [],
          "identity_schema_version": 0,
          "private": "eyJlMmJmYjczMC1lY2FhLTExZTYtOGY4OC0zNDM2M2JjN2M0YzAiOnsiY3JlYXRlIjozMDAwMDAwMDAwMDAsImRlbGV0ZSI6MzAwMDAwMDAwMDAwLCJ1cGRhdGUiOjEyMDAwMDAwMDAwMH19",
          "dependencies": [
            "module.network.aws_route_table.private_rt",
            "module.network.aws_subnet.priv_1",
            "module.network.aws_vpc.vpc",
            "module.network.data.aws_availability_zones.az"
          ]
        }
      ]
    },
    {
      "module": "module.network",
      "mode": "managed",
      "type": "aws_route_table_association",
      "name": "private_rt_association_2",
      "provider": "provider[\"registry.terraform.io/hashicorp/aws\"]",
      "instances": [
        {
          "schema_version": 0,
          "attributes": {
            "gateway_id": "",
            "id": "rtbassoc-0a4422e18e3bfda47",
            "region": "ap-northeast-2",
            "route_table_id": "rtb-09c479883a5047070",
            "subnet_id": "subnet-0bda16d091681ab24",
            "timeouts": null
          },
          "sensitive_attributes": [],
          "identity_schema_version": 0,
          "private": "eyJlMmJmYjczMC1lY2FhLTExZTYtOGY4OC0zNDM2M2JjN2M0YzAiOnsiY3JlYXRlIjozMDAwMDAwMDAwMDAsImRlbGV0ZSI6MzAwMDAwMDAwMDAwLCJ1cGRhdGUiOjEyMDAwMDAwMDAwMH19",
          "dependencies": [
            "module.network.aws_route_table.private_rt",
            "module.network.aws_subnet.priv_2",
            "module.network.aws_vpc.vpc",
            "module.network.data.aws_availability_zones.az"
          ]
        }
      ]
    },
    {
      "module": "module.network",
      "mode": "managed",
      "type": "aws_route_table_association",
      "name": "public_rt_association_1",
      "provider": "provider[\"registry.terraform.io/hashicorp/aws\"]",
      "instances": [
        {
          "schema_version": 0,
          "attributes": {
            "gateway_id": "",
            "id": "rtbassoc-04572437aeb6530a3",
            "region": "ap-northeast-2",
            "route_table_id": "rtb-0af88bd9cb62f6e7e",
            "subnet_id": "subnet-05c8d5f16fc99b3b1",
            "timeouts": null
          },
          "sensitive_attributes": [],
          "identity_schema_version": 0,
          "private": "eyJlMmJmYjczMC1lY2FhLTExZTYtOGY4OC0zNDM2M2JjN2M0YzAiOnsiY3JlYXRlIjozMDAwMDAwMDAwMDAsImRlbGV0ZSI6MzAwMDAwMDAwMDAwLCJ1cGRhdGUiOjEyMDAwMDAwMDAwMH19",
          "dependencies": [
            "module.network.aws_route_table.public_rt",
            "module.network.aws_subnet.pub_1",
            "module.network.aws_vpc.vpc",
            "module.network.data.aws_availability_zones.az"
          ]
        }
      ]
    },
    {
      "module": "module.network",
      "mode": "managed",
      "type": "aws_route_table_association",
      "name": "public_rt_association_2",
      "provider": "provider[\"registry.terraform.io/hashicorp/aws\"]",
      "instances": [
        {
          "schema_version": 0,
          "attributes": {
            "gateway_id": "",
            "id": "rtbassoc-04431bdad60b57263",
            "region": "ap-northeast-2",
            "route_table_id": "rtb-0af88bd9cb62f6e7e",
            "subnet_id": "subnet-08cf9a52bcf6d2bf1",
            "timeouts": null
          },
          "sensitive_attributes": [],
          "identity_schema_version": 0,
          "private": "eyJlMmJmYjczMC1lY2FhLTExZTYtOGY4OC0zNDM2M2JjN2M0YzAiOnsiY3JlYXRlIjozMDAwMDAwMDAwMDAsImRlbGV0ZSI6MzAwMDAwMDAwMDAwLCJ1cGRhdGUiOjEyMDAwMDAwMDAwMH19",
          "dependencies": [
            "module.network.aws_route_table.public_rt",
            "module.network.aws_subnet.pub_2",
            "module.network.aws_vpc.vpc",
            "module.network.data.aws_availability_zones.az"
          ]
        }
      ]
    },
    {
      "module": "module.network",
      "mode": "managed",
      "type": "aws_security_group",
      "name": "alb_sg",
      "provider": "provider[\"registry.terraform.io/hashicorp/aws\"]",
      "instances": [
        {
          "schema_version": 1,
          "attributes": {
            "arn": "arn:aws:ec2:ap-northeast-2:089955620282:security-group/sg-074dcd711e8cd3535",
            "description": "Managed by Terraform",
            "egress": [],
            "id": "sg-074dcd711e8cd3535",
            "ingress": [],
            "name": "ALB-SG",
            "name_prefix": "",
            "owner_id": "089955620282",
            "region": "ap-northeast-2",
            "revoke_rules_on_delete": false,
            "tags": {
              "Name": "ALB-SG"
            },
            "tags_all": {
              "Name": "ALB-SG"
            },
            "timeouts": null,
            "vpc_id": "vpc-08c875e634f8689c3"
          },
          "sensitive_attributes": [],
          "identity_schema_version": 0,
          "identity": {
            "account_id": "089955620282",
            "id": "sg-074dcd711e8cd3535",
            "region": "ap-northeast-2"
          },
          "private": "eyJlMmJmYjczMC1lY2FhLTExZTYtOGY4OC0zNDM2M2JjN2M0YzAiOnsiY3JlYXRlIjo2MDAwMDAwMDAwMDAsImRlbGV0ZSI6OTAwMDAwMDAwMDAwfSwic2NoZW1hX3ZlcnNpb24iOiIxIn0=",
          "dependencies": [
            "module.network.aws_vpc.vpc"
          ]
        }
      ]
    },
    {
      "module": "module.network",
      "mode": "managed",
      "type": "aws_security_group",
      "name": "bastion_sg",
      "provider": "provider[\"registry.terraform.io/hashicorp/aws\"]",
      "instances": [
        {
          "schema_version": 1,
          "attributes": {
            "arn": "arn:aws:ec2:ap-northeast-2:089955620282:security-group/sg-0ca83f7a58e2ba0a5",
            "description": "Managed by Terraform",
            "egress": [],
            "id": "sg-0ca83f7a58e2ba0a5",
            "ingress": [],
            "name": "Bastion-SG",
            "name_prefix": "",
            "owner_id": "089955620282",
            "region": "ap-northeast-2",
            "revoke_rules_on_delete": false,
            "tags": {
              "Name": "Bastion-SG"
            },
            "tags_all": {
              "Name": "Bastion-SG"
            },
            "timeouts": null,
            "vpc_id": "vpc-08c875e634f8689c3"
          },
          "sensitive_attributes": [],
          "identity_schema_version": 0,
          "identity": {
            "account_id": "089955620282",
            "id": "sg-0ca83f7a58e2ba0a5",
            "region": "ap-northeast-2"
          },
          "private": "eyJlMmJmYjczMC1lY2FhLTExZTYtOGY4OC0zNDM2M2JjN2M0YzAiOnsiY3JlYXRlIjo2MDAwMDAwMDAwMDAsImRlbGV0ZSI6OTAwMDAwMDAwMDAwfSwic2NoZW1hX3ZlcnNpb24iOiIxIn0=",
          "dependencies": [
            "module.network.aws_vpc.vpc"
          ]
        }
      ]
    },
    {
      "module": "module.network",
      "mode": "managed",
      "type": "aws_security_group",
      "name": "db_sg",
      "provider": "provider[\"registry.terraform.io/hashicorp/aws\"]",
      "instances": [
        {
          "schema_version": 1,
          "attributes": {
            "arn": "arn:aws:ec2:ap-northeast-2:089955620282:security-group/sg-03d7dd67dc24cb17e",
            "description": "Managed by Terraform",
            "egress": [],
            "id": "sg-03d7dd67dc24cb17e",
            "ingress": [],
            "name": "DB-SG",
            "name_prefix": "",
            "owner_id": "089955620282",
            "region": "ap-northeast-2",
            "revoke_rules_on_delete": false,
            "tags": {
              "Name": "DB-SG"
            },
            "tags_all": {
              "Name": "DB-SG"
            },
            "timeouts": null,
            "vpc_id": "vpc-08c875e634f8689c3"
          },
          "sensitive_attributes": [],
          "identity_schema_version": 0,
          "identity": {
            "account_id": "089955620282",
            "id": "sg-03d7dd67dc24cb17e",
            "region": "ap-northeast-2"
          },
          "private": "eyJlMmJmYjczMC1lY2FhLTExZTYtOGY4OC0zNDM2M2JjN2M0YzAiOnsiY3JlYXRlIjo2MDAwMDAwMDAwMDAsImRlbGV0ZSI6OTAwMDAwMDAwMDAwfSwic2NoZW1hX3ZlcnNpb24iOiIxIn0=",
          "dependencies": [
            "module.network.aws_vpc.vpc"
          ]
        }
      ]
    },
    {
      "module": "module.network",
      "mode": "managed",
      "type": "aws_security_group",
      "name": "internal_nlb_sg",
      "provider": "provider[\"registry.terraform.io/hashicorp/aws\"]",
      "instances": [
        {
          "schema_version": 1,
          "attributes": {
            "arn": "arn:aws:ec2:ap-northeast-2:089955620282:security-group/sg-0272de28435c7b4f6",
            "description": "Managed by Terraform",
            "egress": [],
            "id": "sg-0272de28435c7b4f6",
            "ingress": [],
            "name": "Internal-NLB-SG",
            "name_prefix": "",
            "owner_id": "089955620282",
            "region": "ap-northeast-2",
            "revoke_rules_on_delete": false,
            "tags": {
              "Name": "Internal-NLB-SG"
            },
            "tags_all": {
              "Name": "Internal-NLB-SG"
            },
            "timeouts": null,
            "vpc_id": "vpc-08c875e634f8689c3"
          },
          "sensitive_attributes": [],
          "identity_schema_version": 0,
          "identity": {
            "account_id": "089955620282",
            "id": "sg-0272de28435c7b4f6",
            "region": "ap-northeast-2"
          },
          "private": "eyJlMmJmYjczMC1lY2FhLTExZTYtOGY4OC0zNDM2M2JjN2M0YzAiOnsiY3JlYXRlIjo2MDAwMDAwMDAwMDAsImRlbGV0ZSI6OTAwMDAwMDAwMDAwfSwic2NoZW1hX3ZlcnNpb24iOiIxIn0=",
          "dependencies": [
            "module.network.aws_vpc.vpc"
          ]
        }
      ]
    },
    {
      "module": "module.network",
      "mode": "managed",
      "type": "aws_security_group",
      "name": "nat_sg",
      "provider": "provider[\"registry.terraform.io/hashicorp/aws\"]",
      "instances": [
        {
          "schema_version": 1,
          "attributes": {
            "arn": "arn:aws:ec2:ap-northeast-2:089955620282:security-group/sg-0668523c7cca9ad43",
            "description": "Managed by Terraform",
            "egress": [],
            "id": "sg-0668523c7cca9ad43",
            "ingress": [],
            "name": "NAT-SG",
            "name_prefix": "",
            "owner_id": "089955620282",
            "region": "ap-northeast-2",
            "revoke_rules_on_delete": false,
            "tags": {
              "Name": "NAT-SG"
            },
            "tags_all": {
              "Name": "NAT-SG"
            },
            "timeouts": null,
            "vpc_id": "vpc-08c875e634f8689c3"
          },
          "sensitive_attributes": [],
          "identity_schema_version": 0,
          "identity": {
            "account_id": "089955620282",
            "id": "sg-0668523c7cca9ad43",
            "region": "ap-northeast-2"
          },
          "private": "eyJlMmJmYjczMC1lY2FhLTExZTYtOGY4OC0zNDM2M2JjN2M0YzAiOnsiY3JlYXRlIjo2MDAwMDAwMDAwMDAsImRlbGV0ZSI6OTAwMDAwMDAwMDAwfSwic2NoZW1hX3ZlcnNpb24iOiIxIn0=",
          "dependencies": [
            "module.network.aws_vpc.vpc"
          ]
        }
      ]
    },
    {
      "module": "module.network",
      "mode": "managed",
      "type": "aws_security_group",
      "name": "public_alb_sg",
      "provider": "provider[\"registry.terraform.io/hashicorp/aws\"]",
      "instances": [
        {
          "schema_version": 1,
          "attributes": {
            "arn": "arn:aws:ec2:ap-northeast-2:089955620282:security-group/sg-00e31f5cbf3e4e630",
            "description": "Managed by Terraform",
            "egress": [],
            "id": "sg-00e31f5cbf3e4e630",
            "ingress": [],
            "name": "Public-ALB-SG",
            "name_prefix": "",
            "owner_id": "089955620282",
            "region": "ap-northeast-2",
            "revoke_rules_on_delete": false,
            "tags": {
              "Name": "Public-ALB-SG"
            },
            "tags_all": {
              "Name": "Public-ALB-SG"
            },
            "timeouts": null,
            "vpc_id": "vpc-08c875e634f8689c3"
          },
          "sensitive_attributes": [],
          "identity_schema_version": 0,
          "identity": {
            "account_id": "089955620282",
            "id": "sg-00e31f5cbf3e4e630",
            "region": "ap-northeast-2"
          },
          "private": "eyJlMmJmYjczMC1lY2FhLTExZTYtOGY4OC0zNDM2M2JjN2M0YzAiOnsiY3JlYXRlIjo2MDAwMDAwMDAwMDAsImRlbGV0ZSI6OTAwMDAwMDAwMDAwfSwic2NoZW1hX3ZlcnNpb24iOiIxIn0=",
          "dependencies": [
            "module.network.aws_vpc.vpc"
          ]
        }
      ]
    },
    {
      "module": "module.network",
      "mode": "managed",
      "type": "aws_security_group",
      "name": "was_sg",
      "provider": "provider[\"registry.terraform.io/hashicorp/aws\"]",
      "instances": [
        {
          "schema_version": 1,
          "attributes": {
            "arn": "arn:aws:ec2:ap-northeast-2:089955620282:security-group/sg-0f8ae6181c973509a",
            "description": "Managed by Terraform",
            "egress": [],
            "id": "sg-0f8ae6181c973509a",
            "ingress": [],
            "name": "WAS-SG",
            "name_prefix": "",
            "owner_id": "089955620282",
            "region": "ap-northeast-2",
            "revoke_rules_on_delete": false,
            "tags": {
              "Name": "WAS-SG"
            },
            "tags_all": {
              "Name": "WAS-SG"
            },
            "timeouts": null,
            "vpc_id": "vpc-08c875e634f8689c3"
          },
          "sensitive_attributes": [],
          "identity_schema_version": 0,
          "identity": {
            "account_id": "089955620282",
            "id": "sg-0f8ae6181c973509a",
            "region": "ap-northeast-2"
          },
          "private": "eyJlMmJmYjczMC1lY2FhLTExZTYtOGY4OC0zNDM2M2JjN2M0YzAiOnsiY3JlYXRlIjo2MDAwMDAwMDAwMDAsImRlbGV0ZSI6OTAwMDAwMDAwMDAwfSwic2NoZW1hX3ZlcnNpb24iOiIxIn0=",
          "dependencies": [
            "module.network.aws_vpc.vpc"
          ]
        }
      ]
    },
    {
      "module": "module.network",
      "mode": "managed",
      "type": "aws_security_group",
      "name": "web_sg",
      "provider": "provider[\"registry.terraform.io/hashicorp/aws\"]",
      "instances": [
        {
          "schema_version": 1,
          "attributes": {
            "arn": "arn:aws:ec2:ap-northeast-2:089955620282:security-group/sg-0a38db32f554fb5ce",
            "description": "Managed by Terraform",
            "egress": [],
            "id": "sg-0a38db32f554fb5ce",
            "ingress": [],
            "name": "WEB-SG",
            "name_prefix": "",
            "owner_id": "089955620282",
            "region": "ap-northeast-2",
            "revoke_rules_on_delete": false,
            "tags": {
              "Name": "WEB-SG"
            },
            "tags_all": {
              "Name": "WEB-SG"
            },
            "timeouts": null,
            "vpc_id": "vpc-08c875e634f8689c3"
          },
          "sensitive_attributes": [],
          "identity_schema_version": 0,
          "identity": {
            "account_id": "089955620282",
            "id": "sg-0a38db32f554fb5ce",
            "region": "ap-northeast-2"
          },
          "private": "eyJlMmJmYjczMC1lY2FhLTExZTYtOGY4OC0zNDM2M2JjN2M0YzAiOnsiY3JlYXRlIjo2MDAwMDAwMDAwMDAsImRlbGV0ZSI6OTAwMDAwMDAwMDAwfSwic2NoZW1hX3ZlcnNpb24iOiIxIn0=",
          "dependencies": [
            "module.network.aws_vpc.vpc"
          ]
        }
      ]
    },
    {
      "module": "module.network",
      "mode": "managed",
      "type": "aws_subnet",
      "name": "priv_1",
      "provider": "provider[\"registry.terraform.io/hashicorp/aws\"]",
      "instances": [
        {
          "schema_version": 1,
          "attributes": {
            "arn": "arn:aws:ec2:ap-northeast-2:089955620282:subnet/subnet-04042991a30f17876",
            "assign_ipv6_address_on_creation": false,
            "availability_zone": "ap-northeast-2a",
            "availability_zone_id": "apne2-az1",
            "cidr_block": "10.0.11.0/24",
            "customer_owned_ipv4_pool": "",
            "enable_dns64": false,
            "enable_lni_at_device_index": 0,
            "enable_resource_name_dns_a_record_on_launch": false,
            "enable_resource_name_dns_aaaa_record_on_launch": false,
            "id": "subnet-04042991a30f17876",
            "ipv6_cidr_block": "",
            "ipv6_cidr_block_association_id": "",
            "ipv6_native": false,
            "map_customer_owned_ip_on_launch": false,
            "map_public_ip_on_launch": false,
            "outpost_arn": "",
            "owner_id": "089955620282",
            "private_dns_hostname_type_on_launch": "ip-name",
            "region": "ap-northeast-2",
            "tags": {
              "Name": "Private_Subnet_1"
            },
            "tags_all": {
              "Name": "Private_Subnet_1"
            },
            "timeouts": null,
            "vpc_id": "vpc-08c875e634f8689c3"
          },
          "sensitive_attributes": [],
          "identity_schema_version": 0,
          "identity": {
            "account_id": "089955620282",
            "id": "subnet-04042991a30f17876",
            "region": "ap-northeast-2"
          },
          "private": "eyJlMmJmYjczMC1lY2FhLTExZTYtOGY4OC0zNDM2M2JjN2M0YzAiOnsiY3JlYXRlIjo2MDAwMDAwMDAwMDAsImRlbGV0ZSI6MTIwMDAwMDAwMDAwMH0sInNjaGVtYV92ZXJzaW9uIjoiMSJ9",
          "dependencies": [
            "module.network.aws_vpc.vpc",
            "module.network.data.aws_availability_zones.az"
          ]
        }
      ]
    },
    {
      "module": "module.network",
      "mode": "managed",
      "type": "aws_subnet",
      "name": "priv_2",
      "provider": "provider[\"registry.terraform.io/hashicorp/aws\"]",
      "instances": [
        {
          "schema_version": 1,
          "attributes": {
            "arn": "arn:aws:ec2:ap-northeast-2:089955620282:subnet/subnet-0bda16d091681ab24",
            "assign_ipv6_address_on_creation": false,
            "availability_zone": "ap-northeast-2b",
            "availability_zone_id": "apne2-az2",
            "cidr_block": "10.0.12.0/24",
            "customer_owned_ipv4_pool": "",
            "enable_dns64": false,
            "enable_lni_at_device_index": 0,
            "enable_resource_name_dns_a_record_on_launch": false,
            "enable_resource_name_dns_aaaa_record_on_launch": false,
            "id": "subnet-0bda16d091681ab24",
            "ipv6_cidr_block": "",
            "ipv6_cidr_block_association_id": "",
            "ipv6_native": false,
            "map_customer_owned_ip_on_launch": false,
            "map_public_ip_on_launch": false,
            "outpost_arn": "",
            "owner_id": "089955620282",
            "private_dns_hostname_type_on_launch": "ip-name",
            "region": "ap-northeast-2",
            "tags": {
              "Name": "Private_Subnet_2"
            },
            "tags_all": {
              "Name": "Private_Subnet_2"
            },
            "timeouts": null,
            "vpc_id": "vpc-08c875e634f8689c3"
          },
          "sensitive_attributes": [],
          "identity_schema_version": 0,
          "identity": {
            "account_id": "089955620282",
            "id": "subnet-0bda16d091681ab24",
            "region": "ap-northeast-2"
          },
          "private": "eyJlMmJmYjczMC1lY2FhLTExZTYtOGY4OC0zNDM2M2JjN2M0YzAiOnsiY3JlYXRlIjo2MDAwMDAwMDAwMDAsImRlbGV0ZSI6MTIwMDAwMDAwMDAwMH0sInNjaGVtYV92ZXJzaW9uIjoiMSJ9",
          "dependencies": [
            "module.network.aws_vpc.vpc",
            "module.network.data.aws_availability_zones.az"
          ]
        }
      ]
    },
    {
      "module": "module.network",
      "mode": "managed",
      "type": "aws_subnet",
      "name": "pub_1",
      "provider": "provider[\"registry.terraform.io/hashicorp/aws\"]",
      "instances": [
        {
          "schema_version": 1,
          "attributes": {
            "arn": "arn:aws:ec2:ap-northeast-2:089955620282:subnet/subnet-05c8d5f16fc99b3b1",
            "assign_ipv6_address_on_creation": false,
            "availability_zone": "ap-northeast-2a",
            "availability_zone_id": "apne2-az1",
            "cidr_block": "10.0.1.0/24",
            "customer_owned_ipv4_pool": "",
            "enable_dns64": false,
            "enable_lni_at_device_index": 0,
            "enable_resource_name_dns_a_record_on_launch": false,
            "enable_resource_name_dns_aaaa_record_on_launch": false,
            "id": "subnet-05c8d5f16fc99b3b1",
            "ipv6_cidr_block": "",
            "ipv6_cidr_block_association_id": "",
            "ipv6_native": false,
            "map_customer_owned_ip_on_launch": false,
            "map_public_ip_on_launch": false,
            "outpost_arn": "",
            "owner_id": "089955620282",
            "private_dns_hostname_type_on_launch": "ip-name",
            "region": "ap-northeast-2",
            "tags": {
              "Name": "Public_Subnet_1"
            },
            "tags_all": {
              "Name": "Public_Subnet_1"
            },
            "timeouts": null,
            "vpc_id": "vpc-08c875e634f8689c3"
          },
          "sensitive_attributes": [],
          "identity_schema_version": 0,
          "identity": {
            "account_id": "089955620282",
            "id": "subnet-05c8d5f16fc99b3b1",
            "region": "ap-northeast-2"
          },
          "private": "eyJlMmJmYjczMC1lY2FhLTExZTYtOGY4OC0zNDM2M2JjN2M0YzAiOnsiY3JlYXRlIjo2MDAwMDAwMDAwMDAsImRlbGV0ZSI6MTIwMDAwMDAwMDAwMH0sInNjaGVtYV92ZXJzaW9uIjoiMSJ9",
          "dependencies": [
            "module.network.aws_vpc.vpc",
            "module.network.data.aws_availability_zones.az"
          ]
        }
      ]
    },
    {
      "module": "module.network",
      "mode": "managed",
      "type": "aws_subnet",
      "name": "pub_2",
      "provider": "provider[\"registry.terraform.io/hashicorp/aws\"]",
      "instances": [
        {
          "schema_version": 1,
          "attributes": {
            "arn": "arn:aws:ec2:ap-northeast-2:089955620282:subnet/subnet-08cf9a52bcf6d2bf1",
            "assign_ipv6_address_on_creation": false,
            "availability_zone": "ap-northeast-2b",
            "availability_zone_id": "apne2-az2",
            "cidr_block": "10.0.2.0/24",
            "customer_owned_ipv4_pool": "",
            "enable_dns64": false,
            "enable_lni_at_device_index": 0,
            "enable_resource_name_dns_a_record_on_launch": false,
            "enable_resource_name_dns_aaaa_record_on_launch": false,
            "id": "subnet-08cf9a52bcf6d2bf1",
            "ipv6_cidr_block": "",
            "ipv6_cidr_block_association_id": "",
            "ipv6_native": false,
            "map_customer_owned_ip_on_launch": false,
            "map_public_ip_on_launch": false,
            "outpost_arn": "",
            "owner_id": "089955620282",
            "private_dns_hostname_type_on_launch": "ip-name",
            "region": "ap-northeast-2",
            "tags": {
              "Name": "Public_Subnet_2"
            },
            "tags_all": {
              "Name": "Public_Subnet_2"
            },
            "timeouts": null,
            "vpc_id": "vpc-08c875e634f8689c3"
          },
          "sensitive_attributes": [],
          "identity_schema_version": 0,
          "identity": {
            "account_id": "089955620282",
            "id": "subnet-08cf9a52bcf6d2bf1",
            "region": "ap-northeast-2"
          },
          "private": "eyJlMmJmYjczMC1lY2FhLTExZTYtOGY4OC0zNDM2M2JjN2M0YzAiOnsiY3JlYXRlIjo2MDAwMDAwMDAwMDAsImRlbGV0ZSI6MTIwMDAwMDAwMDAwMH0sInNjaGVtYV92ZXJzaW9uIjoiMSJ9",
          "dependencies": [
            "module.network.aws_vpc.vpc",
            "module.network.data.aws_availability_zones.az"
          ]
        }
      ]
    },
    {
      "module": "module.network",
      "mode": "managed",
      "type": "aws_vpc",
      "name": "vpc",
      "provider": "provider[\"registry.terraform.io/hashicorp/aws\"]",
      "instances": [
        {
          "schema_version": 1,
          "attributes": {
            "arn": "arn:aws:ec2:ap-northeast-2:089955620282:vpc/vpc-08c875e634f8689c3",
            "assign_generated_ipv6_cidr_block": false,
            "cidr_block": "10.0.0.0/16",
            "default_network_acl_id": "acl-0f9398e043a9ea2ed",
            "default_route_table_id": "rtb-0ecff4024e258485d",
            "default_security_group_id": "sg-00a04e54858773dd4",
            "dhcp_options_id": "dopt-085f3a7e0f0c96ee1",
            "enable_dns_hostnames": false,
            "enable_dns_support": true,
            "enable_network_address_usage_metrics": false,
            "id": "vpc-08c875e634f8689c3",
            "instance_tenancy": "default",
            "ipv4_ipam_pool_id": null,
            "ipv4_netmask_length": null,
            "ipv6_association_id": "",
            "ipv6_cidr_block": "",
            "ipv6_cidr_block_network_border_group": "",
            "ipv6_ipam_pool_id": "",
            "ipv6_netmask_length": 0,
            "main_route_table_id": "rtb-0ecff4024e258485d",
            "owner_id": "089955620282",
            "region": "ap-northeast-2",
            "tags": {
              "Name": "Final-Project-VPC"
            },
            "tags_all": {
              "Name": "Final-Project-VPC"
            }
          },
          "sensitive_attributes": [],
          "identity_schema_version": 0,
          "identity": {
            "account_id": "089955620282",
            "id": "vpc-08c875e634f8689c3",
            "region": "ap-northeast-2"
          },
          "private": "eyJzY2hlbWFfdmVyc2lvbiI6IjEifQ=="
        }
      ]
    },
    {
      "module": "module.network",
      "mode": "managed",
      "type": "aws_vpc_security_group_egress_rule",
      "name": "alb_egress_allow_all",
      "provider": "provider[\"registry.terraform.io/hashicorp/aws\"]",
      "instances": [
        {
          "schema_version": 0,
          "attributes": {
            "arn": "arn:aws:ec2:ap-northeast-2:089955620282:security-group-rule/sgr-0dfe8c3f52556d4b0",
            "cidr_ipv4": "0.0.0.0/0",
            "cidr_ipv6": null,
            "description": null,
            "from_port": null,
            "id": "sgr-0dfe8c3f52556d4b0",
            "ip_protocol": "-1",
            "prefix_list_id": null,
            "referenced_security_group_id": null,
            "region": "ap-northeast-2",
            "security_group_id": "sg-074dcd711e8cd3535",
            "security_group_rule_id": "sgr-0dfe8c3f52556d4b0",
            "tags": null,
            "tags_all": {},
            "to_port": null
          },
          "sensitive_attributes": [],
          "identity_schema_version": 0,
          "identity": {
            "account_id": "089955620282",
            "id": "sgr-0dfe8c3f52556d4b0",
            "region": "ap-northeast-2"
          },
          "dependencies": [
            "module.network.aws_security_group.alb_sg",
            "module.network.aws_vpc.vpc"
          ]
        }
      ]
    },
    {
      "module": "module.network",
      "mode": "managed",
      "type": "aws_vpc_security_group_egress_rule",
      "name": "bastion_egress_allow_all",
      "provider": "provider[\"registry.terraform.io/hashicorp/aws\"]",
      "instances": [
        {
          "schema_version": 0,
          "attributes": {
            "arn": "arn:aws:ec2:ap-northeast-2:089955620282:security-group-rule/sgr-0f02b7590a6cbf45b",
            "cidr_ipv4": "0.0.0.0/0",
            "cidr_ipv6": null,
            "description": null,
            "from_port": null,
            "id": "sgr-0f02b7590a6cbf45b",
            "ip_protocol": "-1",
            "prefix_list_id": null,
            "referenced_security_group_id": null,
            "region": "ap-northeast-2",
            "security_group_id": "sg-0ca83f7a58e2ba0a5",
            "security_group_rule_id": "sgr-0f02b7590a6cbf45b",
            "tags": null,
            "tags_all": {},
            "to_port": null
          },
          "sensitive_attributes": [],
          "identity_schema_version": 0,
          "identity": {
            "account_id": "089955620282",
            "id": "sgr-0f02b7590a6cbf45b",
            "region": "ap-northeast-2"
          },
          "dependencies": [
            "module.network.aws_security_group.bastion_sg",
            "module.network.aws_vpc.vpc"
          ]
        }
      ]
    },
    {
      "module": "module.network",
      "mode": "managed",
      "type": "aws_vpc_security_group_egress_rule",
      "name": "db_egress_allow_all",
      "provider": "provider[\"registry.terraform.io/hashicorp/aws\"]",
      "instances": [
        {
          "schema_version": 0,
          "attributes": {
            "arn": "arn:aws:ec2:ap-northeast-2:089955620282:security-group-rule/sgr-0555577f5d9b77c75",
            "cidr_ipv4": "0.0.0.0/0",
            "cidr_ipv6": null,
            "description": null,
            "from_port": null,
            "id": "sgr-0555577f5d9b77c75",
            "ip_protocol": "-1",
            "prefix_list_id": null,
            "referenced_security_group_id": null,
            "region": "ap-northeast-2",
            "security_group_id": "sg-03d7dd67dc24cb17e",
            "security_group_rule_id": "sgr-0555577f5d9b77c75",
            "tags": null,
            "tags_all": {},
            "to_port": null
          },
          "sensitive_attributes": [],
          "identity_schema_version": 0,
          "identity": {
            "account_id": "089955620282",
            "id": "sgr-0555577f5d9b77c75",
            "region": "ap-northeast-2"
          },
          "dependencies": [
            "module.network.aws_security_group.db_sg",
            "module.network.aws_vpc.vpc"
          ]
        }
      ]
    },
    {
      "module": "module.network",
      "mode": "managed",
      "type": "aws_vpc_security_group_egress_rule",
      "name": "internal_nlb_egress_allow_all",
      "provider": "provider[\"registry.terraform.io/hashicorp/aws\"]",
      "instances": [
        {
          "schema_version": 0,
          "attributes": {
            "arn": "arn:aws:ec2:ap-northeast-2:089955620282:security-group-rule/sgr-05e1bc415963d905f",
            "cidr_ipv4": "0.0.0.0/0",
            "cidr_ipv6": null,
            "description": null,
            "from_port": null,
            "id": "sgr-05e1bc415963d905f",
            "ip_protocol": "-1",
            "prefix_list_id": null,
            "referenced_security_group_id": null,
            "region": "ap-northeast-2",
            "security_group_id": "sg-0272de28435c7b4f6",
            "security_group_rule_id": "sgr-05e1bc415963d905f",
            "tags": null,
            "tags_all": {},
            "to_port": null
          },
          "sensitive_attributes": [],
          "identity_schema_version": 0,
          "identity": {
            "account_id": "089955620282",
            "id": "sgr-05e1bc415963d905f",
            "region": "ap-northeast-2"
          },
          "dependencies": [
            "module.network.aws_security_group.internal_nlb_sg",
            "module.network.aws_vpc.vpc"
          ]
        }
      ]
    },
    {
      "module": "module.network",
      "mode": "managed",
      "type": "aws_vpc_security_group_egress_rule",
      "name": "nat_egress_allow_all",
      "provider": "provider[\"registry.terraform.io/hashicorp/aws\"]",
      "instances": [
        {
          "schema_version": 0,
          "attributes": {
            "arn": "arn:aws:ec2:ap-northeast-2:089955620282:security-group-rule/sgr-09374bb9163bac01d",
            "cidr_ipv4": "0.0.0.0/0",
            "cidr_ipv6": null,
            "description": null,
            "from_port": null,
            "id": "sgr-09374bb9163bac01d",
            "ip_protocol": "-1",
            "prefix_list_id": null,
            "referenced_security_group_id": null,
            "region": "ap-northeast-2",
            "security_group_id": "sg-0668523c7cca9ad43",
            "security_group_rule_id": "sgr-09374bb9163bac01d",
            "tags": null,
            "tags_all": {},
            "to_port": null
          },
          "sensitive_attributes": [],
          "identity_schema_version": 0,
          "identity": {
            "account_id": "089955620282",
            "id": "sgr-09374bb9163bac01d",
            "region": "ap-northeast-2"
          },
          "dependencies": [
            "module.network.aws_security_group.nat_sg",
            "module.network.aws_vpc.vpc"
          ]
        }
      ]
    },
    {
      "module": "module.network",
      "mode": "managed",
      "type": "aws_vpc_security_group_egress_rule",
      "name": "public_alb_egress_allow_all",
      "provider": "provider[\"registry.terraform.io/hashicorp/aws\"]",
      "instances": [
        {
          "schema_version": 0,
          "attributes": {
            "arn": "arn:aws:ec2:ap-northeast-2:089955620282:security-group-rule/sgr-0ed650b8761db24e1",
            "cidr_ipv4": "0.0.0.0/0",
            "cidr_ipv6": null,
            "description": null,
            "from_port": null,
            "id": "sgr-0ed650b8761db24e1",
            "ip_protocol": "-1",
            "prefix_list_id": null,
            "referenced_security_group_id": null,
            "region": "ap-northeast-2",
            "security_group_id": "sg-00e31f5cbf3e4e630",
            "security_group_rule_id": "sgr-0ed650b8761db24e1",
            "tags": null,
            "tags_all": {},
            "to_port": null
          },
          "sensitive_attributes": [],
          "identity_schema_version": 0,
          "identity": {
            "account_id": "089955620282",
            "id": "sgr-0ed650b8761db24e1",
            "region": "ap-northeast-2"
          },
          "dependencies": [
            "module.network.aws_security_group.public_alb_sg",
            "module.network.aws_vpc.vpc"
          ]
        }
      ]
    },
    {
      "module": "module.network",
      "mode": "managed",
      "type": "aws_vpc_security_group_egress_rule",
      "name": "was_egress_allow_all",
      "provider": "provider[\"registry.terraform.io/hashicorp/aws\"]",
      "instances": [
        {
          "schema_version": 0,
          "attributes": {
            "arn": "arn:aws:ec2:ap-northeast-2:089955620282:security-group-rule/sgr-0c69018c4173f166f",
            "cidr_ipv4": "0.0.0.0/0",
            "cidr_ipv6": null,
            "description": null,
            "from_port": null,
            "id": "sgr-0c69018c4173f166f",
            "ip_protocol": "-1",
            "prefix_list_id": null,
            "referenced_security_group_id": null,
            "region": "ap-northeast-2",
            "security_group_id": "sg-0f8ae6181c973509a",
            "security_group_rule_id": "sgr-0c69018c4173f166f",
            "tags": null,
            "tags_all": {},
            "to_port": null
          },
          "sensitive_attributes": [],
          "identity_schema_version": 0,
          "identity": {
            "account_id": "089955620282",
            "id": "sgr-0c69018c4173f166f",
            "region": "ap-northeast-2"
          },
          "dependencies": [
            "module.network.aws_security_group.was_sg",
            "module.network.aws_vpc.vpc"
          ]
        }
      ]
    },
    {
      "module": "module.network",
      "mode": "managed",
      "type": "aws_vpc_security_group_egress_rule",
      "name": "web_egress_allow_all",
      "provider": "provider[\"registry.terraform.io/hashicorp/aws\"]",
      "instances": [
        {
          "schema_version": 0,
          "attributes": {
            "arn": "arn:aws:ec2:ap-northeast-2:089955620282:security-group-rule/sgr-0bd3729de26aef707",
            "cidr_ipv4": "0.0.0.0/0",
            "cidr_ipv6": null,
            "description": null,
            "from_port": null,
            "id": "sgr-0bd3729de26aef707",
            "ip_protocol": "-1",
            "prefix_list_id": null,
            "referenced_security_group_id": null,
            "region": "ap-northeast-2",
            "security_group_id": "sg-0a38db32f554fb5ce",
            "security_group_rule_id": "sgr-0bd3729de26aef707",
            "tags": null,
            "tags_all": {},
            "to_port": null
          },
          "sensitive_attributes": [],
          "identity_schema_version": 0,
          "identity": {
            "account_id": "089955620282",
            "id": "sgr-0bd3729de26aef707",
            "region": "ap-northeast-2"
          },
          "dependencies": [
            "module.network.aws_security_group.web_sg",
            "module.network.aws_vpc.vpc"
          ]
        }
      ]
    },
    {
      "module": "module.network",
      "mode": "managed",
      "type": "aws_vpc_security_group_ingress_rule",
      "name": "alb_ingress_allow_http",
      "provider": "provider[\"registry.terraform.io/hashicorp/aws\"]",
      "instances": [
        {
          "schema_version": 0,
          "attributes": {
            "arn": "arn:aws:ec2:ap-northeast-2:089955620282:security-group-rule/sgr-0d4e7762ff616d49e",
            "cidr_ipv4": "0.0.0.0/0",
            "cidr_ipv6": null,
            "description": null,
            "from_port": 80,
            "id": "sgr-0d4e7762ff616d49e",
            "ip_protocol": "tcp",
            "prefix_list_id": null,
            "referenced_security_group_id": null,
            "region": "ap-northeast-2",
            "security_group_id": "sg-074dcd711e8cd3535",
            "security_group_rule_id": "sgr-0d4e7762ff616d49e",
            "tags": null,
            "tags_all": {},
            "to_port": 80
          },
          "sensitive_attributes": [],
          "identity_schema_version": 0,
          "identity": {
            "account_id": "089955620282",
            "id": "sgr-0d4e7762ff616d49e",
            "region": "ap-northeast-2"
          },
          "dependencies": [
            "module.network.aws_security_group.alb_sg",
            "module.network.aws_vpc.vpc"
          ]
        }
      ]
    },
    {
      "module": "module.network",
      "mode": "managed",
      "type": "aws_vpc_security_group_ingress_rule",
      "name": "alb_ingress_allow_https",
      "provider": "provider[\"registry.terraform.io/hashicorp/aws\"]",
      "instances": [
        {
          "schema_version": 0,
          "attributes": {
            "arn": "arn:aws:ec2:ap-northeast-2:089955620282:security-group-rule/sgr-074c64ebdea4a4019",
            "cidr_ipv4": "0.0.0.0/0",
            "cidr_ipv6": null,
            "description": null,
            "from_port": 443,
            "id": "sgr-074c64ebdea4a4019",
            "ip_protocol": "tcp",
            "prefix_list_id": null,
            "referenced_security_group_id": null,
            "region": "ap-northeast-2",
            "security_group_id": "sg-074dcd711e8cd3535",
            "security_group_rule_id": "sgr-074c64ebdea4a4019",
            "tags": null,
            "tags_all": {},
            "to_port": 443
          },
          "sensitive_attributes": [],
          "identity_schema_version": 0,
          "identity": {
            "account_id": "089955620282",
            "id": "sgr-074c64ebdea4a4019",
            "region": "ap-northeast-2"
          },
          "dependencies": [
            "module.network.aws_security_group.alb_sg",
            "module.network.aws_vpc.vpc"
          ]
        }
      ]
    },
    {
      "module": "module.network",
      "mode": "managed",
      "type": "aws_vpc_security_group_ingress_rule",
      "name": "bastion_ingress_allow_ssh",
      "provider": "provider[\"registry.terraform.io/hashicorp/aws\"]",
      "instances": [
        {
          "schema_version": 0,
          "attributes": {
            "arn": "arn:aws:ec2:ap-northeast-2:089955620282:security-group-rule/sgr-0fdbec5c2adda65b7",
            "cidr_ipv4": "0.0.0.0/0",
            "cidr_ipv6": null,
            "description": null,
            "from_port": 22,
            "id": "sgr-0fdbec5c2adda65b7",
            "ip_protocol": "tcp",
            "prefix_list_id": null,
            "referenced_security_group_id": null,
            "region": "ap-northeast-2",
            "security_group_id": "sg-0ca83f7a58e2ba0a5",
            "security_group_rule_id": "sgr-0fdbec5c2adda65b7",
            "tags": null,
            "tags_all": {},
            "to_port": 22
          },
          "sensitive_attributes": [],
          "identity_schema_version": 0,
          "identity": {
            "account_id": "089955620282",
            "id": "sgr-0fdbec5c2adda65b7",
            "region": "ap-northeast-2"
          },
          "dependencies": [
            "module.network.aws_security_group.bastion_sg",
            "module.network.aws_vpc.vpc"
          ]
        }
      ]
    },
    {
      "module": "module.network",
      "mode": "managed",
      "type": "aws_vpc_security_group_ingress_rule",
      "name": "db_ingress_allow_mysql",
      "provider": "provider[\"registry.terraform.io/hashicorp/aws\"]",
      "instances": [
        {
          "schema_version": 0,
          "attributes": {
            "arn": "arn:aws:ec2:ap-northeast-2:089955620282:security-group-rule/sgr-0cc6432cdbdfa292e",
            "cidr_ipv4": "10.0.0.0/16",
            "cidr_ipv6": null,
            "description": null,
            "from_port": 3306,
            "id": "sgr-0cc6432cdbdfa292e",
            "ip_protocol": "tcp",
            "prefix_list_id": null,
            "referenced_security_group_id": null,
            "region": "ap-northeast-2",
            "security_group_id": "sg-03d7dd67dc24cb17e",
            "security_group_rule_id": "sgr-0cc6432cdbdfa292e",
            "tags": null,
            "tags_all": {},
            "to_port": 3306
          },
          "sensitive_attributes": [],
          "identity_schema_version": 0,
          "identity": {
            "account_id": "089955620282",
            "id": "sgr-0cc6432cdbdfa292e",
            "region": "ap-northeast-2"
          },
          "dependencies": [
            "module.network.aws_security_group.db_sg",
            "module.network.aws_vpc.vpc"
          ]
        }
      ]
    },
    {
      "module": "module.network",
      "mode": "managed",
      "type": "aws_vpc_security_group_ingress_rule",
      "name": "internal_nlb_ingress_allow_php",
      "provider": "provider[\"registry.terraform.io/hashicorp/aws\"]",
      "instances": [
        {
          "schema_version": 0,
          "attributes": {
            "arn": "arn:aws:ec2:ap-northeast-2:089955620282:security-group-rule/sgr-09d65d3ec40f6279f",
            "cidr_ipv4": "10.0.0.0/16",
            "cidr_ipv6": null,
            "description": null,
            "from_port": 9000,
            "id": "sgr-09d65d3ec40f6279f",
            "ip_protocol": "tcp",
            "prefix_list_id": null,
            "referenced_security_group_id": null,
            "region": "ap-northeast-2",
            "security_group_id": "sg-0272de28435c7b4f6",
            "security_group_rule_id": "sgr-09d65d3ec40f6279f",
            "tags": null,
            "tags_all": {},
            "to_port": 9000
          },
          "sensitive_attributes": [],
          "identity_schema_version": 0,
          "identity": {
            "account_id": "089955620282",
            "id": "sgr-09d65d3ec40f6279f",
            "region": "ap-northeast-2"
          },
          "dependencies": [
            "module.network.aws_security_group.internal_nlb_sg",
            "module.network.aws_vpc.vpc"
          ]
        }
      ]
    },
    {
      "module": "module.network",
      "mode": "managed",
      "type": "aws_vpc_security_group_ingress_rule",
      "name": "nat_ingress_allow_dns_tcp",
      "provider": "provider[\"registry.terraform.io/hashicorp/aws\"]",
      "instances": [
        {
          "schema_version": 0,
          "attributes": {
            "arn": "arn:aws:ec2:ap-northeast-2:089955620282:security-group-rule/sgr-0244c2c5cf56a1f9c",
            "cidr_ipv4": "10.0.0.0/16",
            "cidr_ipv6": null,
            "description": null,
            "from_port": 53,
            "id": "sgr-0244c2c5cf56a1f9c",
            "ip_protocol": "tcp",
            "prefix_list_id": null,
            "referenced_security_group_id": null,
            "region": "ap-northeast-2",
            "security_group_id": "sg-0668523c7cca9ad43",
            "security_group_rule_id": "sgr-0244c2c5cf56a1f9c",
            "tags": null,
            "tags_all": {},
            "to_port": 53
          },
          "sensitive_attributes": [],
          "identity_schema_version": 0,
          "identity": {
            "account_id": "089955620282",
            "id": "sgr-0244c2c5cf56a1f9c",
            "region": "ap-northeast-2"
          },
          "dependencies": [
            "module.network.aws_security_group.nat_sg",
            "module.network.aws_vpc.vpc"
          ]
        }
      ]
    },
    {
      "module": "module.network",
      "mode": "managed",
      "type": "aws_vpc_security_group_ingress_rule",
      "name": "nat_ingress_allow_dns_udp",
      "provider": "provider[\"registry.terraform.io/hashicorp/aws\"]",
      "instances": [
        {
          "schema_version": 0,
          "attributes": {
            "arn": "arn:aws:ec2:ap-northeast-2:089955620282:security-group-rule/sgr-074bf0945821e04d3",
            "cidr_ipv4": "10.0.0.0/16",
            "cidr_ipv6": null,
            "description": null,
            "from_port": 53,
            "id": "sgr-074bf0945821e04d3",
            "ip_protocol": "udp",
            "prefix_list_id": null,
            "referenced_security_group_id": null,
            "region": "ap-northeast-2",
            "security_group_id": "sg-0668523c7cca9ad43",
            "security_group_rule_id": "sgr-074bf0945821e04d3",
            "tags": null,
            "tags_all": {},
            "to_port": 53
          },
          "sensitive_attributes": [],
          "identity_schema_version": 0,
          "identity": {
            "account_id": "089955620282",
            "id": "sgr-074bf0945821e04d3",
            "region": "ap-northeast-2"
          },
          "dependencies": [
            "module.network.aws_security_group.nat_sg",
            "module.network.aws_vpc.vpc"
          ]
        }
      ]
    },
    {
      "module": "module.network",
      "mode": "managed",
      "type": "aws_vpc_security_group_ingress_rule",
      "name": "nat_ingress_allow_http",
      "provider": "provider[\"registry.terraform.io/hashicorp/aws\"]",
      "instances": [
        {
          "schema_version": 0,
          "attributes": {
            "arn": "arn:aws:ec2:ap-northeast-2:089955620282:security-group-rule/sgr-017b70cdb7b46473d",
            "cidr_ipv4": "10.0.0.0/16",
            "cidr_ipv6": null,
            "description": null,
            "from_port": 80,
            "id": "sgr-017b70cdb7b46473d",
            "ip_protocol": "tcp",
            "prefix_list_id": null,
            "referenced_security_group_id": null,
            "region": "ap-northeast-2",
            "security_group_id": "sg-0668523c7cca9ad43",
            "security_group_rule_id": "sgr-017b70cdb7b46473d",
            "tags": null,
            "tags_all": {},
            "to_port": 80
          },
          "sensitive_attributes": [],
          "identity_schema_version": 0,
          "identity": {
            "account_id": "089955620282",
            "id": "sgr-017b70cdb7b46473d",
            "region": "ap-northeast-2"
          },
          "dependencies": [
            "module.network.aws_security_group.nat_sg",
            "module.network.aws_vpc.vpc"
          ]
        }
      ]
    },
    {
      "module": "module.network",
      "mode": "managed",
      "type": "aws_vpc_security_group_ingress_rule",
      "name": "nat_ingress_allow_https",
      "provider": "provider[\"registry.terraform.io/hashicorp/aws\"]",
      "instances": [
        {
          "schema_version": 0,
          "attributes": {
            "arn": "arn:aws:ec2:ap-northeast-2:089955620282:security-group-rule/sgr-01cfb6ac2182d715b",
            "cidr_ipv4": "10.0.0.0/16",
            "cidr_ipv6": null,
            "description": null,
            "from_port": 443,
            "id": "sgr-01cfb6ac2182d715b",
            "ip_protocol": "tcp",
            "prefix_list_id": null,
            "referenced_security_group_id": null,
            "region": "ap-northeast-2",
            "security_group_id": "sg-0668523c7cca9ad43",
            "security_group_rule_id": "sgr-01cfb6ac2182d715b",
            "tags": null,
            "tags_all": {},
            "to_port": 443
          },
          "sensitive_attributes": [],
          "identity_schema_version": 0,
          "identity": {
            "account_id": "089955620282",
            "id": "sgr-01cfb6ac2182d715b",
            "region": "ap-northeast-2"
          },
          "dependencies": [
            "module.network.aws_security_group.nat_sg",
            "module.network.aws_vpc.vpc"
          ]
        }
      ]
    },
    {
      "module": "module.network",
      "mode": "managed",
      "type": "aws_vpc_security_group_ingress_rule",
      "name": "nat_ingress_allow_ssh",
      "provider": "provider[\"registry.terraform.io/hashicorp/aws\"]",
      "instances": [
        {
          "schema_version": 0,
          "attributes": {
            "arn": "arn:aws:ec2:ap-northeast-2:089955620282:security-group-rule/sgr-037c9851278702239",
            "cidr_ipv4": "10.0.0.0/16",
            "cidr_ipv6": null,
            "description": null,
            "from_port": 22,
            "id": "sgr-037c9851278702239",
            "ip_protocol": "tcp",
            "prefix_list_id": null,
            "referenced_security_group_id": null,
            "region": "ap-northeast-2",
            "security_group_id": "sg-0668523c7cca9ad43",
            "security_group_rule_id": "sgr-037c9851278702239",
            "tags": null,
            "tags_all": {},
            "to_port": 22
          },
          "sensitive_attributes": [],
          "identity_schema_version": 0,
          "identity": {
            "account_id": "089955620282",
            "id": "sgr-037c9851278702239",
            "region": "ap-northeast-2"
          },
          "dependencies": [
            "module.network.aws_security_group.nat_sg",
            "module.network.aws_vpc.vpc"
          ]
        }
      ]
    },
    {
      "module": "module.network",
      "mode": "managed",
      "type": "aws_vpc_security_group_ingress_rule",
      "name": "public_alb_ingress_allow_http",
      "provider": "provider[\"registry.terraform.io/hashicorp/aws\"]",
      "instances": [
        {
          "schema_version": 0,
          "attributes": {
            "arn": "arn:aws:ec2:ap-northeast-2:089955620282:security-group-rule/sgr-0ec2bc1720f9bf1b9",
            "cidr_ipv4": "0.0.0.0/0",
            "cidr_ipv6": null,
            "description": null,
            "from_port": 80,
            "id": "sgr-0ec2bc1720f9bf1b9",
            "ip_protocol": "tcp",
            "prefix_list_id": null,
            "referenced_security_group_id": null,
            "region": "ap-northeast-2",
            "security_group_id": "sg-00e31f5cbf3e4e630",
            "security_group_rule_id": "sgr-0ec2bc1720f9bf1b9",
            "tags": null,
            "tags_all": {},
            "to_port": 80
          },
          "sensitive_attributes": [],
          "identity_schema_version": 0,
          "identity": {
            "account_id": "089955620282",
            "id": "sgr-0ec2bc1720f9bf1b9",
            "region": "ap-northeast-2"
          },
          "dependencies": [
            "module.network.aws_security_group.public_alb_sg",
            "module.network.aws_vpc.vpc"
          ]
        }
      ]
    },
    {
      "module": "module.network",
      "mode": "managed",
      "type": "aws_vpc_security_group_ingress_rule",
      "name": "public_alb_ingress_allow_https",
      "provider": "provider[\"registry.terraform.io/hashicorp/aws\"]",
      "instances": [
        {
          "schema_version": 0,
          "attributes": {
            "arn": "arn:aws:ec2:ap-northeast-2:089955620282:security-group-rule/sgr-011eaed7fee34a1af",
            "cidr_ipv4": "0.0.0.0/0",
            "cidr_ipv6": null,
            "description": null,
            "from_port": 443,
            "id": "sgr-011eaed7fee34a1af",
            "ip_protocol": "tcp",
            "prefix_list_id": null,
            "referenced_security_group_id": null,
            "region": "ap-northeast-2",
            "security_group_id": "sg-00e31f5cbf3e4e630",
            "security_group_rule_id": "sgr-011eaed7fee34a1af",
            "tags": null,
            "tags_all": {},
            "to_port": 443
          },
          "sensitive_attributes": [],
          "identity_schema_version": 0,
          "identity": {
            "account_id": "089955620282",
            "id": "sgr-011eaed7fee34a1af",
            "region": "ap-northeast-2"
          },
          "dependencies": [
            "module.network.aws_security_group.public_alb_sg",
            "module.network.aws_vpc.vpc"
          ]
        }
      ]
    },
    {
      "module": "module.network",
      "mode": "managed",
      "type": "aws_vpc_security_group_ingress_rule",
      "name": "was_ingress_allow_php",
      "provider": "provider[\"registry.terraform.io/hashicorp/aws\"]",
      "instances": [
        {
          "schema_version": 0,
          "attributes": {
            "arn": "arn:aws:ec2:ap-northeast-2:089955620282:security-group-rule/sgr-0bf4c143cbe09b710",
            "cidr_ipv4": "10.0.0.0/16",
            "cidr_ipv6": null,
            "description": null,
            "from_port": 9000,
            "id": "sgr-0bf4c143cbe09b710",
            "ip_protocol": "tcp",
            "prefix_list_id": null,
            "referenced_security_group_id": null,
            "region": "ap-northeast-2",
            "security_group_id": "sg-0f8ae6181c973509a",
            "security_group_rule_id": "sgr-0bf4c143cbe09b710",
            "tags": null,
            "tags_all": {},
            "to_port": 9000
          },
          "sensitive_attributes": [],
          "identity_schema_version": 0,
          "identity": {
            "account_id": "089955620282",
            "id": "sgr-0bf4c143cbe09b710",
            "region": "ap-northeast-2"
          },
          "dependencies": [
            "module.network.aws_security_group.was_sg",
            "module.network.aws_vpc.vpc"
          ]
        }
      ]
    },
    {
      "module": "module.network",
      "mode": "managed",
      "type": "aws_vpc_security_group_ingress_rule",
      "name": "was_ingress_allow_ssh",
      "provider": "provider[\"registry.terraform.io/hashicorp/aws\"]",
      "instances": [
        {
          "schema_version": 0,
          "attributes": {
            "arn": "arn:aws:ec2:ap-northeast-2:089955620282:security-group-rule/sgr-047ba14621b908d74",
            "cidr_ipv4": "10.0.0.0/16",
            "cidr_ipv6": null,
            "description": null,
            "from_port": 22,
            "id": "sgr-047ba14621b908d74",
            "ip_protocol": "tcp",
            "prefix_list_id": null,
            "referenced_security_group_id": null,
            "region": "ap-northeast-2",
            "security_group_id": "sg-0f8ae6181c973509a",
            "security_group_rule_id": "sgr-047ba14621b908d74",
            "tags": null,
            "tags_all": {},
            "to_port": 22
          },
          "sensitive_attributes": [],
          "identity_schema_version": 0,
          "identity": {
            "account_id": "089955620282",
            "id": "sgr-047ba14621b908d74",
            "region": "ap-northeast-2"
          },
          "dependencies": [
            "module.network.aws_security_group.was_sg",
            "module.network.aws_vpc.vpc"
          ]
        }
      ]
    },
    {
      "module": "module.network",
      "mode": "managed",
      "type": "aws_vpc_security_group_ingress_rule",
      "name": "web_ingress_allow_http",
      "provider": "provider[\"registry.terraform.io/hashicorp/aws\"]",
      "instances": [
        {
          "schema_version": 0,
          "attributes": {
            "arn": "arn:aws:ec2:ap-northeast-2:089955620282:security-group-rule/sgr-0264587ea327e0dda",
            "cidr_ipv4": "0.0.0.0/0",
            "cidr_ipv6": null,
            "description": null,
            "from_port": 80,
            "id": "sgr-0264587ea327e0dda",
            "ip_protocol": "tcp",
            "prefix_list_id": null,
            "referenced_security_group_id": null,
            "region": "ap-northeast-2",
            "security_group_id": "sg-0a38db32f554fb5ce",
            "security_group_rule_id": "sgr-0264587ea327e0dda",
            "tags": null,
            "tags_all": {},
            "to_port": 80
          },
          "sensitive_attributes": [],
          "identity_schema_version": 0,
          "identity": {
            "account_id": "089955620282",
            "id": "sgr-0264587ea327e0dda",
            "region": "ap-northeast-2"
          },
          "dependencies": [
            "module.network.aws_security_group.web_sg",
            "module.network.aws_vpc.vpc"
          ]
        }
      ]
    },
    {
      "module": "module.network",
      "mode": "managed",
      "type": "aws_vpc_security_group_ingress_rule",
      "name": "web_ingress_allow_https",
      "provider": "provider[\"registry.terraform.io/hashicorp/aws\"]",
      "instances": [
        {
          "schema_version": 0,
          "attributes": {
            "arn": "arn:aws:ec2:ap-northeast-2:089955620282:security-group-rule/sgr-0a327342c8bed4d68",
            "cidr_ipv4": "0.0.0.0/0",
            "cidr_ipv6": null,
            "description": null,
            "from_port": 443,
            "id": "sgr-0a327342c8bed4d68",
            "ip_protocol": "tcp",
            "prefix_list_id": null,
            "referenced_security_group_id": null,
            "region": "ap-northeast-2",
            "security_group_id": "sg-0a38db32f554fb5ce",
            "security_group_rule_id": "sgr-0a327342c8bed4d68",
            "tags": null,
            "tags_all": {},
            "to_port": 443
          },
          "sensitive_attributes": [],
          "identity_schema_version": 0,
          "identity": {
            "account_id": "089955620282",
            "id": "sgr-0a327342c8bed4d68",
            "region": "ap-northeast-2"
          },
          "dependencies": [
            "module.network.aws_security_group.web_sg",
            "module.network.aws_vpc.vpc"
          ]
        }
      ]
    },
    {
      "module": "module.network",
      "mode": "managed",
      "type": "aws_vpc_security_group_ingress_rule",
      "name": "web_ingress_allow_ssh",
      "provider": "provider[\"registry.terraform.io/hashicorp/aws\"]",
      "instances": [
        {
          "schema_version": 0,
          "attributes": {
            "arn": "arn:aws:ec2:ap-northeast-2:089955620282:security-group-rule/sgr-032561133398ae4fb",
            "cidr_ipv4": "10.0.0.0/16",
            "cidr_ipv6": null,
            "description": null,
            "from_port": 22,
            "id": "sgr-032561133398ae4fb",
            "ip_protocol": "tcp",
            "prefix_list_id": null,
            "referenced_security_group_id": null,
            "region": "ap-northeast-2",
            "security_group_id": "sg-0a38db32f554fb5ce",
            "security_group_rule_id": "sgr-032561133398ae4fb",
            "tags": null,
            "tags_all": {},
            "to_port": 22
          },
          "sensitive_attributes": [],
          "identity_schema_version": 0,
          "identity": {
            "account_id": "089955620282",
            "id": "sgr-032561133398ae4fb",
            "region": "ap-northeast-2"
          },
          "dependencies": [
            "module.network.aws_security_group.web_sg",
            "module.network.aws_vpc.vpc"
          ]
        }
      ]
    },
    {
      "module": "module.rds_database",
      "mode": "managed",
      "type": "aws_db_instance",
      "name": "default",
      "provider": "provider[\"registry.terraform.io/hashicorp/aws\"]",
      "instances": []
    },
    {
      "module": "module.rds_database",
      "mode": "managed",
      "type": "aws_db_subnet_group",
      "name": "rds_subnet_group",
      "provider": "provider[\"registry.terraform.io/hashicorp/aws\"]",
      "instances": [
        {
          "schema_version": 0,
          "attributes": {
            "arn": "arn:aws:rds:ap-northeast-2:089955620282:subgrp:mzc-rds-subnet-group",
            "description": "Managed by Terraform",
            "id": "mzc-rds-subnet-group",
            "name": "mzc-rds-subnet-group",
            "name_prefix": "",
            "region": "ap-northeast-2",
            "subnet_ids": [
              "subnet-04042991a30f17876",
              "subnet-0bda16d091681ab24"
            ],
            "supported_network_types": [
              "IPV4"
            ],
            "tags": {
              "Name": "MZC-DB-Subnet-Group"
            },
            "tags_all": {
              "Name": "MZC-DB-Subnet-Group"
            },
            "vpc_id": "vpc-08c875e634f8689c3"
          },
          "sensitive_attributes": [],
          "identity_schema_version": 0,
          "private": "bnVsbA==",
          "dependencies": [
            "module.network.aws_subnet.priv_1",
            "module.network.aws_subnet.priv_2",
            "module.network.aws_vpc.vpc",
            "module.network.data.aws_availability_zones.az"
          ]
        }
      ]
    },
    {
      "module": "module.rds_database",
      "mode": "managed",
      "type": "aws_security_group",
      "name": "db_sg",
      "provider": "provider[\"registry.terraform.io/hashicorp/aws\"]",
      "instances": [
        {
          "schema_version": 1,
          "attributes": {
            "arn": "arn:aws:ec2:ap-northeast-2:089955620282:security-group/sg-052094414ae1174bc",
            "description": "Managed by Terraform",
            "egress": [
              {
                "cidr_blocks": [
                  "0.0.0.0/0"
                ],
                "description": "",
                "from_port": 0,
                "ipv6_cidr_blocks": [],
                "prefix_list_ids": [],
                "protocol": "-1",
                "security_groups": [],
                "self": false,
                "to_port": 0
              }
            ],
            "id": "sg-052094414ae1174bc",
            "ingress": [
              {
                "cidr_blocks": [],
                "description": "",
                "from_port": 3306,
                "ipv6_cidr_blocks": [],
                "prefix_list_ids": [],
                "protocol": "tcp",
                "security_groups": [
                  "sg-0ca83f7a58e2ba0a5",
                  "sg-0f8ae6181c973509a"
                ],
                "self": false,
                "to_port": 3306
              }
            ],
            "name": "mzc-db-sg",
            "name_prefix": "",
            "owner_id": "089955620282",
            "region": "ap-northeast-2",
            "revoke_rules_on_delete": false,
            "tags": {
              "Name": "MZC-DB-SG"
            },
            "tags_all": {
              "Name": "MZC-DB-SG"
            },
            "timeouts": null,
            "vpc_id": "vpc-08c875e634f8689c3"
          },
          "sensitive_attributes": [],
          "identity_schema_version": 0,
          "identity": {
            "account_id": "089955620282",
            "id": "sg-052094414ae1174bc",
            "region": "ap-northeast-2"
          },
          "private": "eyJlMmJmYjczMC1lY2FhLTExZTYtOGY4OC0zNDM2M2JjN2M0YzAiOnsiY3JlYXRlIjo2MDAwMDAwMDAwMDAsImRlbGV0ZSI6OTAwMDAwMDAwMDAwfSwic2NoZW1hX3ZlcnNpb24iOiIxIn0=",
          "dependencies": [
            "module.network.aws_security_group.bastion_sg",
            "module.network.aws_security_group.was_sg",
            "module.network.aws_vpc.vpc"
          ]
        }
      ]
    },
    {
      "module": "module.sub_region",
      "mode": "managed",
      "type": "aws_db_subnet_group",
      "name": "tokyo_db_group",
      "provider": "provider[\"registry.terraform.io/hashicorp/aws\"].tokyo",
      "instances": [
        {
          "schema_version": 0,
          "attributes": {
            "arn": "arn:aws:rds:ap-northeast-1:089955620282:subgrp:tokyo-db-group",
            "description": "Managed by Terraform",
            "id": "tokyo-db-group",
            "name": "tokyo-db-group",
            "name_prefix": "",
            "region": "ap-northeast-1",
            "subnet_ids": [
              "subnet-0c1ab5f7e93a313e4",
              "subnet-0cb73fe6154835780"
            ],
            "supported_network_types": [
              "IPV4"
            ],
            "tags": null,
            "tags_all": {},
            "vpc_id": "vpc-09f33bf3abc7c0a03"
          },
          "sensitive_attributes": [],
          "identity_schema_version": 0,
          "private": "bnVsbA==",
          "dependencies": [
            "module.sub_region.aws_subnet.tokyo_subnet_a",
            "module.sub_region.aws_subnet.tokyo_subnet_c",
            "module.sub_region.aws_vpc.tokyo_vpc"
          ]
        }
      ]
    },
    {
      "module": "module.sub_region",
      "mode": "managed",
      "type": "aws_subnet",
      "name": "tokyo_subnet_a",
      "provider": "provider[\"registry.terraform.io/hashicorp/aws\"].tokyo",
      "instances": [
        {
          "schema_version": 1,
          "attributes": {
            "arn": "arn:aws:ec2:ap-northeast-1:089955620282:subnet/subnet-0cb73fe6154835780",
            "assign_ipv6_address_on_creation": false,
            "availability_zone": "ap-northeast-1a",
            "availability_zone_id": "apne1-az4",
            "cidr_block": "10.1.1.0/24",
            "customer_owned_ipv4_pool": "",
            "enable_dns64": false,
            "enable_lni_at_device_index": 0,
            "enable_resource_name_dns_a_record_on_launch": false,
            "enable_resource_name_dns_aaaa_record_on_launch": false,
            "id": "subnet-0cb73fe6154835780",
            "ipv6_cidr_block": "",
            "ipv6_cidr_block_association_id": "",
            "ipv6_native": false,
            "map_customer_owned_ip_on_launch": false,
            "map_public_ip_on_launch": false,
            "outpost_arn": "",
            "owner_id": "089955620282",
            "private_dns_hostname_type_on_launch": "ip-name",
            "region": "ap-northeast-1",
            "tags": null,
            "tags_all": {},
            "timeouts": null,
            "vpc_id": "vpc-09f33bf3abc7c0a03"
          },
          "sensitive_attributes": [],
          "identity_schema_version": 0,
          "identity": {
            "account_id": "089955620282",
            "id": "subnet-0cb73fe6154835780",
            "region": "ap-northeast-1"
          },
          "private": "eyJlMmJmYjczMC1lY2FhLTExZTYtOGY4OC0zNDM2M2JjN2M0YzAiOnsiY3JlYXRlIjo2MDAwMDAwMDAwMDAsImRlbGV0ZSI6MTIwMDAwMDAwMDAwMH0sInNjaGVtYV92ZXJzaW9uIjoiMSJ9",
          "dependencies": [
            "module.sub_region.aws_vpc.tokyo_vpc"
          ]
        }
      ]
    },
    {
      "module": "module.sub_region",
      "mode": "managed",
      "type": "aws_subnet",
      "name": "tokyo_subnet_c",
      "provider": "provider[\"registry.terraform.io/hashicorp/aws\"].tokyo",
      "instances": [
        {
          "schema_version": 1,
          "attributes": {
            "arn": "arn:aws:ec2:ap-northeast-1:089955620282:subnet/subnet-0c1ab5f7e93a313e4",
            "assign_ipv6_address_on_creation": false,
            "availability_zone": "ap-northeast-1c",
            "availability_zone_id": "apne1-az1",
            "cidr_block": "10.1.2.0/24",
            "customer_owned_ipv4_pool": "",
            "enable_dns64": false,
            "enable_lni_at_device_index": 0,
            "enable_resource_name_dns_a_record_on_launch": false,
            "enable_resource_name_dns_aaaa_record_on_launch": false,
            "id": "subnet-0c1ab5f7e93a313e4",
            "ipv6_cidr_block": "",
            "ipv6_cidr_block_association_id": "",
            "ipv6_native": false,
            "map_customer_owned_ip_on_launch": false,
            "map_public_ip_on_launch": false,
            "outpost_arn": "",
            "owner_id": "089955620282",
            "private_dns_hostname_type_on_launch": "ip-name",
            "region": "ap-northeast-1",
            "tags": null,
            "tags_all": {},
            "timeouts": null,
            "vpc_id": "vpc-09f33bf3abc7c0a03"
          },
          "sensitive_attributes": [],
          "identity_schema_version": 0,
          "identity": {
            "account_id": "089955620282",
            "id": "subnet-0c1ab5f7e93a313e4",
            "region": "ap-northeast-1"
          },
          "private": "eyJlMmJmYjczMC1lY2FhLTExZTYtOGY4OC0zNDM2M2JjN2M0YzAiOnsiY3JlYXRlIjo2MDAwMDAwMDAwMDAsImRlbGV0ZSI6MTIwMDAwMDAwMDAwMH0sInNjaGVtYV92ZXJzaW9uIjoiMSJ9",
          "dependencies": [
            "module.sub_region.aws_vpc.tokyo_vpc"
          ]
        }
      ]
    },
    {
      "module": "module.sub_region",
      "mode": "managed",
      "type": "aws_vpc",
      "name": "tokyo_vpc",
      "provider": "provider[\"registry.terraform.io/hashicorp/aws\"].tokyo",
      "instances": [
        {
          "schema_version": 1,
          "attributes": {
            "arn": "arn:aws:ec2:ap-northeast-1:089955620282:vpc/vpc-09f33bf3abc7c0a03",
            "assign_generated_ipv6_cidr_block": false,
            "cidr_block": "10.1.0.0/16",
            "default_network_acl_id": "acl-0c45c4a2b07ee733b",
            "default_route_table_id": "rtb-062480b7a6df1561d",
            "default_security_group_id": "sg-05b6c594367e8e8e2",
            "dhcp_options_id": "dopt-097a52adf637f2c07",
            "enable_dns_hostnames": false,
            "enable_dns_support": true,
            "enable_network_address_usage_metrics": false,
            "id": "vpc-09f33bf3abc7c0a03",
            "instance_tenancy": "default",
            "ipv4_ipam_pool_id": null,
            "ipv4_netmask_length": null,
            "ipv6_association_id": "",
            "ipv6_cidr_block": "",
            "ipv6_cidr_block_network_border_group": "",
            "ipv6_ipam_pool_id": "",
            "ipv6_netmask_length": 0,
            "main_route_table_id": "rtb-062480b7a6df1561d",
            "owner_id": "089955620282",
            "region": "ap-northeast-1",
            "tags": {
              "Name": "Tokyo-VPC"
            },
            "tags_all": {
              "Name": "Tokyo-VPC"
            }
          },
          "sensitive_attributes": [],
          "identity_schema_version": 0,
          "identity": {
            "account_id": "089955620282",
            "id": "vpc-09f33bf3abc7c0a03",
            "region": "ap-northeast-1"
          },
          "private": "eyJzY2hlbWFfdmVyc2lvbiI6IjEifQ=="
        }
      ]
    }
  ],
  "check_results": null
}
