{
  "version": 4,
  "terraform_version": "1.14.1",
  "serial": 5210,
  "lineage": "c5680f44-1c31-6cfb-23da-4b68763dcf7e",
  "outputs": {},
  "resources": [
    {
      "module": "module.alb_system",
      "mode": "managed",
      "type": "aws_lb",
      "name": "internal_nlb",
      "provider": "provider[\"registry.terraform.io/hashicorp/aws\"]",
      "instances": [
        {
          "schema_version": 0,
          "attributes": {
            "access_logs": [
              {
                "bucket": "",
                "enabled": false,
                "prefix": ""
              }
            ],
            "arn": "arn:aws:elasticloadbalancing:ap-northeast-2:089955620282:loadbalancer/net/Internal-NLB/a44e5f34b312aaf4",
            "arn_suffix": "net/Internal-NLB/a44e5f34b312aaf4",
            "client_keep_alive": null,
            "connection_logs": [],
            "customer_owned_ipv4_pool": "",
            "desync_mitigation_mode": null,
            "dns_name": "Internal-NLB-a44e5f34b312aaf4.elb.ap-northeast-2.amazonaws.com",
            "dns_record_client_routing_policy": "any_availability_zone",
            "drop_invalid_header_fields": null,
            "enable_cross_zone_load_balancing": false,
            "enable_deletion_protection": false,
            "enable_http2": null,
            "enable_tls_version_and_cipher_suite_headers": null,
            "enable_waf_fail_open": null,
            "enable_xff_client_port": null,
            "enable_zonal_shift": false,
            "enforce_security_group_inbound_rules_on_private_link_traffic": "",
            "health_check_logs": [],
            "id": "arn:aws:elasticloadbalancing:ap-northeast-2:089955620282:loadbalancer/net/Internal-NLB/a44e5f34b312aaf4",
            "idle_timeout": null,
            "internal": true,
            "ip_address_type": "ipv4",
            "ipam_pools": [],
            "load_balancer_type": "network",
            "minimum_load_balancer_capacity": [],
            "name": "Internal-NLB",
            "name_prefix": "",
            "preserve_host_header": null,
            "region": "ap-northeast-2",
            "secondary_ips_auto_assigned_per_subnet": 0,
            "security_groups": [
              "sg-0af786bcc3a2afe70"
            ],
            "subnet_mapping": [
              {
                "allocation_id": "",
                "ipv6_address": "",
                "outpost_id": "",
                "private_ipv4_address": "",
                "subnet_id": "subnet-0304cd4fe88a90c77"
              },
              {
                "allocation_id": "",
                "ipv6_address": "",
                "outpost_id": "",
                "private_ipv4_address": "",
                "subnet_id": "subnet-0e3c7c9c0a62f3732"
              }
            ],
            "subnets": [
              "subnet-0304cd4fe88a90c77",
              "subnet-0e3c7c9c0a62f3732"
            ],
            "tags": {
              "Name": "Internal-NLB"
            },
            "tags_all": {
              "Name": "Internal-NLB"
            },
            "timeouts": null,
            "vpc_id": "vpc-0144e4e60e26969cd",
            "xff_header_processing_mode": null,
            "zone_id": "ZIBE1TIR4HY56"
          },
          "sensitive_attributes": [],
          "identity_schema_version": 0,
          "identity": {
            "arn": "arn:aws:elasticloadbalancing:ap-northeast-2:089955620282:loadbalancer/net/Internal-NLB/a44e5f34b312aaf4"
          },
          "private": "eyJlMmJmYjczMC1lY2FhLTExZTYtOGY4OC0zNDM2M2JjN2M0YzAiOnsiY3JlYXRlIjo2MDAwMDAwMDAwMDAsImRlbGV0ZSI6NjAwMDAwMDAwMDAwLCJ1cGRhdGUiOjYwMDAwMDAwMDAwMH19",
          "dependencies": [
            "module.network.aws_security_group.internal_nlb_sg",
            "module.network.aws_subnet.priv_1",
            "module.network.aws_subnet.priv_2",
            "module.network.aws_vpc.vpc",
            "module.network.data.aws_availability_zones.az"
          ]
        }
      ]
    },
    {
      "module": "module.alb_system",
      "mode": "managed",
      "type": "aws_lb",
      "name": "public_alb",
      "provider": "provider[\"registry.terraform.io/hashicorp/aws\"]",
      "instances": [
        {
          "schema_version": 0,
          "attributes": {
            "access_logs": [
              {
                "bucket": "",
                "enabled": false,
                "prefix": ""
              }
            ],
            "arn": "arn:aws:elasticloadbalancing:ap-northeast-2:089955620282:loadbalancer/app/public-alb/e0ebb746048872f8",
            "arn_suffix": "app/public-alb/e0ebb746048872f8",
            "client_keep_alive": 3600,
            "connection_logs": [
              {
                "bucket": "",
                "enabled": false,
                "prefix": ""
              }
            ],
            "customer_owned_ipv4_pool": "",
            "desync_mitigation_mode": "defensive",
            "dns_name": "public-alb-1754845024.ap-northeast-2.elb.amazonaws.com",
            "dns_record_client_routing_policy": null,
            "drop_invalid_header_fields": false,
            "enable_cross_zone_load_balancing": true,
            "enable_deletion_protection": false,
            "enable_http2": true,
            "enable_tls_version_and_cipher_suite_headers": false,
            "enable_waf_fail_open": false,
            "enable_xff_client_port": false,
            "enable_zonal_shift": false,
            "enforce_security_group_inbound_rules_on_private_link_traffic": "",
            "health_check_logs": [
              {
                "bucket": "",
                "enabled": false,
                "prefix": ""
              }
            ],
            "id": "arn:aws:elasticloadbalancing:ap-northeast-2:089955620282:loadbalancer/app/public-alb/e0ebb746048872f8",
            "idle_timeout": 60,
            "internal": false,
            "ip_address_type": "ipv4",
            "ipam_pools": [],
            "load_balancer_type": "application",
            "minimum_load_balancer_capacity": [],
            "name": "public-alb",
            "name_prefix": "",
            "preserve_host_header": false,
            "region": "ap-northeast-2",
            "secondary_ips_auto_assigned_per_subnet": null,
            "security_groups": [
              "sg-0e876cb81009133b5"
            ],
            "subnet_mapping": [
              {
                "allocation_id": "",
                "ipv6_address": "",
                "outpost_id": "",
                "private_ipv4_address": "",
                "subnet_id": "subnet-016a0353c4e8a34ef"
              },
              {
                "allocation_id": "",
                "ipv6_address": "",
                "outpost_id": "",
                "private_ipv4_address": "",
                "subnet_id": "subnet-05d99bfa47bab9883"
              }
            ],
            "subnets": [
              "subnet-016a0353c4e8a34ef",
              "subnet-05d99bfa47bab9883"
            ],
            "tags": {
              "Name": "Public-ALB"
            },
            "tags_all": {
              "Name": "Public-ALB"
            },
            "timeouts": null,
            "vpc_id": "vpc-0144e4e60e26969cd",
            "xff_header_processing_mode": "append",
            "zone_id": "ZWKZPGTI48KDX"
          },
          "sensitive_attributes": [],
          "identity_schema_version": 0,
          "identity": {
            "arn": "arn:aws:elasticloadbalancing:ap-northeast-2:089955620282:loadbalancer/app/public-alb/e0ebb746048872f8"
          },
          "private": "eyJlMmJmYjczMC1lY2FhLTExZTYtOGY4OC0zNDM2M2JjN2M0YzAiOnsiY3JlYXRlIjo2MDAwMDAwMDAwMDAsImRlbGV0ZSI6NjAwMDAwMDAwMDAwLCJ1cGRhdGUiOjYwMDAwMDAwMDAwMH19",
          "dependencies": [
            "module.network.aws_security_group.public_alb_sg",
            "module.network.aws_subnet.pub_1",
            "module.network.aws_subnet.pub_2",
            "module.network.aws_vpc.vpc",
            "module.network.data.aws_availability_zones.az"
          ]
        }
      ]
    },
    {
      "module": "module.alb_system",
      "mode": "managed",
      "type": "aws_lb_target_group",
      "name": "internal_nlb_target_group",
      "provider": "provider[\"registry.terraform.io/hashicorp/aws\"]",
      "instances": [
        {
          "schema_version": 0,
          "attributes": {
            "arn": "arn:aws:elasticloadbalancing:ap-northeast-2:089955620282:targetgroup/was-target-group/69db5d684a657202",
            "arn_suffix": "targetgroup/was-target-group/69db5d684a657202",
            "connection_termination": false,
            "deregistration_delay": "300",
            "health_check": [
              {
                "enabled": true,
                "healthy_threshold": 3,
                "interval": 30,
                "matcher": "",
                "path": "",
                "port": "9000",
                "protocol": "TCP",
                "timeout": 10,
                "unhealthy_threshold": 3
              }
            ],
            "id": "arn:aws:elasticloadbalancing:ap-northeast-2:089955620282:targetgroup/was-target-group/69db5d684a657202",
            "ip_address_type": "ipv4",
            "lambda_multi_value_headers_enabled": false,
            "load_balancer_arns": [
              "arn:aws:elasticloadbalancing:ap-northeast-2:089955620282:loadbalancer/net/Internal-NLB/a44e5f34b312aaf4"
            ],
            "load_balancing_algorithm_type": null,
            "load_balancing_anomaly_mitigation": null,
            "load_balancing_cross_zone_enabled": "use_load_balancer_configuration",
            "name": "was-target-group",
            "name_prefix": "",
            "port": 9000,
            "preserve_client_ip": "true",
            "protocol": "TCP",
            "protocol_version": null,
            "proxy_protocol_v2": false,
            "region": "ap-northeast-2",
            "slow_start": 0,
            "stickiness": [
              {
                "cookie_duration": 0,
                "cookie_name": "",
                "enabled": false,
                "type": "source_ip"
              }
            ],
            "tags": {},
            "tags_all": {},
            "target_control_port": 0,
            "target_failover": [
              {
                "on_deregistration": null,
                "on_unhealthy": null
              }
            ],
            "target_group_health": [
              {
                "dns_failover": [
                  {
                    "minimum_healthy_targets_count": "1",
                    "minimum_healthy_targets_percentage": "off"
                  }
                ],
                "unhealthy_state_routing": [
                  {
                    "minimum_healthy_targets_count": 1,
                    "minimum_healthy_targets_percentage": "off"
                  }
                ]
              }
            ],
            "target_health_state": [
              {
                "enable_unhealthy_connection_termination": true,
                "unhealthy_draining_interval": 0
              }
            ],
            "target_type": "instance",
            "vpc_id": "vpc-0144e4e60e26969cd"
          },
          "sensitive_attributes": [],
          "identity_schema_version": 0,
          "identity": {
            "arn": "arn:aws:elasticloadbalancing:ap-northeast-2:089955620282:targetgroup/was-target-group/69db5d684a657202"
          },
          "private": "bnVsbA==",
          "dependencies": [
            "module.network.aws_vpc.vpc"
          ]
        }
      ]
    },
    {
      "module": "module.alb_system",
      "mode": "managed",
      "type": "aws_lb_target_group",
      "name": "public_alb_target_group",
      "provider": "provider[\"registry.terraform.io/hashicorp/aws\"]",
      "instances": [
        {
          "schema_version": 0,
          "attributes": {
            "arn": "arn:aws:elasticloadbalancing:ap-northeast-2:089955620282:targetgroup/web-target-group/5a043914c5717544",
            "arn_suffix": "targetgroup/web-target-group/5a043914c5717544",
            "connection_termination": null,
            "deregistration_delay": "300",
            "health_check": [
              {
                "enabled": true,
                "healthy_threshold": 3,
                "interval": 30,
                "matcher": "200",
                "path": "/",
                "port": "traffic-port",
                "protocol": "HTTP",
                "timeout": 5,
                "unhealthy_threshold": 3
              }
            ],
            "id": "arn:aws:elasticloadbalancing:ap-northeast-2:089955620282:targetgroup/web-target-group/5a043914c5717544",
            "ip_address_type": "ipv4",
            "lambda_multi_value_headers_enabled": false,
            "load_balancer_arns": [
              "arn:aws:elasticloadbalancing:ap-northeast-2:089955620282:loadbalancer/app/public-alb/e0ebb746048872f8"
            ],
            "load_balancing_algorithm_type": "round_robin",
            "load_balancing_anomaly_mitigation": "off",
            "load_balancing_cross_zone_enabled": "use_load_balancer_configuration",
            "name": "web-target-group",
            "name_prefix": "",
            "port": 80,
            "preserve_client_ip": null,
            "protocol": "HTTP",
            "protocol_version": "HTTP1",
            "proxy_protocol_v2": false,
            "region": "ap-northeast-2",
            "slow_start": 0,
            "stickiness": [
              {
                "cookie_duration": 86400,
                "cookie_name": "",
                "enabled": false,
                "type": "lb_cookie"
              }
            ],
            "tags": {},
            "tags_all": {},
            "target_control_port": 0,
            "target_failover": [
              {
                "on_deregistration": null,
                "on_unhealthy": null
              }
            ],
            "target_group_health": [
              {
                "dns_failover": [
                  {
                    "minimum_healthy_targets_count": "1",
                    "minimum_healthy_targets_percentage": "off"
                  }
                ],
                "unhealthy_state_routing": [
                  {
                    "minimum_healthy_targets_count": 1,
                    "minimum_healthy_targets_percentage": "off"
                  }
                ]
              }
            ],
            "target_health_state": [
              {
                "enable_unhealthy_connection_termination": null,
                "unhealthy_draining_interval": null
              }
            ],
            "target_type": "instance",
            "vpc_id": "vpc-0144e4e60e26969cd"
          },
          "sensitive_attributes": [],
          "identity_schema_version": 0,
          "identity": {
            "arn": "arn:aws:elasticloadbalancing:ap-northeast-2:089955620282:targetgroup/web-target-group/5a043914c5717544"
          },
          "private": "bnVsbA==",
          "dependencies": [
            "module.network.aws_vpc.vpc"
          ]
        }
      ]
    },
    {
      "module": "module.instance",
      "mode": "managed",
      "type": "aws_autoscaling_group",
      "name": "was_asg",
      "provider": "provider[\"registry.terraform.io/hashicorp/aws\"]",
      "instances": [
        {
          "schema_version": 1,
          "attributes": {
            "arn": "arn:aws:autoscaling:ap-northeast-2:089955620282:autoScalingGroup:005748f6-2a24-471a-961c-8dffafba96eb:autoScalingGroupName/was-asg-group",
            "availability_zone_distribution": [
              {
                "capacity_distribution_strategy": "balanced-best-effort"
              }
            ],
            "availability_zones": [
              "ap-northeast-2a",
              "ap-northeast-2b"
            ],
            "capacity_rebalance": false,
            "capacity_reservation_specification": [
              {
                "capacity_reservation_preference": "default",
                "capacity_reservation_target": []
              }
            ],
            "context": "",
            "default_cooldown": 300,
            "default_instance_warmup": 0,
            "desired_capacity": 2,
            "desired_capacity_type": "",
            "enabled_metrics": [],
            "force_delete": false,
            "force_delete_warm_pool": false,
            "health_check_grace_period": 300,
            "health_check_type": "EC2",
            "id": "was-asg-group",
            "ignore_failed_scaling_activities": false,
            "initial_lifecycle_hook": [],
            "instance_maintenance_policy": [],
            "instance_refresh": [],
            "launch_configuration": "",
            "launch_template": [
              {
                "id": "lt-0ffa909e3cc2b7db4",
                "name": "was-template-20251230060802970000000008",
                "version": "$Latest"
              }
            ],
            "load_balancers": [],
            "max_instance_lifetime": 0,
            "max_size": 4,
            "metrics_granularity": "1Minute",
            "min_elb_capacity": null,
            "min_size": 2,
            "mixed_instances_policy": [],
            "name": "was-asg-group",
            "name_prefix": "",
            "placement_group": "",
            "predicted_capacity": 0,
            "protect_from_scale_in": false,
            "region": "ap-northeast-2",
            "service_linked_role_arn": "arn:aws:iam::089955620282:role/aws-service-role/autoscaling.amazonaws.com/AWSServiceRoleForAutoScaling",
            "suspended_processes": [],
            "tag": [
              {
                "key": "Name",
                "propagate_at_launch": true,
                "value": "WAS-ASG-Server"
              }
            ],
            "target_group_arns": [
              "arn:aws:elasticloadbalancing:ap-northeast-2:089955620282:targetgroup/was-target-group/69db5d684a657202"
            ],
            "termination_policies": [],
            "timeouts": null,
            "traffic_source": [
              {
                "identifier": "arn:aws:elasticloadbalancing:ap-northeast-2:089955620282:targetgroup/was-target-group/69db5d684a657202",
                "type": "elbv2"
              }
            ],
            "vpc_zone_identifier": [
              "subnet-0304cd4fe88a90c77",
              "subnet-0e3c7c9c0a62f3732"
            ],
            "wait_for_capacity_timeout": "10m",
            "wait_for_elb_capacity": null,
            "warm_pool": [],
            "warm_pool_size": 0
          },
          "sensitive_attributes": [],
          "identity_schema_version": 0,
          "private": "eyJlMmJmYjczMC1lY2FhLTExZTYtOGY4OC0zNDM2M2JjN2M0YzAiOnsiZGVsZXRlIjo2MDAwMDAwMDAwMDAsInVwZGF0ZSI6NjAwMDAwMDAwMDAwfSwic2NoZW1hX3ZlcnNpb24iOiIxIn0=",
          "dependencies": [
            "module.alb_system.aws_lb_target_group.internal_nlb_target_group",
            "module.database.module.route53.aws_route53_record.rds_endpoint_dns",
            "module.database.module.route53.aws_route53_zone.route53_zone",
            "module.database.module.seoul_master.aws_db_instance.rds_database_seoul_master",
            "module.database.module.seoul_master.aws_db_subnet_group.rds_subnet_group",
            "module.instance.aws_launch_template.was_template",
            "module.network.aws_security_group.db_sg",
            "module.network.aws_security_group.was_sg",
            "module.network.aws_subnet.priv_1",
            "module.network.aws_subnet.priv_2",
            "module.network.aws_vpc.vpc",
            "module.network.data.aws_availability_zones.az"
          ]
        }
      ]
    },
    {
      "module": "module.instance",
      "mode": "managed",
      "type": "aws_autoscaling_group",
      "name": "web_asg",
      "provider": "provider[\"registry.terraform.io/hashicorp/aws\"]",
      "instances": [
        {
          "schema_version": 1,
          "attributes": {
            "arn": "arn:aws:autoscaling:ap-northeast-2:089955620282:autoScalingGroup:1070f2ac-67cb-40d4-9b12-7983390eb964:autoScalingGroupName/web-asg-group",
            "availability_zone_distribution": [
              {
                "capacity_distribution_strategy": "balanced-best-effort"
              }
            ],
            "availability_zones": [
              "ap-northeast-2a",
              "ap-northeast-2b"
            ],
            "capacity_rebalance": false,
            "capacity_reservation_specification": [
              {
                "capacity_reservation_preference": "default",
                "capacity_reservation_target": []
              }
            ],
            "context": "",
            "default_cooldown": 300,
            "default_instance_warmup": 0,
            "desired_capacity": 2,
            "desired_capacity_type": "",
            "enabled_metrics": [],
            "force_delete": false,
            "force_delete_warm_pool": false,
            "health_check_grace_period": 300,
            "health_check_type": "ELB",
            "id": "web-asg-group",
            "ignore_failed_scaling_activities": false,
            "initial_lifecycle_hook": [],
            "instance_maintenance_policy": [],
            "instance_refresh": [],
            "launch_configuration": "",
            "launch_template": [
              {
                "id": "lt-0fc66304bd847b24b",
                "name": "web-template-20251230060355989000000005",
                "version": "$Latest"
              }
            ],
            "load_balancers": [],
            "max_instance_lifetime": 0,
            "max_size": 4,
            "metrics_granularity": "1Minute",
            "min_elb_capacity": null,
            "min_size": 2,
            "mixed_instances_policy": [],
            "name": "web-asg-group",
            "name_prefix": "",
            "placement_group": "",
            "predicted_capacity": 0,
            "protect_from_scale_in": false,
            "region": "ap-northeast-2",
            "service_linked_role_arn": "arn:aws:iam::089955620282:role/aws-service-role/autoscaling.amazonaws.com/AWSServiceRoleForAutoScaling",
            "suspended_processes": [],
            "tag": [
              {
                "key": "Name",
                "propagate_at_launch": true,
                "value": "WEB-ASG-Server"
              }
            ],
            "target_group_arns": [
              "arn:aws:elasticloadbalancing:ap-northeast-2:089955620282:targetgroup/web-target-group/5a043914c5717544"
            ],
            "termination_policies": [],
            "timeouts": null,
            "traffic_source": [
              {
                "identifier": "arn:aws:elasticloadbalancing:ap-northeast-2:089955620282:targetgroup/web-target-group/5a043914c5717544",
                "type": "elbv2"
              }
            ],
            "vpc_zone_identifier": [
              "subnet-016a0353c4e8a34ef",
              "subnet-05d99bfa47bab9883"
            ],
            "wait_for_capacity_timeout": "10m",
            "wait_for_elb_capacity": null,
            "warm_pool": [],
            "warm_pool_size": 0
          },
          "sensitive_attributes": [],
          "identity_schema_version": 0,
          "private": "eyJlMmJmYjczMC1lY2FhLTExZTYtOGY4OC0zNDM2M2JjN2M0YzAiOnsiZGVsZXRlIjo2MDAwMDAwMDAwMDAsInVwZGF0ZSI6NjAwMDAwMDAwMDAwfSwic2NoZW1hX3ZlcnNpb24iOiIxIn0=",
          "dependencies": [
            "module.alb_system.aws_lb.internal_nlb",
            "module.alb_system.aws_lb_target_group.public_alb_target_group",
            "module.instance.aws_launch_template.web_template",
            "module.network.aws_security_group.internal_nlb_sg",
            "module.network.aws_security_group.web_sg",
            "module.network.aws_subnet.priv_1",
            "module.network.aws_subnet.priv_2",
            "module.network.aws_subnet.pub_1",
            "module.network.aws_subnet.pub_2",
            "module.network.aws_vpc.vpc",
            "module.network.data.aws_availability_zones.az"
          ]
        }
      ]
    },
    {
      "module": "module.instance",
      "mode": "managed",
      "type": "aws_instance",
      "name": "bastion_server",
      "provider": "provider[\"registry.terraform.io/hashicorp/aws\"]",
      "instances": [
        {
          "schema_version": 2,
          "attributes": {
            "ami": "ami-0a71e3eb8b23101ed",
            "arn": "arn:aws:ec2:ap-northeast-2:089955620282:instance/i-07ed637de84d3ffc4",
            "associate_public_ip_address": true,
            "availability_zone": "ap-northeast-2a",
            "capacity_reservation_specification": [
              {
                "capacity_reservation_preference": "open",
                "capacity_reservation_target": []
              }
            ],
            "cpu_options": [
              {
                "amd_sev_snp": "",
                "core_count": 1,
                "threads_per_core": 2
              }
            ],
            "credit_specification": [
              {
                "cpu_credits": "unlimited"
              }
            ],
            "disable_api_stop": false,
            "disable_api_termination": false,
            "ebs_block_device": [],
            "ebs_optimized": false,
            "enable_primary_ipv6": null,
            "enclave_options": [
              {
                "enabled": false
              }
            ],
            "ephemeral_block_device": [],
            "force_destroy": false,
            "get_password_data": false,
            "hibernation": false,
            "host_id": "",
            "host_resource_group_arn": null,
            "iam_instance_profile": "",
            "id": "i-07ed637de84d3ffc4",
            "instance_initiated_shutdown_behavior": "stop",
            "instance_lifecycle": "",
            "instance_market_options": [],
            "instance_state": "running",
            "instance_type": "t3.micro",
            "ipv6_address_count": 0,
            "ipv6_addresses": [],
            "key_name": "Final-Project-Key",
            "launch_template": [],
            "maintenance_options": [
              {
                "auto_recovery": "default"
              }
            ],
            "metadata_options": [
              {
                "http_endpoint": "enabled",
                "http_protocol_ipv6": "disabled",
                "http_put_response_hop_limit": 2,
                "http_tokens": "required",
                "instance_metadata_tags": "disabled"
              }
            ],
            "monitoring": false,
            "network_interface": [],
            "outpost_arn": "",
            "password_data": "",
            "placement_group": "",
            "placement_group_id": "",
            "placement_partition_number": 0,
            "primary_network_interface": [
              {
                "delete_on_termination": true,
                "network_interface_id": "eni-05729c3cfbe08c294"
              }
            ],
            "primary_network_interface_id": "eni-05729c3cfbe08c294",
            "private_dns": "ip-10-0-1-85.ap-northeast-2.compute.internal",
            "private_dns_name_options": [
              {
                "enable_resource_name_dns_a_record": false,
                "enable_resource_name_dns_aaaa_record": false,
                "hostname_type": "ip-name"
              }
            ],
            "private_ip": "10.0.1.85",
            "public_dns": "",
            "public_ip": "13.209.84.129",
            "region": "ap-northeast-2",
            "root_block_device": [
              {
                "delete_on_termination": true,
                "device_name": "/dev/sda1",
                "encrypted": false,
                "iops": 3000,
                "kms_key_id": "",
                "tags": {},
                "tags_all": {},
                "throughput": 125,
                "volume_id": "vol-09384d1184ca7c82e",
                "volume_size": 8,
                "volume_type": "gp3"
              }
            ],
            "secondary_private_ips": [],
            "security_groups": [],
            "source_dest_check": true,
            "spot_instance_request_id": "",
            "subnet_id": "subnet-05d99bfa47bab9883",
            "tags": {
              "Name": "Bastion-Server"
            },
            "tags_all": {
              "Name": "Bastion-Server"
            },
            "tenancy": "default",
            "timeouts": null,
            "user_data": "#!/bin/bash\r\n# 패키지 목록 업데이트\r\nsudo apt-get update -y\r\n\r\n# MySQL 클라이언트 및 Git 설치\r\nsudo apt-get install -y git mysql-client\r\n\r\ncd /home/ubuntu\r\n\r\n# 프로젝트 다운로드\r\ngit clone https://github.com/yuill-lee/mzc-1group-project.git\r\n\r\n# 변수 설정\r\nRDS_HOST=\"terraform-20251230060105656300000004.chsgo2iu4ob1.ap-northeast-2.rds.amazonaws.com\"\r\nDB_USER=\"user01\"\r\nDB_PASS=\"user01password\"\r\nDB_NAME=\"test_db\"\r\n\r\n# SQL 파일 위치\r\nSQL_FILE=\"/home/ubuntu/mzc-1group-project/data.sql\"\r\n\r\n# 데이터 밀어넣기 명령어\r\nif [ -f \"$SQL_FILE\" ]; then\r\n    # -p와 비밀번호 사이에는 공백이 없어야 합니다 (-pPASSWORD)\r\n    mysql -h \"$RDS_HOST\" -u \"$DB_USER\" -p\"$DB_PASS\" \"$DB_NAME\" \u003c \"$SQL_FILE\"\r\n    \r\n    if [ $? -eq 0 ]; then\r\n        echo \"성공: 데이터가 정상적으로 입력되었습니다.\"\r\n        \r\n        # 확인을 위해 테이블 목록 출력\r\n        echo \"생성된 테이블 목록:\"\r\n        mysql -h \"$RDS_HOST\" -u \"$DB_USER\" -p\"$DB_PASS\" \"$DB_NAME\" -e \"SHOW TABLES;\"\r\n    else\r\n        echo \"실패: 접속 정보나 보안 그룹(SG)을 확인해주세요.\"\r\n    fi\r\nelse\r\n    echo \"에러: SQL 파일을 찾을 수 없습니다. 경로를 확인해주세요: $SQL_FILE\"\r\nfi",
            "user_data_base64": null,
            "user_data_replace_on_change": false,
            "volume_tags": null,
            "vpc_security_group_ids": [
              "sg-07241042784ccb952"
            ]
          },
          "sensitive_attributes": [],
          "identity_schema_version": 0,
          "identity": {
            "account_id": "089955620282",
            "id": "i-07ed637de84d3ffc4",
            "region": "ap-northeast-2"
          },
          "private": "eyJlMmJmYjczMC1lY2FhLTExZTYtOGY4OC0zNDM2M2JjN2M0YzAiOnsiY3JlYXRlIjo2MDAwMDAwMDAwMDAsImRlbGV0ZSI6MTIwMDAwMDAwMDAwMCwicmVhZCI6OTAwMDAwMDAwMDAwLCJ1cGRhdGUiOjYwMDAwMDAwMDAwMH0sInNjaGVtYV92ZXJzaW9uIjoiMiJ9",
          "dependencies": [
            "module.database.module.route53.aws_route53_record.rds_endpoint_dns",
            "module.database.module.route53.aws_route53_zone.route53_zone",
            "module.database.module.seoul_master.aws_db_instance.rds_database_seoul_master",
            "module.database.module.seoul_master.aws_db_subnet_group.rds_subnet_group",
            "module.network.aws_security_group.bastion_sg",
            "module.network.aws_security_group.db_sg",
            "module.network.aws_security_group.was_sg",
            "module.network.aws_subnet.priv_1",
            "module.network.aws_subnet.priv_2",
            "module.network.aws_subnet.pub_1",
            "module.network.aws_vpc.vpc",
            "module.network.data.aws_availability_zones.az",
            "module.rds_database.aws_db_instance.default",
            "module.rds_database.aws_db_subnet_group.rds_subnet_group",
            "module.rds_database.aws_security_group.db_sg"
          ]
        }
      ]
    },
    {
      "module": "module.instance",
      "mode": "managed",
      "type": "aws_instance",
      "name": "nat_server",
      "provider": "provider[\"registry.terraform.io/hashicorp/aws\"]",
      "instances": [
        {
          "schema_version": 2,
          "attributes": {
            "ami": "ami-013c951bfeb5d9c3b",
            "arn": "arn:aws:ec2:ap-northeast-2:089955620282:instance/i-0e221331caa79b949",
            "associate_public_ip_address": true,
            "availability_zone": "ap-northeast-2a",
            "capacity_reservation_specification": [
              {
                "capacity_reservation_preference": "open",
                "capacity_reservation_target": []
              }
            ],
            "cpu_options": [
              {
                "amd_sev_snp": "",
                "core_count": 1,
                "threads_per_core": 2
              }
            ],
            "credit_specification": [
              {
                "cpu_credits": "unlimited"
              }
            ],
            "disable_api_stop": false,
            "disable_api_termination": false,
            "ebs_block_device": [],
            "ebs_optimized": false,
            "enable_primary_ipv6": null,
            "enclave_options": [
              {
                "enabled": false
              }
            ],
            "ephemeral_block_device": [],
            "force_destroy": false,
            "get_password_data": false,
            "hibernation": false,
            "host_id": "",
            "host_resource_group_arn": null,
            "iam_instance_profile": "",
            "id": "i-0e221331caa79b949",
            "instance_initiated_shutdown_behavior": "stop",
            "instance_lifecycle": "",
            "instance_market_options": [],
            "instance_state": "running",
            "instance_type": "t3.micro",
            "ipv6_address_count": 0,
            "ipv6_addresses": [],
            "key_name": "Final-Project-Key",
            "launch_template": [],
            "maintenance_options": [
              {
                "auto_recovery": "default"
              }
            ],
            "metadata_options": [
              {
                "http_endpoint": "enabled",
                "http_protocol_ipv6": "disabled",
                "http_put_response_hop_limit": 1,
                "http_tokens": "optional",
                "instance_metadata_tags": "disabled"
              }
            ],
            "monitoring": false,
            "network_interface": [],
            "outpost_arn": "",
            "password_data": "",
            "placement_group": "",
            "placement_group_id": "",
            "placement_partition_number": 0,
            "primary_network_interface": [
              {
                "delete_on_termination": true,
                "network_interface_id": "eni-0b4b882384870d64c"
              }
            ],
            "primary_network_interface_id": "eni-0b4b882384870d64c",
            "private_dns": "ip-10-0-1-101.ap-northeast-2.compute.internal",
            "private_dns_name_options": [
              {
                "enable_resource_name_dns_a_record": false,
                "enable_resource_name_dns_aaaa_record": false,
                "hostname_type": "ip-name"
              }
            ],
            "private_ip": "10.0.1.101",
            "public_dns": "",
            "public_ip": "52.78.124.156",
            "region": "ap-northeast-2",
            "root_block_device": [
              {
                "delete_on_termination": true,
                "device_name": "/dev/xvda",
                "encrypted": false,
                "iops": 100,
                "kms_key_id": "",
                "tags": {},
                "tags_all": {},
                "throughput": 0,
                "volume_id": "vol-0d89e22138148a9c4",
                "volume_size": 8,
                "volume_type": "gp2"
              }
            ],
            "secondary_private_ips": [],
            "security_groups": [],
            "source_dest_check": false,
            "spot_instance_request_id": "",
            "subnet_id": "subnet-05d99bfa47bab9883",
            "tags": {
              "Name": "NAT-Server"
            },
            "tags_all": {
              "Name": "NAT-Server"
            },
            "tenancy": "default",
            "timeouts": null,
            "user_data": "Content-Type: multipart/mixed; boundary=\"//\"\r\nMIME-Version: 1.0\r\n\r\n--//\r\nContent-Type: text/cloud-config; charset=\"us-ascii\"\r\nMIME-Version: 1.0\r\nContent-Transfer-Encoding: 7bit\r\nContent-Disposition: attachment; filename=\"cloud-config.txt\"\r\n\r\n#cloud-config\r\ncloud_final_modules:\r\n- [scripts-user, always]\r\n\r\n--//\r\nContent-Type: text/x-shellscript; charset=\"us-ascii\"\r\nMIME-Version: 1.0\r\nContent-Transfer-Encoding: 7bit\r\nContent-Disposition: attachment; filename=\"userdata.txt\"\r\n\r\n#!/bin/bash\r\nyum -y update\r\nsysctl -w net.ipv4.ip_forward=1\r\n/sbin/iptables -t nat -A POSTROUTING -o eth0 -j MASQUERADE\r\nyum install iptables-services\r\nservice iptables save\r\n--//",
            "user_data_base64": null,
            "user_data_replace_on_change": false,
            "volume_tags": null,
            "vpc_security_group_ids": [
              "sg-0fa24da8dfa321493"
            ]
          },
          "sensitive_attributes": [],
          "identity_schema_version": 0,
          "identity": {
            "account_id": "089955620282",
            "id": "i-0e221331caa79b949",
            "region": "ap-northeast-2"
          },
          "private": "eyJlMmJmYjczMC1lY2FhLTExZTYtOGY4OC0zNDM2M2JjN2M0YzAiOnsiY3JlYXRlIjo2MDAwMDAwMDAwMDAsImRlbGV0ZSI6MTIwMDAwMDAwMDAwMCwicmVhZCI6OTAwMDAwMDAwMDAwLCJ1cGRhdGUiOjYwMDAwMDAwMDAwMH0sInNjaGVtYV92ZXJzaW9uIjoiMiJ9",
          "dependencies": [
            "module.network.aws_security_group.nat_sg",
            "module.network.aws_subnet.pub_1",
            "module.network.aws_vpc.vpc",
            "module.network.data.aws_availability_zones.az"
          ]
        }
      ]
    },
    {
      "module": "module.instance",
      "mode": "managed",
      "type": "aws_launch_template",
      "name": "was_template",
      "provider": "provider[\"registry.terraform.io/hashicorp/aws\"]",
      "instances": [
        {
          "schema_version": 1,
          "attributes": {
            "arn": "arn:aws:ec2:ap-northeast-2:089955620282:launch-template/lt-0ffa909e3cc2b7db4",
            "block_device_mappings": [],
            "capacity_reservation_specification": [],
            "cpu_options": [],
            "credit_specification": [],
            "default_version": 1,
            "description": "",
            "disable_api_stop": false,
            "disable_api_termination": false,
            "ebs_optimized": "",
            "enclave_options": [],
            "hibernation_options": [],
            "iam_instance_profile": [],
            "id": "lt-0ffa909e3cc2b7db4",
            "image_id": "ami-0a71e3eb8b23101ed",
            "instance_initiated_shutdown_behavior": "",
            "instance_market_options": [],
            "instance_requirements": [],
            "instance_type": "t3.micro",
            "kernel_id": "",
            "key_name": "Final-Project-Key",
            "latest_version": 1,
            "license_specification": [],
            "maintenance_options": [],
            "metadata_options": [],
            "monitoring": [],
            "name": "was-template-20251230060802970000000008",
            "name_prefix": "was-template-",
            "network_interfaces": [
              {
                "associate_carrier_ip_address": "",
                "associate_public_ip_address": "false",
                "connection_tracking_specification": [],
                "delete_on_termination": "",
                "description": "",
                "device_index": 0,
                "ena_srd_specification": [],
                "interface_type": "",
                "ipv4_address_count": 0,
                "ipv4_addresses": [],
                "ipv4_prefix_count": 0,
                "ipv4_prefixes": [],
                "ipv6_address_count": 0,
                "ipv6_addresses": [],
                "ipv6_prefix_count": 0,
                "ipv6_prefixes": [],
                "network_card_index": 0,
                "network_interface_id": "",
                "primary_ipv6": "",
                "private_ip_address": "",
                "security_groups": [
                  "sg-0875ffbd70ee6e845"
                ],
                "subnet_id": ""
              }
            ],
            "placement": [],
            "private_dns_name_options": [],
            "ram_disk_id": "",
            "region": "ap-northeast-2",
            "security_group_names": [],
            "tag_specifications": [
              {
                "resource_type": "instance",
                "tags": {
                  "Name": "WAS-ASG-Instance"
                }
              }
            ],
            "tags": {},
            "tags_all": {},
            "update_default_version": null,
            "user_data": "IyEvYmluL2Jhc2gNCiMgMS4gU1NIIOyEpOyglQ0KIyBUdXJuIG9uIHBhc3N3b3JkIGF1dGhlbnRpY2F0aW9uDQplY2hvICd1YnVudHU6aGFja2VycycgfCBzdWRvIGNocGFzc3dkDQpzdWRvIHNlZCAtaSAncy9JbmNsdWRlLyNJbmNsdWRlL2cnIC9ldGMvc3NoL3NzaGRfY29uZmlnDQpzdWRvIHNlZCAtaSAncy8jUGFzc3dvcmRBdXRoZW50aWNhdGlvbiB5ZXMvUGFzc3dvcmRBdXRoZW50aWNhdGlvbiB5ZXMvZycgL2V0Yy9zc2gvc3NoZF9jb25maWcNCnN1ZG8gc3lzdGVtY3RsIHJlc3RhcnQgc3NoDQoNCiMgMi4g64+E7LukIOuwjyDrj4Tsu6Qg7Lu07Y+s7KaIIOyEpOy5mA0Kc3VkbyBhcHQtZ2V0IHVwZGF0ZSAteQ0Kc3VkbyBhcHQtZ2V0IGluc3RhbGwgLXkgZG9ja2VyLmlvIGdpdCBteXNxbC1jbGllbnQNCnN1ZG8gY3VybCAtTCAiaHR0cHM6Ly9naXRodWIuY29tL2RvY2tlci9jb21wb3NlL3JlbGVhc2VzL2xhdGVzdC9kb3dubG9hZC9kb2NrZXItY29tcG9zZS0kKHVuYW1lIC1zKS0kKHVuYW1lIC1tKSIgLW8gL3Vzci9sb2NhbC9iaW4vZG9ja2VyLWNvbXBvc2UNCnN1ZG8gY2htb2QgK3ggL3Vzci9sb2NhbC9iaW4vZG9ja2VyLWNvbXBvc2UNCnN1ZG8gc3lzdGVtY3RsIHN0YXJ0IGRvY2tlcg0KDQojIDMuIO2UhOuhnOygne2KuCDtgbTroaANCm1rZGlyIC1wIC9ob21lL3VidW50dS9hcHANCmNkIC9ob21lL3VidW50dS9hcHANCmdpdCBjbG9uZSAtYiBtYWluIGh0dHBzOi8vZ2l0aHViLmNvbS95dWlsbC1sZWUvbXpjLTFncm91cC1wcm9qZWN0LmdpdCAuDQoNCiMgNC4g6raM7ZWcIOyEpOyglQ0Kc3VkbyBjaG1vZCAtUiA3NTUgL2hvbWUvdWJ1bnR1L2FwcC9TZXJ2aWNlDQoNCiMgNS4gREIgSVAg7ISk7KCVDQojIFvspJHsmpRdIERCX0lQ64qUIO2FjOudvO2PvOyXkOyEnCDsg53shLHrkJwg7Iuk7KCcIERCIO2UhOudvOydtOu5lyBJUOuhnCDsuZjtmZjrkJjslrTslbwg7ZWoDQpEQl9JUD10ZXJyYWZvcm0tMjAyNTEyMzAwNjAxMDU2NTYzMDAwMDAwMDQuY2hzZ28yaXU0b2IxLmFwLW5vcnRoZWFzdC0yLnJkcy5hbWF6b25hd3MuY29tIA0KDQojIDYuIFvtlbXsi6wg7LaU6rCAXSBkb2NrZXItY29tcG9zZS55bWwg64K07J2YIO2YuOyKpO2KuOuqheydhCDsi6TsoJwgSVDroZwg67OA6rK9DQojIOydtCDqs7zsoJXsnbQg7J6I7Ja07JW8IHBocF9uZXR3b3JrX2dldGFkZHJlc3NlcyDsl5Drn6zrpbwg67Cp7KeA7ZWgIOyImCDsnojsirXri4jri6QuDQpzZWQgLWkgInMvREJfSE9TVD1kYi9EQl9IT1NUPSREQl9JUC9nIiAvaG9tZS91YnVudHUvYXBwL2RvY2tlci1jb21wb3NlLnltbA0Kc2VkIC1pICJzL0RCX0hPU1Q6IGRiL0RCX0hPU1Q6ICREQl9JUC9nIiAvaG9tZS91YnVudHUvYXBwL2RvY2tlci1jb21wb3NlLnltbA0KDQpzZWQgLWkgInMvPERCLUVORFBPSU5UPi8kREJfSVAvZyIgL2hvbWUvdWJ1bnR1L2FwcC9TZXJ2aWNlL2luY2x1ZGVzL2Nvbm5lY3QucGhwDQojIDcuIERCIOuNsOydtO2EsCDsnoTtj6ztirggKERCIOyEnOuyhOqwgCDsvJzsp4gg65WM6rmM7KeAIDIw7LSIIOuMgOq4sCkNCnNsZWVwIDIwIA0KbXlzcWwgLWggJERCX0lQIC11IHVzZXIwMSAtcHVzZXIwMSB0ZXN0X2RiIDwgL2hvbWUvdWJ1bnR1L2FwcC9TZXJ2aWNlL2RhdGEuc3FsDQoNCmNhdCA8PEVPRiA+IC9ob21lL3VidW50dS9hcHAvZG9ja2VyLWNvbXBvc2Uub3ZlcnJpZGUueW1sDQp2ZXJzaW9uOiAnMycNCnNlcnZpY2VzOg0KICB3YXM6DQogICAgcG9ydHM6DQogICAgICAtICI5MDAwOjkwMDAiDQpFT0YNCg0KIyA4LiBXQVMg7Luo7YWM7J2064SIIOyLpO2WiQ0Kc3VkbyAvdXNyL2xvY2FsL2Jpbi9kb2NrZXItY29tcG9zZSB1cCAtZCB3YXM=",
            "vpc_security_group_ids": []
          },
          "sensitive_attributes": [],
          "identity_schema_version": 0,
          "private": "eyJzY2hlbWFfdmVyc2lvbiI6IjEifQ==",
          "dependencies": [
            "module.database.module.route53.aws_route53_record.rds_endpoint_dns",
            "module.database.module.route53.aws_route53_zone.route53_zone",
            "module.database.module.seoul_master.aws_db_instance.rds_database_seoul_master",
            "module.database.module.seoul_master.aws_db_subnet_group.rds_subnet_group",
            "module.network.aws_security_group.bastion_sg",
            "module.network.aws_security_group.db_sg",
            "module.network.aws_security_group.was_sg",
            "module.network.aws_subnet.priv_1",
            "module.network.aws_subnet.priv_2",
            "module.network.aws_vpc.vpc",
            "module.network.data.aws_availability_zones.az",
            "module.rds_database.aws_db_instance.default",
            "module.rds_database.aws_db_subnet_group.rds_subnet_group",
            "module.rds_database.aws_security_group.db_sg"
          ]
        }
      ]
    },
    {
      "module": "module.instance",
      "mode": "managed",
      "type": "aws_launch_template",
      "name": "web_template",
      "provider": "provider[\"registry.terraform.io/hashicorp/aws\"]",
      "instances": [
        {
          "schema_version": 1,
          "attributes": {
            "arn": "arn:aws:ec2:ap-northeast-2:089955620282:launch-template/lt-0fc66304bd847b24b",
            "block_device_mappings": [],
            "capacity_reservation_specification": [],
            "cpu_options": [],
            "credit_specification": [],
            "default_version": 1,
            "description": "",
            "disable_api_stop": false,
            "disable_api_termination": false,
            "ebs_optimized": "",
            "enclave_options": [],
            "hibernation_options": [],
            "iam_instance_profile": [],
            "id": "lt-0fc66304bd847b24b",
            "image_id": "ami-0a71e3eb8b23101ed",
            "instance_initiated_shutdown_behavior": "",
            "instance_market_options": [],
            "instance_requirements": [],
            "instance_type": "t3.micro",
            "kernel_id": "",
            "key_name": "Final-Project-Key",
            "latest_version": 1,
            "license_specification": [],
            "maintenance_options": [],
            "metadata_options": [],
            "monitoring": [],
            "name": "web-template-20251230060355989000000005",
            "name_prefix": "web-template-",
            "network_interfaces": [
              {
                "associate_carrier_ip_address": "",
                "associate_public_ip_address": "true",
                "connection_tracking_specification": [],
                "delete_on_termination": "",
                "description": "",
                "device_index": 0,
                "ena_srd_specification": [],
                "interface_type": "",
                "ipv4_address_count": 0,
                "ipv4_addresses": [],
                "ipv4_prefix_count": 0,
                "ipv4_prefixes": [],
                "ipv6_address_count": 0,
                "ipv6_addresses": [],
                "ipv6_prefix_count": 0,
                "ipv6_prefixes": [],
                "network_card_index": 0,
                "network_interface_id": "",
                "primary_ipv6": "",
                "private_ip_address": "",
                "security_groups": [
                  "sg-09d22c46598c9f1cc"
                ],
                "subnet_id": ""
              }
            ],
            "placement": [],
            "private_dns_name_options": [],
            "ram_disk_id": "",
            "region": "ap-northeast-2",
            "security_group_names": [],
            "tag_specifications": [
              {
                "resource_type": "instance",
                "tags": {
                  "Name": "WEB-ASG-Instance"
                }
              }
            ],
            "tags": {},
            "tags_all": {},
            "update_default_version": null,
            "user_data": "IyEvYmluL2Jhc2gNCiMgMS4gU1NIIOyEpOyglQ0KIyBUdXJuIG9uIHBhc3N3b3JkIGF1dGhlbnRpY2F0aW9uDQplY2hvICd1YnVudHU6aGFja2VycycgfCBzdWRvIGNocGFzc3dkDQpzdWRvIHNlZCAtaSAncy9JbmNsdWRlLyNJbmNsdWRlL2cnIC9ldGMvc3NoL3NzaGRfY29uZmlnDQpzdWRvIHNlZCAtaSAncy8jUGFzc3dvcmRBdXRoZW50aWNhdGlvbiB5ZXMvUGFzc3dvcmRBdXRoZW50aWNhdGlvbiB5ZXMvZycgL2V0Yy9zc2gvc3NoZF9jb25maWcNCnN1ZG8gc3lzdGVtY3RsIHJlc3RhcnQgc3NoDQoNCiMgMi4g64+E7LukIOuwjyDrj4Tsu6Qg7Lu07Y+s7KaIIOyEpOy5mA0Kc3VkbyBhcHQtZ2V0IHVwZGF0ZSAteQ0Kc3VkbyBhcHQtZ2V0IGluc3RhbGwgLXkgZG9ja2VyLmlvIGdpdA0Kc3VkbyBjdXJsIC1MICJodHRwczovL2dpdGh1Yi5jb20vZG9ja2VyL2NvbXBvc2UvcmVsZWFzZXMvbGF0ZXN0L2Rvd25sb2FkL2RvY2tlci1jb21wb3NlLSQodW5hbWUgLXMpLSQodW5hbWUgLW0pIiAtbyAvdXNyL2xvY2FsL2Jpbi9kb2NrZXItY29tcG9zZQ0Kc3VkbyBjaG1vZCAreCAvdXNyL2xvY2FsL2Jpbi9kb2NrZXItY29tcG9zZQ0Kc3VkbyBzeXN0ZW1jdGwgc3RhcnQgZG9ja2VyDQoNCiMgMy4g7ZSE66Gc7KCd7Yq4IO2BtOuhoA0KbWtkaXIgLXAgL2hvbWUvdWJ1bnR1L2FwcA0KY2QgL2hvbWUvdWJ1bnR1L2FwcA0KZ2l0IGNsb25lIC1iIG1haW4gaHR0cHM6Ly9naXRodWIuY29tL3l1aWxsLWxlZS9temMtMWdyb3VwLXByb2plY3QuZ2l0IC4NCg0KIyA0LiBXQVMgSVAg7ISk7KCVDQojIFvspJHsmpRdIFdBU19JUOuKlCDthYzrnbztj7zsl5DshJwg7IOd7ISx65CcIOyLpOygnCBXQVMg7ZSE65287J2067mXIElQ66GcIOy5mO2ZmOuQmOyWtOyVvCDtlagNCldBU19JUD0iSW50ZXJuYWwtTkxCLWE0NGU1ZjM0YjMxMmFhZjQuZWxiLmFwLW5vcnRoZWFzdC0yLmFtYXpvbmF3cy5jb20iDQoNCiMgNS4gW+2VteyLrCDsiJjsoJVdIOyVhO2MjOy5mCDshKTsoJUg7YyM7J287JeQ7IScICd3YXM6OTAwMCcg65iQ64qUIOq4sOyhtCBJUOulvCDtmITsnqwgV0FTIElQ66GcIOuzgOqyvQ0Kc2VkIC1pICJzL1swLTldXHsxLDNcfVwuWzAtOV1cezEsM1x9XC5bMC05XVx7MSwzXH1cLlswLTldXHsxLDNcfTo5MDAwLyRXQVNfSVA6OTAwMC9nIiAvaG9tZS91YnVudHUvYXBwLy5kb2NrZXIvd2ViL215LWh0dHBkLmNvbmYNCnNlZCAtaSAicy93YXM6OTAwMC8kV0FTX0lQOjkwMDAvZyIgL2hvbWUvdWJ1bnR1L2FwcC8uZG9ja2VyL3dlYi9teS1odHRwZC5jb25mDQoNCiMgNi4g7JWE7YyM7LmYIOq2jO2VnCDsl5Drn6woNDAzKSDtlbTqsrANCnN1ZG8gY2htb2QgLVIgNzU1IC9ob21lL3VidW50dS9hcHAvU2VydmljZQ0KDQpjYXQgPDxFT0YgPiAvaG9tZS91YnVudHUvYXBwL2RvY2tlci1jb21wb3NlLm92ZXJyaWRlLnltbA0KdmVyc2lvbjogJzMnDQpzZXJ2aWNlczoNCiAgd2ViOg0KICAgIHBvcnRzOg0KICAgICAgLSAiODA6ODAiDQpFT0YNCg0KIyA3LiBXZWIg7Luo7YWM7J2064SIIOyLpO2WiQ0Kc3VkbyAvdXNyL2xvY2FsL2Jpbi9kb2NrZXItY29tcG9zZSB1cCAtZCB3ZWI=",
            "vpc_security_group_ids": []
          },
          "sensitive_attributes": [],
          "identity_schema_version": 0,
          "private": "eyJzY2hlbWFfdmVyc2lvbiI6IjEifQ==",
          "dependencies": [
            "module.alb_system.aws_lb.internal_nlb",
            "module.network.aws_security_group.internal_nlb_sg",
            "module.network.aws_security_group.web_sg",
            "module.network.aws_subnet.priv_1",
            "module.network.aws_subnet.priv_2",
            "module.network.aws_vpc.vpc",
            "module.network.data.aws_availability_zones.az"
          ]
        }
      ]
    },
    {
      "module": "module.network",
      "mode": "data",
      "type": "aws_availability_zones",
      "name": "az",
      "provider": "provider[\"registry.terraform.io/hashicorp/aws\"]",
      "instances": [
        {
          "schema_version": 0,
          "attributes": {
            "all_availability_zones": null,
            "exclude_names": null,
            "exclude_zone_ids": null,
            "filter": null,
            "group_names": [
              "ap-northeast-2-zg-1"
            ],
            "id": "ap-northeast-2",
            "names": [
              "ap-northeast-2a",
              "ap-northeast-2b",
              "ap-northeast-2c",
              "ap-northeast-2d"
            ],
            "region": "ap-northeast-2",
            "state": "available",
            "timeouts": null,
            "zone_ids": [
              "apne2-az1",
              "apne2-az2",
              "apne2-az3",
              "apne2-az4"
            ]
          },
          "sensitive_attributes": [],
          "identity_schema_version": 0
        }
      ]
    },
    {
      "module": "module.network",
      "mode": "managed",
      "type": "aws_internet_gateway",
      "name": "igw",
      "provider": "provider[\"registry.terraform.io/hashicorp/aws\"]",
      "instances": [
        {
          "schema_version": 0,
          "attributes": {
            "arn": "arn:aws:ec2:ap-northeast-2:089955620282:internet-gateway/igw-088e4c3c768c8c490",
            "id": "igw-088e4c3c768c8c490",
            "owner_id": "089955620282",
            "region": "ap-northeast-2",
            "tags": {
              "Name": "Final-Project-IGW"
            },
            "tags_all": {
              "Name": "Final-Project-IGW"
            },
            "timeouts": null,
            "vpc_id": "vpc-0144e4e60e26969cd"
          },
          "sensitive_attributes": [],
          "identity_schema_version": 0,
          "private": "eyJlMmJmYjczMC1lY2FhLTExZTYtOGY4OC0zNDM2M2JjN2M0YzAiOnsiY3JlYXRlIjoxMjAwMDAwMDAwMDAwLCJkZWxldGUiOjEyMDAwMDAwMDAwMDAsInVwZGF0ZSI6MTIwMDAwMDAwMDAwMH19",
          "dependencies": [
            "module.network.aws_vpc.vpc"
          ]
        }
      ]
    },
    {
      "module": "module.network",
      "mode": "managed",
      "type": "aws_security_group",
      "name": "bastion_sg",
      "provider": "provider[\"registry.terraform.io/hashicorp/aws\"]",
      "instances": [
        {
          "schema_version": 1,
          "attributes": {
            "arn": "arn:aws:ec2:ap-northeast-2:089955620282:security-group/sg-07241042784ccb952",
            "description": "Managed by Terraform",
            "egress": [
              {
                "cidr_blocks": [
                  "0.0.0.0/0"
                ],
                "description": "",
                "from_port": 0,
                "ipv6_cidr_blocks": [],
                "prefix_list_ids": [],
                "protocol": "-1",
                "security_groups": [],
                "self": false,
                "to_port": 0
              }
            ],
            "id": "sg-07241042784ccb952",
            "ingress": [
              {
                "cidr_blocks": [
                  "0.0.0.0/0"
                ],
                "description": "",
                "from_port": 22,
                "ipv6_cidr_blocks": [],
                "prefix_list_ids": [],
                "protocol": "tcp",
                "security_groups": [],
                "self": false,
                "to_port": 22
              }
            ],
            "name": "Bastion-SG",
            "name_prefix": "",
            "owner_id": "089955620282",
            "region": "ap-northeast-2",
            "revoke_rules_on_delete": false,
            "tags": {
              "Name": "Bastion-SG"
            },
            "tags_all": {
              "Name": "Bastion-SG"
            },
            "timeouts": null,
            "vpc_id": "vpc-0144e4e60e26969cd"
          },
          "sensitive_attributes": [],
          "identity_schema_version": 0,
          "identity": {
            "account_id": "089955620282",
            "id": "sg-07241042784ccb952",
            "region": "ap-northeast-2"
          },
          "private": "eyJlMmJmYjczMC1lY2FhLTExZTYtOGY4OC0zNDM2M2JjN2M0YzAiOnsiY3JlYXRlIjo2MDAwMDAwMDAwMDAsImRlbGV0ZSI6OTAwMDAwMDAwMDAwfSwic2NoZW1hX3ZlcnNpb24iOiIxIn0=",
          "dependencies": [
            "module.network.aws_vpc.vpc"
          ]
        }
      ]
    },
    {
      "module": "module.network",
      "mode": "managed",
      "type": "aws_security_group",
      "name": "db_sg",
      "provider": "provider[\"registry.terraform.io/hashicorp/aws\"]",
      "instances": [
        {
          "schema_version": 1,
          "attributes": {
            "arn": "arn:aws:ec2:ap-northeast-2:089955620282:security-group/sg-01d7fb64b822f1ac6",
            "description": "Managed by Terraform",
            "egress": [
              {
                "cidr_blocks": [
                  "0.0.0.0/0"
                ],
                "description": "",
                "from_port": 0,
                "ipv6_cidr_blocks": [],
                "prefix_list_ids": [],
                "protocol": "-1",
                "security_groups": [],
                "self": false,
                "to_port": 0
              }
            ],
            "id": "sg-01d7fb64b822f1ac6",
            "ingress": [
              {
                "cidr_blocks": [
                  "10.0.0.0/16"
                ],
                "description": "",
                "from_port": 3306,
                "ipv6_cidr_blocks": [],
                "prefix_list_ids": [],
                "protocol": "tcp",
                "security_groups": [],
                "self": false,
                "to_port": 3306
              }
            ],
            "name": "DB-SG",
            "name_prefix": "",
            "owner_id": "089955620282",
            "region": "ap-northeast-2",
            "revoke_rules_on_delete": false,
            "tags": {
              "Name": "DB-SG"
            },
            "tags_all": {
              "Name": "DB-SG"
            },
            "timeouts": null,
            "vpc_id": "vpc-0144e4e60e26969cd"
          },
          "sensitive_attributes": [],
          "identity_schema_version": 0,
          "identity": {
            "account_id": "089955620282",
            "id": "sg-01d7fb64b822f1ac6",
            "region": "ap-northeast-2"
          },
          "private": "eyJlMmJmYjczMC1lY2FhLTExZTYtOGY4OC0zNDM2M2JjN2M0YzAiOnsiY3JlYXRlIjo2MDAwMDAwMDAwMDAsImRlbGV0ZSI6OTAwMDAwMDAwMDAwfSwic2NoZW1hX3ZlcnNpb24iOiIxIn0=",
          "dependencies": [
            "module.network.aws_vpc.vpc"
          ]
        }
      ]
    },
    {
      "module": "module.network",
      "mode": "managed",
      "type": "aws_security_group",
      "name": "internal_nlb_sg",
      "provider": "provider[\"registry.terraform.io/hashicorp/aws\"]",
      "instances": [
        {
          "schema_version": 1,
          "attributes": {
            "arn": "arn:aws:ec2:ap-northeast-2:089955620282:security-group/sg-0af786bcc3a2afe70",
            "description": "Managed by Terraform",
            "egress": [
              {
                "cidr_blocks": [
                  "0.0.0.0/0"
                ],
                "description": "",
                "from_port": 0,
                "ipv6_cidr_blocks": [],
                "prefix_list_ids": [],
                "protocol": "-1",
                "security_groups": [],
                "self": false,
                "to_port": 0
              }
            ],
            "id": "sg-0af786bcc3a2afe70",
            "ingress": [
              {
                "cidr_blocks": [
                  "10.0.0.0/16"
                ],
                "description": "",
                "from_port": 9000,
                "ipv6_cidr_blocks": [],
                "prefix_list_ids": [],
                "protocol": "tcp",
                "security_groups": [],
                "self": false,
                "to_port": 9000
              }
            ],
            "name": "Internal-NLB-SG",
            "name_prefix": "",
            "owner_id": "089955620282",
            "region": "ap-northeast-2",
            "revoke_rules_on_delete": false,
            "tags": {
              "Name": "Internal-NLB-SG"
            },
            "tags_all": {
              "Name": "Internal-NLB-SG"
            },
            "timeouts": null,
            "vpc_id": "vpc-0144e4e60e26969cd"
          },
          "sensitive_attributes": [],
          "identity_schema_version": 0,
          "identity": {
            "account_id": "089955620282",
            "id": "sg-0af786bcc3a2afe70",
            "region": "ap-northeast-2"
          },
          "private": "eyJlMmJmYjczMC1lY2FhLTExZTYtOGY4OC0zNDM2M2JjN2M0YzAiOnsiY3JlYXRlIjo2MDAwMDAwMDAwMDAsImRlbGV0ZSI6OTAwMDAwMDAwMDAwfSwic2NoZW1hX3ZlcnNpb24iOiIxIn0=",
          "dependencies": [
            "module.network.aws_vpc.vpc"
          ]
        }
      ]
    },
    {
      "module": "module.network",
      "mode": "managed",
      "type": "aws_security_group",
      "name": "nat_sg",
      "provider": "provider[\"registry.terraform.io/hashicorp/aws\"]",
      "instances": [
        {
          "schema_version": 1,
          "attributes": {
            "arn": "arn:aws:ec2:ap-northeast-2:089955620282:security-group/sg-0fa24da8dfa321493",
            "description": "Managed by Terraform",
            "egress": [
              {
                "cidr_blocks": [
                  "0.0.0.0/0"
                ],
                "description": "",
                "from_port": 0,
                "ipv6_cidr_blocks": [],
                "prefix_list_ids": [],
                "protocol": "-1",
                "security_groups": [],
                "self": false,
                "to_port": 0
              }
            ],
            "id": "sg-0fa24da8dfa321493",
            "ingress": [
              {
                "cidr_blocks": [
                  "10.0.0.0/16"
                ],
                "description": "",
                "from_port": 22,
                "ipv6_cidr_blocks": [],
                "prefix_list_ids": [],
                "protocol": "tcp",
                "security_groups": [],
                "self": false,
                "to_port": 22
              },
              {
                "cidr_blocks": [
                  "10.0.0.0/16"
                ],
                "description": "",
                "from_port": 443,
                "ipv6_cidr_blocks": [],
                "prefix_list_ids": [],
                "protocol": "tcp",
                "security_groups": [],
                "self": false,
                "to_port": 443
              },
              {
                "cidr_blocks": [
                  "10.0.0.0/16"
                ],
                "description": "",
                "from_port": 53,
                "ipv6_cidr_blocks": [],
                "prefix_list_ids": [],
                "protocol": "tcp",
                "security_groups": [],
                "self": false,
                "to_port": 53
              },
              {
                "cidr_blocks": [
                  "10.0.0.0/16"
                ],
                "description": "",
                "from_port": 53,
                "ipv6_cidr_blocks": [],
                "prefix_list_ids": [],
                "protocol": "udp",
                "security_groups": [],
                "self": false,
                "to_port": 53
              },
              {
                "cidr_blocks": [
                  "10.0.0.0/16"
                ],
                "description": "",
                "from_port": 80,
                "ipv6_cidr_blocks": [],
                "prefix_list_ids": [],
                "protocol": "tcp",
                "security_groups": [],
                "self": false,
                "to_port": 80
              }
            ],
            "name": "NAT-SG",
            "name_prefix": "",
            "owner_id": "089955620282",
            "region": "ap-northeast-2",
            "revoke_rules_on_delete": false,
            "tags": {
              "Name": "NAT-SG"
            },
            "tags_all": {
              "Name": "NAT-SG"
            },
            "timeouts": null,
            "vpc_id": "vpc-0144e4e60e26969cd"
          },
          "sensitive_attributes": [],
          "identity_schema_version": 0,
          "identity": {
            "account_id": "089955620282",
            "id": "sg-0fa24da8dfa321493",
            "region": "ap-northeast-2"
          },
          "private": "eyJlMmJmYjczMC1lY2FhLTExZTYtOGY4OC0zNDM2M2JjN2M0YzAiOnsiY3JlYXRlIjo2MDAwMDAwMDAwMDAsImRlbGV0ZSI6OTAwMDAwMDAwMDAwfSwic2NoZW1hX3ZlcnNpb24iOiIxIn0=",
          "dependencies": [
            "module.network.aws_vpc.vpc"
          ]
        }
      ]
    },
    {
      "module": "module.network",
      "mode": "managed",
      "type": "aws_security_group",
      "name": "public_alb_sg",
      "provider": "provider[\"registry.terraform.io/hashicorp/aws\"]",
      "instances": [
        {
          "schema_version": 1,
          "attributes": {
            "arn": "arn:aws:ec2:ap-northeast-2:089955620282:security-group/sg-0e876cb81009133b5",
            "description": "Managed by Terraform",
            "egress": [
              {
                "cidr_blocks": [
                  "0.0.0.0/0"
                ],
                "description": "",
                "from_port": 0,
                "ipv6_cidr_blocks": [],
                "prefix_list_ids": [],
                "protocol": "-1",
                "security_groups": [],
                "self": false,
                "to_port": 0
              }
            ],
            "id": "sg-0e876cb81009133b5",
            "ingress": [
              {
                "cidr_blocks": [
                  "0.0.0.0/0"
                ],
                "description": "",
                "from_port": 443,
                "ipv6_cidr_blocks": [],
                "prefix_list_ids": [],
                "protocol": "tcp",
                "security_groups": [],
                "self": false,
                "to_port": 443
              },
              {
                "cidr_blocks": [
                  "0.0.0.0/0"
                ],
                "description": "",
                "from_port": 80,
                "ipv6_cidr_blocks": [],
                "prefix_list_ids": [],
                "protocol": "tcp",
                "security_groups": [],
                "self": false,
                "to_port": 80
              }
            ],
            "name": "Public-ALB-SG",
            "name_prefix": "",
            "owner_id": "089955620282",
            "region": "ap-northeast-2",
            "revoke_rules_on_delete": false,
            "tags": {
              "Name": "Public-ALB-SG"
            },
            "tags_all": {
              "Name": "Public-ALB-SG"
            },
            "timeouts": null,
            "vpc_id": "vpc-0144e4e60e26969cd"
          },
          "sensitive_attributes": [],
          "identity_schema_version": 0,
          "identity": {
            "account_id": "089955620282",
            "id": "sg-0e876cb81009133b5",
            "region": "ap-northeast-2"
          },
          "private": "eyJlMmJmYjczMC1lY2FhLTExZTYtOGY4OC0zNDM2M2JjN2M0YzAiOnsiY3JlYXRlIjo2MDAwMDAwMDAwMDAsImRlbGV0ZSI6OTAwMDAwMDAwMDAwfSwic2NoZW1hX3ZlcnNpb24iOiIxIn0=",
          "dependencies": [
            "module.network.aws_vpc.vpc"
          ]
        }
      ]
    },
    {
      "module": "module.network",
      "mode": "managed",
      "type": "aws_security_group",
      "name": "was_sg",
      "provider": "provider[\"registry.terraform.io/hashicorp/aws\"]",
      "instances": [
        {
          "schema_version": 1,
          "attributes": {
            "arn": "arn:aws:ec2:ap-northeast-2:089955620282:security-group/sg-0875ffbd70ee6e845",
            "description": "Managed by Terraform",
            "egress": [
              {
                "cidr_blocks": [
                  "0.0.0.0/0"
                ],
                "description": "",
                "from_port": 0,
                "ipv6_cidr_blocks": [],
                "prefix_list_ids": [],
                "protocol": "-1",
                "security_groups": [],
                "self": false,
                "to_port": 0
              }
            ],
            "id": "sg-0875ffbd70ee6e845",
            "ingress": [
              {
                "cidr_blocks": [
                  "10.0.0.0/16"
                ],
                "description": "",
                "from_port": 22,
                "ipv6_cidr_blocks": [],
                "prefix_list_ids": [],
                "protocol": "tcp",
                "security_groups": [],
                "self": false,
                "to_port": 22
              },
              {
                "cidr_blocks": [
                  "10.0.0.0/16"
                ],
                "description": "",
                "from_port": 9000,
                "ipv6_cidr_blocks": [],
                "prefix_list_ids": [],
                "protocol": "tcp",
                "security_groups": [],
                "self": false,
                "to_port": 9000
              }
            ],
            "name": "WAS-SG",
            "name_prefix": "",
            "owner_id": "089955620282",
            "region": "ap-northeast-2",
            "revoke_rules_on_delete": false,
            "tags": {
              "Name": "WAS-SG"
            },
            "tags_all": {
              "Name": "WAS-SG"
            },
            "timeouts": null,
            "vpc_id": "vpc-0144e4e60e26969cd"
          },
          "sensitive_attributes": [],
          "identity_schema_version": 0,
          "identity": {
            "account_id": "089955620282",
            "id": "sg-0875ffbd70ee6e845",
            "region": "ap-northeast-2"
          },
          "private": "eyJlMmJmYjczMC1lY2FhLTExZTYtOGY4OC0zNDM2M2JjN2M0YzAiOnsiY3JlYXRlIjo2MDAwMDAwMDAwMDAsImRlbGV0ZSI6OTAwMDAwMDAwMDAwfSwic2NoZW1hX3ZlcnNpb24iOiIxIn0=",
          "dependencies": [
            "module.network.aws_vpc.vpc"
          ]
        }
      ]
    },
    {
      "module": "module.network",
      "mode": "managed",
      "type": "aws_security_group",
      "name": "web_sg",
      "provider": "provider[\"registry.terraform.io/hashicorp/aws\"]",
      "instances": [
        {
          "schema_version": 1,
          "attributes": {
            "arn": "arn:aws:ec2:ap-northeast-2:089955620282:security-group/sg-09d22c46598c9f1cc",
            "description": "Managed by Terraform",
            "egress": [
              {
                "cidr_blocks": [
                  "0.0.0.0/0"
                ],
                "description": "",
                "from_port": 0,
                "ipv6_cidr_blocks": [],
                "prefix_list_ids": [],
                "protocol": "-1",
                "security_groups": [],
                "self": false,
                "to_port": 0
              }
            ],
            "id": "sg-09d22c46598c9f1cc",
            "ingress": [
              {
                "cidr_blocks": [
                  "0.0.0.0/0"
                ],
                "description": "",
                "from_port": 443,
                "ipv6_cidr_blocks": [],
                "prefix_list_ids": [],
                "protocol": "tcp",
                "security_groups": [],
                "self": false,
                "to_port": 443
              },
              {
                "cidr_blocks": [
                  "0.0.0.0/0"
                ],
                "description": "",
                "from_port": 80,
                "ipv6_cidr_blocks": [],
                "prefix_list_ids": [],
                "protocol": "tcp",
                "security_groups": [],
                "self": false,
                "to_port": 80
              },
              {
                "cidr_blocks": [
                  "10.0.0.0/16"
                ],
                "description": "",
                "from_port": 22,
                "ipv6_cidr_blocks": [],
                "prefix_list_ids": [],
                "protocol": "tcp",
                "security_groups": [],
                "self": false,
                "to_port": 22
              }
            ],
            "name": "WEB-SG",
            "name_prefix": "",
            "owner_id": "089955620282",
            "region": "ap-northeast-2",
            "revoke_rules_on_delete": false,
            "tags": {
              "Name": "WEB-SG"
            },
            "tags_all": {
              "Name": "WEB-SG"
            },
            "timeouts": null,
            "vpc_id": "vpc-0144e4e60e26969cd"
          },
          "sensitive_attributes": [],
          "identity_schema_version": 0,
          "identity": {
            "account_id": "089955620282",
            "id": "sg-09d22c46598c9f1cc",
            "region": "ap-northeast-2"
          },
          "private": "eyJlMmJmYjczMC1lY2FhLTExZTYtOGY4OC0zNDM2M2JjN2M0YzAiOnsiY3JlYXRlIjo2MDAwMDAwMDAwMDAsImRlbGV0ZSI6OTAwMDAwMDAwMDAwfSwic2NoZW1hX3ZlcnNpb24iOiIxIn0=",
          "dependencies": [
            "module.network.aws_vpc.vpc"
          ]
        }
      ]
    },
    {
      "module": "module.network",
      "mode": "managed",
      "type": "aws_subnet",
      "name": "priv_1",
      "provider": "provider[\"registry.terraform.io/hashicorp/aws\"]",
      "instances": [
        {
          "schema_version": 1,
          "attributes": {
            "arn": "arn:aws:ec2:ap-northeast-2:089955620282:subnet/subnet-0e3c7c9c0a62f3732",
            "assign_ipv6_address_on_creation": false,
            "availability_zone": "ap-northeast-2a",
            "availability_zone_id": "apne2-az1",
            "cidr_block": "10.0.11.0/24",
            "customer_owned_ipv4_pool": "",
            "enable_dns64": false,
            "enable_lni_at_device_index": 0,
            "enable_resource_name_dns_a_record_on_launch": false,
            "enable_resource_name_dns_aaaa_record_on_launch": false,
            "id": "subnet-0e3c7c9c0a62f3732",
            "ipv6_cidr_block": "",
            "ipv6_cidr_block_association_id": "",
            "ipv6_native": false,
            "map_customer_owned_ip_on_launch": false,
            "map_public_ip_on_launch": false,
            "outpost_arn": "",
            "owner_id": "089955620282",
            "private_dns_hostname_type_on_launch": "ip-name",
            "region": "ap-northeast-2",
            "tags": {
              "Name": "Private_Subnet_1"
            },
            "tags_all": {
              "Name": "Private_Subnet_1"
            },
            "timeouts": null,
            "vpc_id": "vpc-0144e4e60e26969cd"
          },
          "sensitive_attributes": [],
          "identity_schema_version": 0,
          "identity": {
            "account_id": "089955620282",
            "id": "subnet-0e3c7c9c0a62f3732",
            "region": "ap-northeast-2"
          },
          "private": "eyJlMmJmYjczMC1lY2FhLTExZTYtOGY4OC0zNDM2M2JjN2M0YzAiOnsiY3JlYXRlIjo2MDAwMDAwMDAwMDAsImRlbGV0ZSI6MTIwMDAwMDAwMDAwMH0sInNjaGVtYV92ZXJzaW9uIjoiMSJ9",
          "dependencies": [
            "module.network.aws_vpc.vpc",
            "module.network.data.aws_availability_zones.az"
          ]
        }
      ]
    },
    {
      "module": "module.network",
      "mode": "managed",
      "type": "aws_subnet",
      "name": "priv_2",
      "provider": "provider[\"registry.terraform.io/hashicorp/aws\"]",
      "instances": [
        {
          "schema_version": 1,
          "attributes": {
            "arn": "arn:aws:ec2:ap-northeast-2:089955620282:subnet/subnet-0304cd4fe88a90c77",
            "assign_ipv6_address_on_creation": false,
            "availability_zone": "ap-northeast-2b",
            "availability_zone_id": "apne2-az2",
            "cidr_block": "10.0.12.0/24",
            "customer_owned_ipv4_pool": "",
            "enable_dns64": false,
            "enable_lni_at_device_index": 0,
            "enable_resource_name_dns_a_record_on_launch": false,
            "enable_resource_name_dns_aaaa_record_on_launch": false,
            "id": "subnet-0304cd4fe88a90c77",
            "ipv6_cidr_block": "",
            "ipv6_cidr_block_association_id": "",
            "ipv6_native": false,
            "map_customer_owned_ip_on_launch": false,
            "map_public_ip_on_launch": false,
            "outpost_arn": "",
            "owner_id": "089955620282",
            "private_dns_hostname_type_on_launch": "ip-name",
            "region": "ap-northeast-2",
            "tags": {
              "Name": "Private_Subnet_2"
            },
            "tags_all": {
              "Name": "Private_Subnet_2"
            },
            "timeouts": null,
            "vpc_id": "vpc-0144e4e60e26969cd"
          },
          "sensitive_attributes": [],
          "identity_schema_version": 0,
          "identity": {
            "account_id": "089955620282",
            "id": "subnet-0304cd4fe88a90c77",
            "region": "ap-northeast-2"
          },
          "private": "eyJlMmJmYjczMC1lY2FhLTExZTYtOGY4OC0zNDM2M2JjN2M0YzAiOnsiY3JlYXRlIjo2MDAwMDAwMDAwMDAsImRlbGV0ZSI6MTIwMDAwMDAwMDAwMH0sInNjaGVtYV92ZXJzaW9uIjoiMSJ9",
          "dependencies": [
            "module.network.aws_vpc.vpc",
            "module.network.data.aws_availability_zones.az"
          ]
        }
      ]
    },
    {
      "module": "module.network",
      "mode": "managed",
      "type": "aws_subnet",
      "name": "pub_1",
      "provider": "provider[\"registry.terraform.io/hashicorp/aws\"]",
      "instances": [
        {
          "schema_version": 1,
          "attributes": {
            "arn": "arn:aws:ec2:ap-northeast-2:089955620282:subnet/subnet-05d99bfa47bab9883",
            "assign_ipv6_address_on_creation": false,
            "availability_zone": "ap-northeast-2a",
            "availability_zone_id": "apne2-az1",
            "cidr_block": "10.0.1.0/24",
            "customer_owned_ipv4_pool": "",
            "enable_dns64": false,
            "enable_lni_at_device_index": 0,
            "enable_resource_name_dns_a_record_on_launch": false,
            "enable_resource_name_dns_aaaa_record_on_launch": false,
            "id": "subnet-05d99bfa47bab9883",
            "ipv6_cidr_block": "",
            "ipv6_cidr_block_association_id": "",
            "ipv6_native": false,
            "map_customer_owned_ip_on_launch": false,
            "map_public_ip_on_launch": false,
            "outpost_arn": "",
            "owner_id": "089955620282",
            "private_dns_hostname_type_on_launch": "ip-name",
            "region": "ap-northeast-2",
            "tags": {
              "Name": "Public_Subnet_1"
            },
            "tags_all": {
              "Name": "Public_Subnet_1"
            },
            "timeouts": null,
            "vpc_id": "vpc-0144e4e60e26969cd"
          },
          "sensitive_attributes": [],
          "identity_schema_version": 0,
          "identity": {
            "account_id": "089955620282",
            "id": "subnet-05d99bfa47bab9883",
            "region": "ap-northeast-2"
          },
          "private": "eyJlMmJmYjczMC1lY2FhLTExZTYtOGY4OC0zNDM2M2JjN2M0YzAiOnsiY3JlYXRlIjo2MDAwMDAwMDAwMDAsImRlbGV0ZSI6MTIwMDAwMDAwMDAwMH0sInNjaGVtYV92ZXJzaW9uIjoiMSJ9",
          "dependencies": [
            "module.network.aws_vpc.vpc",
            "module.network.data.aws_availability_zones.az"
          ]
        }
      ]
    },
    {
      "module": "module.network",
      "mode": "managed",
      "type": "aws_subnet",
      "name": "pub_2",
      "provider": "provider[\"registry.terraform.io/hashicorp/aws\"]",
      "instances": [
        {
          "schema_version": 1,
          "attributes": {
            "arn": "arn:aws:ec2:ap-northeast-2:089955620282:subnet/subnet-016a0353c4e8a34ef",
            "assign_ipv6_address_on_creation": false,
            "availability_zone": "ap-northeast-2b",
            "availability_zone_id": "apne2-az2",
            "cidr_block": "10.0.2.0/24",
            "customer_owned_ipv4_pool": "",
            "enable_dns64": false,
            "enable_lni_at_device_index": 0,
            "enable_resource_name_dns_a_record_on_launch": false,
            "enable_resource_name_dns_aaaa_record_on_launch": false,
            "id": "subnet-016a0353c4e8a34ef",
            "ipv6_cidr_block": "",
            "ipv6_cidr_block_association_id": "",
            "ipv6_native": false,
            "map_customer_owned_ip_on_launch": false,
            "map_public_ip_on_launch": false,
            "outpost_arn": "",
            "owner_id": "089955620282",
            "private_dns_hostname_type_on_launch": "ip-name",
            "region": "ap-northeast-2",
            "tags": {
              "Name": "Public_Subnet_2"
            },
            "tags_all": {
              "Name": "Public_Subnet_2"
            },
            "timeouts": null,
            "vpc_id": "vpc-0144e4e60e26969cd"
          },
          "sensitive_attributes": [],
          "identity_schema_version": 0,
          "identity": {
            "account_id": "089955620282",
            "id": "subnet-016a0353c4e8a34ef",
            "region": "ap-northeast-2"
          },
          "private": "eyJlMmJmYjczMC1lY2FhLTExZTYtOGY4OC0zNDM2M2JjN2M0YzAiOnsiY3JlYXRlIjo2MDAwMDAwMDAwMDAsImRlbGV0ZSI6MTIwMDAwMDAwMDAwMH0sInNjaGVtYV92ZXJzaW9uIjoiMSJ9",
          "dependencies": [
            "module.network.aws_vpc.vpc",
            "module.network.data.aws_availability_zones.az"
          ]
        }
      ]
    },
    {
      "module": "module.network",
      "mode": "managed",
      "type": "aws_vpc",
      "name": "vpc",
      "provider": "provider[\"registry.terraform.io/hashicorp/aws\"]",
      "instances": [
        {
          "schema_version": 1,
          "attributes": {
            "arn": "arn:aws:ec2:ap-northeast-2:089955620282:vpc/vpc-0144e4e60e26969cd",
            "assign_generated_ipv6_cidr_block": false,
            "cidr_block": "10.0.0.0/16",
            "default_network_acl_id": "acl-065e384e53d9c26aa",
            "default_route_table_id": "rtb-0985e6011911a81c6",
            "default_security_group_id": "sg-0039b49bce73b7da1",
            "dhcp_options_id": "dopt-085f3a7e0f0c96ee1",
            "enable_dns_hostnames": false,
            "enable_dns_support": true,
            "enable_network_address_usage_metrics": false,
            "id": "vpc-0144e4e60e26969cd",
            "instance_tenancy": "default",
            "ipv4_ipam_pool_id": null,
            "ipv4_netmask_length": null,
            "ipv6_association_id": "",
            "ipv6_cidr_block": "",
            "ipv6_cidr_block_network_border_group": "",
            "ipv6_ipam_pool_id": "",
            "ipv6_netmask_length": 0,
            "main_route_table_id": "rtb-0985e6011911a81c6",
            "owner_id": "089955620282",
            "region": "ap-northeast-2",
            "tags": {
              "Name": "Final-Project-VPC"
            },
            "tags_all": {
              "Name": "Final-Project-VPC"
            }
          },
          "sensitive_attributes": [],
          "identity_schema_version": 0,
          "identity": {
            "account_id": "089955620282",
            "id": "vpc-0144e4e60e26969cd",
            "region": "ap-northeast-2"
          },
          "private": "eyJzY2hlbWFfdmVyc2lvbiI6IjEifQ=="
        }
      ]
    },
    {
      "module": "module.rds_database",
      "mode": "managed",
      "type": "aws_db_instance",
      "name": "default",
      "provider": "provider[\"registry.terraform.io/hashicorp/aws\"]",
      "instances": [
        {
          "schema_version": 2,
          "attributes": {
            "address": "terraform-20251230060105656300000004.chsgo2iu4ob1.ap-northeast-2.rds.amazonaws.com",
            "allocated_storage": 20,
            "allow_major_version_upgrade": null,
            "apply_immediately": false,
            "arn": "arn:aws:rds:ap-northeast-2:089955620282:db:terraform-20251230060105656300000004",
            "auto_minor_version_upgrade": true,
            "availability_zone": "ap-northeast-2b",
            "backup_retention_period": 7,
            "backup_target": "region",
            "backup_window": "19:57-20:27",
            "blue_green_update": [],
            "ca_cert_identifier": "rds-ca-rsa2048-g1",
            "character_set_name": "",
            "copy_tags_to_snapshot": false,
            "custom_iam_instance_profile": "",
            "customer_owned_ip_enabled": false,
            "database_insights_mode": "standard",
            "db_name": "test_db",
            "db_subnet_group_name": "mzc-rds-subnet-group",
            "dedicated_log_volume": false,
            "delete_automated_backups": true,
            "deletion_protection": false,
            "domain": "",
            "domain_auth_secret_arn": "",
            "domain_dns_ips": [],
            "domain_fqdn": "",
            "domain_iam_role_name": "",
            "domain_ou": "",
            "enabled_cloudwatch_logs_exports": [],
            "endpoint": "terraform-20251230060105656300000004.chsgo2iu4ob1.ap-northeast-2.rds.amazonaws.com:3306",
            "engine": "mysql",
            "engine_lifecycle_support": "open-source-rds-extended-support",
            "engine_version": "8.0",
            "engine_version_actual": "8.0.43",
            "final_snapshot_identifier": null,
            "hosted_zone_id": "ZLA2NUCOLGUUR",
            "iam_database_authentication_enabled": false,
            "id": "db-VCMQWZVBGCPTOHQGQWYZJQITMI",
            "identifier": "terraform-20251230060105656300000004",
            "identifier_prefix": "terraform-",
            "instance_class": "db.t3.micro",
            "iops": 3000,
            "kms_key_id": "",
            "latest_restorable_time": "2025-12-30T06:45:00Z",
            "license_model": "general-public-license",
            "listener_endpoint": [],
            "maintenance_window": "mon:18:43-mon:19:13",
            "manage_master_user_password": null,
            "master_user_secret": [],
            "master_user_secret_kms_key_id": null,
            "max_allocated_storage": 0,
            "monitoring_interval": 0,
            "monitoring_role_arn": "",
            "multi_az": false,
            "nchar_character_set_name": "",
            "network_type": "IPV4",
            "option_group_name": "default:mysql-8-0",
            "parameter_group_name": "default.mysql8.0",
            "password": "user01password",
            "password_wo": null,
            "password_wo_version": null,
            "performance_insights_enabled": false,
            "performance_insights_kms_key_id": "",
            "performance_insights_retention_period": 0,
            "port": 3306,
            "publicly_accessible": false,
            "region": "ap-northeast-2",
            "replica_mode": "",
            "replicas": [],
            "replicate_source_db": "",
            "resource_id": "db-VCMQWZVBGCPTOHQGQWYZJQITMI",
            "restore_to_point_in_time": [],
            "s3_import": [],
            "skip_final_snapshot": true,
            "snapshot_identifier": null,
            "status": "available",
            "storage_encrypted": false,
            "storage_throughput": 125,
            "storage_type": "gp3",
            "tags": {
              "Name": "MZC-MySQL-DB"
            },
            "tags_all": {
              "Name": "MZC-MySQL-DB"
            },
            "timeouts": null,
            "timezone": "",
            "upgrade_rollout_order": "second",
            "upgrade_storage_config": null,
            "username": "user01",
            "vpc_security_group_ids": [
              "sg-0b08c04c6581b8c28"
            ]
          },
          "sensitive_attributes": [
            [
              {
                "type": "get_attr",
                "value": "password"
              }
            ],
            [
              {
                "type": "get_attr",
                "value": "password_wo"
              }
            ]
          ],
          "identity_schema_version": 0,
          "private": "eyJlMmJmYjczMC1lY2FhLTExZTYtOGY4OC0zNDM2M2JjN2M0YzAiOnsiY3JlYXRlIjozMDAwMDAwMDAwMDAwLCJkZWxldGUiOjM2MDAwMDAwMDAwMDAsInVwZGF0ZSI6NDgwMDAwMDAwMDAwMH0sInNjaGVtYV92ZXJzaW9uIjoiMiJ9",
          "dependencies": [
            "module.network.aws_security_group.bastion_sg",
            "module.network.aws_security_group.was_sg",
            "module.network.aws_subnet.priv_1",
            "module.network.aws_subnet.priv_2",
            "module.network.aws_vpc.vpc",
            "module.network.data.aws_availability_zones.az",
            "module.rds_database.aws_db_subnet_group.rds_subnet_group",
            "module.rds_database.aws_security_group.db_sg"
          ]
        }
      ]
    },
    {
      "module": "module.rds_database",
      "mode": "managed",
      "type": "aws_db_subnet_group",
      "name": "rds_subnet_group",
      "provider": "provider[\"registry.terraform.io/hashicorp/aws\"]",
      "instances": [
        {
          "schema_version": 0,
          "attributes": {
            "arn": "arn:aws:rds:ap-northeast-2:089955620282:subgrp:mzc-rds-subnet-group",
            "description": "Managed by Terraform",
            "id": "mzc-rds-subnet-group",
            "name": "mzc-rds-subnet-group",
            "name_prefix": "",
            "region": "ap-northeast-2",
            "subnet_ids": [
              "subnet-0304cd4fe88a90c77",
              "subnet-0e3c7c9c0a62f3732"
            ],
            "supported_network_types": [
              "IPV4"
            ],
            "tags": {
              "Name": "MZC-DB-Subnet-Group"
            },
            "tags_all": {
              "Name": "MZC-DB-Subnet-Group"
            },
            "vpc_id": "vpc-0144e4e60e26969cd"
          },
          "sensitive_attributes": [],
          "identity_schema_version": 0,
          "private": "bnVsbA==",
          "dependencies": [
            "module.network.aws_subnet.priv_1",
            "module.network.aws_subnet.priv_2",
            "module.network.aws_vpc.vpc",
            "module.network.data.aws_availability_zones.az"
          ]
        }
      ]
    },
    {
      "module": "module.rds_database",
      "mode": "managed",
      "type": "aws_security_group",
      "name": "db_sg",
      "provider": "provider[\"registry.terraform.io/hashicorp/aws\"]",
      "instances": [
        {
          "schema_version": 1,
          "attributes": {
            "arn": "arn:aws:ec2:ap-northeast-2:089955620282:security-group/sg-0b08c04c6581b8c28",
            "description": "Managed by Terraform",
            "egress": [
              {
                "cidr_blocks": [
                  "0.0.0.0/0"
                ],
                "description": "",
                "from_port": 0,
                "ipv6_cidr_blocks": [],
                "prefix_list_ids": [],
                "protocol": "-1",
                "security_groups": [],
                "self": false,
                "to_port": 0
              }
            ],
            "id": "sg-0b08c04c6581b8c28",
            "ingress": [
              {
                "cidr_blocks": [],
                "description": "",
                "from_port": 3306,
                "ipv6_cidr_blocks": [],
                "prefix_list_ids": [],
                "protocol": "tcp",
                "security_groups": [
                  "sg-07241042784ccb952",
                  "sg-0875ffbd70ee6e845"
                ],
                "self": false,
                "to_port": 3306
              }
            ],
            "name": "mzc-db-sg",
            "name_prefix": "",
            "owner_id": "089955620282",
            "region": "ap-northeast-2",
            "revoke_rules_on_delete": false,
            "tags": {
              "Name": "MZC-DB-SG"
            },
            "tags_all": {
              "Name": "MZC-DB-SG"
            },
            "timeouts": null,
            "vpc_id": "vpc-0144e4e60e26969cd"
          },
          "sensitive_attributes": [],
          "identity_schema_version": 0,
          "identity": {
            "account_id": "089955620282",
            "id": "sg-0b08c04c6581b8c28",
            "region": "ap-northeast-2"
          },
          "private": "eyJlMmJmYjczMC1lY2FhLTExZTYtOGY4OC0zNDM2M2JjN2M0YzAiOnsiY3JlYXRlIjo2MDAwMDAwMDAwMDAsImRlbGV0ZSI6OTAwMDAwMDAwMDAwfSwic2NoZW1hX3ZlcnNpb24iOiIxIn0=",
          "dependencies": [
            "module.network.aws_security_group.bastion_sg",
            "module.network.aws_security_group.was_sg",
            "module.network.aws_vpc.vpc"
          ]
        }
      ]
    }
  ],
  "check_results": null
}
