{
  "version": 4,
  "terraform_version": "1.14.1",
  "serial": 2802,
  "lineage": "c5680f44-1c31-6cfb-23da-4b68763dcf7e",
  "outputs": {
    "website_url": {
      "value": "http://public-alb-1598236303.ap-northeast-2.elb.amazonaws.com",
      "type": "string"
    }
  },
  "resources": [
    {
      "module": "module.alb_system",
      "mode": "managed",
      "type": "aws_lb",
      "name": "internal_nlb",
      "provider": "provider[\"registry.terraform.io/hashicorp/aws\"]",
      "instances": [
        {
          "schema_version": 0,
          "attributes": {
            "access_logs": [
              {
                "bucket": "",
                "enabled": false,
                "prefix": ""
              }
            ],
            "arn": "arn:aws:elasticloadbalancing:ap-northeast-2:089955620282:loadbalancer/net/Internal-NLB/ae1b7b6220be1d42",
            "arn_suffix": "net/Internal-NLB/ae1b7b6220be1d42",
            "client_keep_alive": null,
            "connection_logs": [],
            "customer_owned_ipv4_pool": "",
            "desync_mitigation_mode": null,
            "dns_name": "Internal-NLB-ae1b7b6220be1d42.elb.ap-northeast-2.amazonaws.com",
            "dns_record_client_routing_policy": "any_availability_zone",
            "drop_invalid_header_fields": null,
            "enable_cross_zone_load_balancing": false,
            "enable_deletion_protection": false,
            "enable_http2": null,
            "enable_tls_version_and_cipher_suite_headers": null,
            "enable_waf_fail_open": null,
            "enable_xff_client_port": null,
            "enable_zonal_shift": false,
            "enforce_security_group_inbound_rules_on_private_link_traffic": "",
            "health_check_logs": [],
            "id": "arn:aws:elasticloadbalancing:ap-northeast-2:089955620282:loadbalancer/net/Internal-NLB/ae1b7b6220be1d42",
            "idle_timeout": null,
            "internal": true,
            "ip_address_type": "ipv4",
            "ipam_pools": [],
            "load_balancer_type": "network",
            "minimum_load_balancer_capacity": [],
            "name": "Internal-NLB",
            "name_prefix": "",
            "preserve_host_header": null,
            "region": "ap-northeast-2",
            "secondary_ips_auto_assigned_per_subnet": 0,
            "security_groups": [
              "sg-028e36476d35237ab"
            ],
            "subnet_mapping": [
              {
                "allocation_id": "",
                "ipv6_address": "",
                "outpost_id": "",
                "private_ipv4_address": "",
                "subnet_id": "subnet-0205fce1d3709813d"
              },
              {
                "allocation_id": "",
                "ipv6_address": "",
                "outpost_id": "",
                "private_ipv4_address": "",
                "subnet_id": "subnet-021c7b3924e64cd6b"
              }
            ],
            "subnets": [
              "subnet-0205fce1d3709813d",
              "subnet-021c7b3924e64cd6b"
            ],
            "tags": {
              "Name": "Internal-NLB"
            },
            "tags_all": {
              "Name": "Internal-NLB"
            },
            "timeouts": null,
            "vpc_id": "vpc-01c09f68ac613de26",
            "xff_header_processing_mode": null,
            "zone_id": "ZIBE1TIR4HY56"
          },
          "sensitive_attributes": [],
          "identity_schema_version": 0,
          "identity": {
            "arn": "arn:aws:elasticloadbalancing:ap-northeast-2:089955620282:loadbalancer/net/Internal-NLB/ae1b7b6220be1d42"
          },
          "private": "eyJlMmJmYjczMC1lY2FhLTExZTYtOGY4OC0zNDM2M2JjN2M0YzAiOnsiY3JlYXRlIjo2MDAwMDAwMDAwMDAsImRlbGV0ZSI6NjAwMDAwMDAwMDAwLCJ1cGRhdGUiOjYwMDAwMDAwMDAwMH19",
          "dependencies": [
            "module.network.aws_security_group.internal_nlb_sg",
            "module.network.aws_subnet.priv_1",
            "module.network.aws_subnet.priv_2",
            "module.network.aws_vpc.vpc",
            "module.network.data.aws_availability_zones.az"
          ]
        }
      ]
    },
    {
      "module": "module.alb_system",
      "mode": "managed",
      "type": "aws_lb",
      "name": "public_alb",
      "provider": "provider[\"registry.terraform.io/hashicorp/aws\"]",
      "instances": [
        {
          "schema_version": 0,
          "attributes": {
            "access_logs": [
              {
                "bucket": "",
                "enabled": false,
                "prefix": ""
              }
            ],
            "arn": "arn:aws:elasticloadbalancing:ap-northeast-2:089955620282:loadbalancer/app/public-alb/63e538d13dba10e7",
            "arn_suffix": "app/public-alb/63e538d13dba10e7",
            "client_keep_alive": 3600,
            "connection_logs": [
              {
                "bucket": "",
                "enabled": false,
                "prefix": ""
              }
            ],
            "customer_owned_ipv4_pool": "",
            "desync_mitigation_mode": "defensive",
            "dns_name": "public-alb-1598236303.ap-northeast-2.elb.amazonaws.com",
            "dns_record_client_routing_policy": null,
            "drop_invalid_header_fields": false,
            "enable_cross_zone_load_balancing": true,
            "enable_deletion_protection": false,
            "enable_http2": true,
            "enable_tls_version_and_cipher_suite_headers": false,
            "enable_waf_fail_open": false,
            "enable_xff_client_port": false,
            "enable_zonal_shift": false,
            "enforce_security_group_inbound_rules_on_private_link_traffic": "",
            "health_check_logs": [
              {
                "bucket": "",
                "enabled": false,
                "prefix": ""
              }
            ],
            "id": "arn:aws:elasticloadbalancing:ap-northeast-2:089955620282:loadbalancer/app/public-alb/63e538d13dba10e7",
            "idle_timeout": 60,
            "internal": false,
            "ip_address_type": "ipv4",
            "ipam_pools": [],
            "load_balancer_type": "application",
            "minimum_load_balancer_capacity": [],
            "name": "public-alb",
            "name_prefix": "",
            "preserve_host_header": false,
            "region": "ap-northeast-2",
            "secondary_ips_auto_assigned_per_subnet": null,
            "security_groups": [
              "sg-077b86e67310c6abf"
            ],
            "subnet_mapping": [
              {
                "allocation_id": "",
                "ipv6_address": "",
                "outpost_id": "",
                "private_ipv4_address": "",
                "subnet_id": "subnet-0139dbb2e20ac4de1"
              },
              {
                "allocation_id": "",
                "ipv6_address": "",
                "outpost_id": "",
                "private_ipv4_address": "",
                "subnet_id": "subnet-0887fd638518a252f"
              }
            ],
            "subnets": [
              "subnet-0139dbb2e20ac4de1",
              "subnet-0887fd638518a252f"
            ],
            "tags": {
              "Name": "Public-ALB"
            },
            "tags_all": {
              "Name": "Public-ALB"
            },
            "timeouts": null,
            "vpc_id": "vpc-01c09f68ac613de26",
            "xff_header_processing_mode": "append",
            "zone_id": "ZWKZPGTI48KDX"
          },
          "sensitive_attributes": [],
          "identity_schema_version": 0,
          "identity": {
            "arn": "arn:aws:elasticloadbalancing:ap-northeast-2:089955620282:loadbalancer/app/public-alb/63e538d13dba10e7"
          },
          "private": "eyJlMmJmYjczMC1lY2FhLTExZTYtOGY4OC0zNDM2M2JjN2M0YzAiOnsiY3JlYXRlIjo2MDAwMDAwMDAwMDAsImRlbGV0ZSI6NjAwMDAwMDAwMDAwLCJ1cGRhdGUiOjYwMDAwMDAwMDAwMH19",
          "dependencies": [
            "module.network.aws_security_group.public_alb_sg",
            "module.network.aws_subnet.pub_1",
            "module.network.aws_subnet.pub_2",
            "module.network.aws_vpc.vpc",
            "module.network.data.aws_availability_zones.az"
          ]
        }
      ]
    },
    {
      "module": "module.alb_system",
      "mode": "managed",
      "type": "aws_lb_listener",
      "name": "internal_listener",
      "provider": "provider[\"registry.terraform.io/hashicorp/aws\"]",
      "instances": [
        {
          "schema_version": 0,
          "attributes": {
            "alpn_policy": null,
            "arn": "arn:aws:elasticloadbalancing:ap-northeast-2:089955620282:listener/net/Internal-NLB/ae1b7b6220be1d42/1306219251bf454f",
            "certificate_arn": null,
            "default_action": [
              {
                "authenticate_cognito": [],
                "authenticate_oidc": [],
                "fixed_response": [],
                "forward": [],
                "jwt_validation": [],
                "order": 1,
                "redirect": [],
                "target_group_arn": "arn:aws:elasticloadbalancing:ap-northeast-2:089955620282:targetgroup/was-target-group/d69b034cac49a131",
                "type": "forward"
              }
            ],
            "id": "arn:aws:elasticloadbalancing:ap-northeast-2:089955620282:listener/net/Internal-NLB/ae1b7b6220be1d42/1306219251bf454f",
            "load_balancer_arn": "arn:aws:elasticloadbalancing:ap-northeast-2:089955620282:loadbalancer/net/Internal-NLB/ae1b7b6220be1d42",
            "mutual_authentication": [],
            "port": 9000,
            "protocol": "TCP",
            "region": "ap-northeast-2",
            "routing_http_request_x_amzn_mtls_clientcert_header_name": null,
            "routing_http_request_x_amzn_mtls_clientcert_issuer_header_name": null,
            "routing_http_request_x_amzn_mtls_clientcert_leaf_header_name": null,
            "routing_http_request_x_amzn_mtls_clientcert_serial_number_header_name": null,
            "routing_http_request_x_amzn_mtls_clientcert_subject_header_name": null,
            "routing_http_request_x_amzn_mtls_clientcert_validity_header_name": null,
            "routing_http_request_x_amzn_tls_cipher_suite_header_name": null,
            "routing_http_request_x_amzn_tls_version_header_name": null,
            "routing_http_response_access_control_allow_credentials_header_value": null,
            "routing_http_response_access_control_allow_headers_header_value": null,
            "routing_http_response_access_control_allow_methods_header_value": null,
            "routing_http_response_access_control_allow_origin_header_value": null,
            "routing_http_response_access_control_expose_headers_header_value": null,
            "routing_http_response_access_control_max_age_header_value": null,
            "routing_http_response_content_security_policy_header_value": null,
            "routing_http_response_server_enabled": null,
            "routing_http_response_strict_transport_security_header_value": null,
            "routing_http_response_x_content_type_options_header_value": null,
            "routing_http_response_x_frame_options_header_value": null,
            "ssl_policy": "",
            "tags": null,
            "tags_all": {},
            "tcp_idle_timeout_seconds": 350,
            "timeouts": null
          },
          "sensitive_attributes": [],
          "identity_schema_version": 0,
          "identity": {
            "arn": "arn:aws:elasticloadbalancing:ap-northeast-2:089955620282:listener/net/Internal-NLB/ae1b7b6220be1d42/1306219251bf454f"
          },
          "private": "eyJlMmJmYjczMC1lY2FhLTExZTYtOGY4OC0zNDM2M2JjN2M0YzAiOnsiY3JlYXRlIjozMDAwMDAwMDAwMDAsInVwZGF0ZSI6MzAwMDAwMDAwMDAwfX0=",
          "dependencies": [
            "module.alb_system.aws_lb.internal_nlb",
            "module.alb_system.aws_lb_target_group.internal_nlb_target_group",
            "module.network.aws_security_group.internal_nlb_sg",
            "module.network.aws_subnet.priv_1",
            "module.network.aws_subnet.priv_2",
            "module.network.aws_vpc.vpc",
            "module.network.data.aws_availability_zones.az"
          ]
        }
      ]
    },
    {
      "module": "module.alb_system",
      "mode": "managed",
      "type": "aws_lb_listener",
      "name": "public_listener",
      "provider": "provider[\"registry.terraform.io/hashicorp/aws\"]",
      "instances": [
        {
          "schema_version": 0,
          "attributes": {
            "alpn_policy": null,
            "arn": "arn:aws:elasticloadbalancing:ap-northeast-2:089955620282:listener/app/public-alb/63e538d13dba10e7/5d23cbdf289a1b91",
            "certificate_arn": null,
            "default_action": [
              {
                "authenticate_cognito": [],
                "authenticate_oidc": [],
                "fixed_response": [],
                "forward": [],
                "jwt_validation": [],
                "order": 1,
                "redirect": [],
                "target_group_arn": "arn:aws:elasticloadbalancing:ap-northeast-2:089955620282:targetgroup/web-target-group/b524054f3494cece",
                "type": "forward"
              }
            ],
            "id": "arn:aws:elasticloadbalancing:ap-northeast-2:089955620282:listener/app/public-alb/63e538d13dba10e7/5d23cbdf289a1b91",
            "load_balancer_arn": "arn:aws:elasticloadbalancing:ap-northeast-2:089955620282:loadbalancer/app/public-alb/63e538d13dba10e7",
            "mutual_authentication": [],
            "port": 80,
            "protocol": "HTTP",
            "region": "ap-northeast-2",
            "routing_http_request_x_amzn_mtls_clientcert_header_name": null,
            "routing_http_request_x_amzn_mtls_clientcert_issuer_header_name": null,
            "routing_http_request_x_amzn_mtls_clientcert_leaf_header_name": null,
            "routing_http_request_x_amzn_mtls_clientcert_serial_number_header_name": null,
            "routing_http_request_x_amzn_mtls_clientcert_subject_header_name": null,
            "routing_http_request_x_amzn_mtls_clientcert_validity_header_name": null,
            "routing_http_request_x_amzn_tls_cipher_suite_header_name": null,
            "routing_http_request_x_amzn_tls_version_header_name": null,
            "routing_http_response_access_control_allow_credentials_header_value": "",
            "routing_http_response_access_control_allow_headers_header_value": "",
            "routing_http_response_access_control_allow_methods_header_value": "",
            "routing_http_response_access_control_allow_origin_header_value": "",
            "routing_http_response_access_control_expose_headers_header_value": "",
            "routing_http_response_access_control_max_age_header_value": "",
            "routing_http_response_content_security_policy_header_value": "",
            "routing_http_response_server_enabled": true,
            "routing_http_response_strict_transport_security_header_value": "",
            "routing_http_response_x_content_type_options_header_value": "",
            "routing_http_response_x_frame_options_header_value": "",
            "ssl_policy": "",
            "tags": null,
            "tags_all": {},
            "tcp_idle_timeout_seconds": null,
            "timeouts": null
          },
          "sensitive_attributes": [],
          "identity_schema_version": 0,
          "identity": {
            "arn": "arn:aws:elasticloadbalancing:ap-northeast-2:089955620282:listener/app/public-alb/63e538d13dba10e7/5d23cbdf289a1b91"
          },
          "private": "eyJlMmJmYjczMC1lY2FhLTExZTYtOGY4OC0zNDM2M2JjN2M0YzAiOnsiY3JlYXRlIjozMDAwMDAwMDAwMDAsInVwZGF0ZSI6MzAwMDAwMDAwMDAwfX0=",
          "dependencies": [
            "module.alb_system.aws_lb.public_alb",
            "module.alb_system.aws_lb_target_group.public_alb_target_group",
            "module.network.aws_security_group.public_alb_sg",
            "module.network.aws_subnet.pub_1",
            "module.network.aws_subnet.pub_2",
            "module.network.aws_vpc.vpc",
            "module.network.data.aws_availability_zones.az"
          ]
        }
      ]
    },
    {
      "module": "module.alb_system",
      "mode": "managed",
      "type": "aws_lb_target_group",
      "name": "internal_nlb_target_group",
      "provider": "provider[\"registry.terraform.io/hashicorp/aws\"]",
      "instances": [
        {
          "schema_version": 0,
          "attributes": {
            "arn": "arn:aws:elasticloadbalancing:ap-northeast-2:089955620282:targetgroup/was-target-group/d69b034cac49a131",
            "arn_suffix": "targetgroup/was-target-group/d69b034cac49a131",
            "connection_termination": false,
            "deregistration_delay": "300",
            "health_check": [
              {
                "enabled": true,
                "healthy_threshold": 3,
                "interval": 30,
                "matcher": "",
                "path": "",
                "port": "9000",
                "protocol": "TCP",
                "timeout": 10,
                "unhealthy_threshold": 3
              }
            ],
            "id": "arn:aws:elasticloadbalancing:ap-northeast-2:089955620282:targetgroup/was-target-group/d69b034cac49a131",
            "ip_address_type": "ipv4",
            "lambda_multi_value_headers_enabled": false,
            "load_balancer_arns": [],
            "load_balancing_algorithm_type": null,
            "load_balancing_anomaly_mitigation": null,
            "load_balancing_cross_zone_enabled": "use_load_balancer_configuration",
            "name": "was-target-group",
            "name_prefix": "",
            "port": 9000,
            "preserve_client_ip": "true",
            "protocol": "TCP",
            "protocol_version": null,
            "proxy_protocol_v2": false,
            "region": "ap-northeast-2",
            "slow_start": 0,
            "stickiness": [
              {
                "cookie_duration": 0,
                "cookie_name": "",
                "enabled": false,
                "type": "source_ip"
              }
            ],
            "tags": null,
            "tags_all": {},
            "target_control_port": 0,
            "target_failover": [
              {
                "on_deregistration": null,
                "on_unhealthy": null
              }
            ],
            "target_group_health": [
              {
                "dns_failover": [
                  {
                    "minimum_healthy_targets_count": "1",
                    "minimum_healthy_targets_percentage": "off"
                  }
                ],
                "unhealthy_state_routing": [
                  {
                    "minimum_healthy_targets_count": 1,
                    "minimum_healthy_targets_percentage": "off"
                  }
                ]
              }
            ],
            "target_health_state": [
              {
                "enable_unhealthy_connection_termination": true,
                "unhealthy_draining_interval": 0
              }
            ],
            "target_type": "instance",
            "vpc_id": "vpc-01c09f68ac613de26"
          },
          "sensitive_attributes": [],
          "identity_schema_version": 0,
          "identity": {
            "arn": "arn:aws:elasticloadbalancing:ap-northeast-2:089955620282:targetgroup/was-target-group/d69b034cac49a131"
          },
          "private": "bnVsbA==",
          "dependencies": [
            "module.network.aws_vpc.vpc"
          ]
        }
      ]
    },
    {
      "module": "module.alb_system",
      "mode": "managed",
      "type": "aws_lb_target_group",
      "name": "public_alb_target_group",
      "provider": "provider[\"registry.terraform.io/hashicorp/aws\"]",
      "instances": [
        {
          "schema_version": 0,
          "attributes": {
            "arn": "arn:aws:elasticloadbalancing:ap-northeast-2:089955620282:targetgroup/web-target-group/b524054f3494cece",
            "arn_suffix": "targetgroup/web-target-group/b524054f3494cece",
            "connection_termination": null,
            "deregistration_delay": "300",
            "health_check": [
              {
                "enabled": true,
                "healthy_threshold": 3,
                "interval": 30,
                "matcher": "200",
                "path": "/",
                "port": "traffic-port",
                "protocol": "HTTP",
                "timeout": 5,
                "unhealthy_threshold": 3
              }
            ],
            "id": "arn:aws:elasticloadbalancing:ap-northeast-2:089955620282:targetgroup/web-target-group/b524054f3494cece",
            "ip_address_type": "ipv4",
            "lambda_multi_value_headers_enabled": false,
            "load_balancer_arns": [],
            "load_balancing_algorithm_type": "round_robin",
            "load_balancing_anomaly_mitigation": "off",
            "load_balancing_cross_zone_enabled": "use_load_balancer_configuration",
            "name": "web-target-group",
            "name_prefix": "",
            "port": 80,
            "preserve_client_ip": null,
            "protocol": "HTTP",
            "protocol_version": "HTTP1",
            "proxy_protocol_v2": false,
            "region": "ap-northeast-2",
            "slow_start": 0,
            "stickiness": [
              {
                "cookie_duration": 86400,
                "cookie_name": "",
                "enabled": false,
                "type": "lb_cookie"
              }
            ],
            "tags": null,
            "tags_all": {},
            "target_control_port": 0,
            "target_failover": [
              {
                "on_deregistration": null,
                "on_unhealthy": null
              }
            ],
            "target_group_health": [
              {
                "dns_failover": [
                  {
                    "minimum_healthy_targets_count": "1",
                    "minimum_healthy_targets_percentage": "off"
                  }
                ],
                "unhealthy_state_routing": [
                  {
                    "minimum_healthy_targets_count": 1,
                    "minimum_healthy_targets_percentage": "off"
                  }
                ]
              }
            ],
            "target_health_state": [
              {
                "enable_unhealthy_connection_termination": null,
                "unhealthy_draining_interval": null
              }
            ],
            "target_type": "instance",
            "vpc_id": "vpc-01c09f68ac613de26"
          },
          "sensitive_attributes": [],
          "identity_schema_version": 0,
          "identity": {
            "arn": "arn:aws:elasticloadbalancing:ap-northeast-2:089955620282:targetgroup/web-target-group/b524054f3494cece"
          },
          "private": "bnVsbA==",
          "dependencies": [
            "module.network.aws_vpc.vpc"
          ]
        }
      ]
    },
    {
      "module": "module.alb_system",
      "mode": "managed",
      "type": "aws_lb_target_group_attachment",
      "name": "was_attach",
      "provider": "provider[\"registry.terraform.io/hashicorp/aws\"]",
      "instances": [
        {
          "index_key": 0,
          "schema_version": 0,
          "attributes": {
            "availability_zone": null,
            "id": "arn:aws:elasticloadbalancing:ap-northeast-2:089955620282:targetgroup/was-target-group/d69b034cac49a131-20251224082010580500000009",
            "port": 9000,
            "region": "ap-northeast-2",
            "target_group_arn": "arn:aws:elasticloadbalancing:ap-northeast-2:089955620282:targetgroup/was-target-group/d69b034cac49a131",
            "target_id": "i-0aa96f2614981e637"
          },
          "sensitive_attributes": [],
          "identity_schema_version": 0,
          "private": "bnVsbA==",
          "dependencies": [
            "module.alb_system.aws_lb_target_group.internal_nlb_target_group",
            "module.instance.aws_instance.was_1",
            "module.instance.aws_instance.was_2",
            "module.network.aws_security_group.was_sg",
            "module.network.aws_subnet.priv_1",
            "module.network.aws_subnet.priv_2",
            "module.network.aws_vpc.vpc",
            "module.network.data.aws_availability_zones.az"
          ]
        },
        {
          "index_key": 1,
          "schema_version": 0,
          "attributes": {
            "availability_zone": null,
            "id": "arn:aws:elasticloadbalancing:ap-northeast-2:089955620282:targetgroup/was-target-group/d69b034cac49a131-2025122408201058050000000a",
            "port": 9000,
            "region": "ap-northeast-2",
            "target_group_arn": "arn:aws:elasticloadbalancing:ap-northeast-2:089955620282:targetgroup/was-target-group/d69b034cac49a131",
            "target_id": "i-0cddfc413215102c0"
          },
          "sensitive_attributes": [],
          "identity_schema_version": 0,
          "private": "bnVsbA==",
          "dependencies": [
            "module.alb_system.aws_lb_target_group.internal_nlb_target_group",
            "module.instance.aws_instance.was_1",
            "module.instance.aws_instance.was_2",
            "module.network.aws_security_group.was_sg",
            "module.network.aws_subnet.priv_1",
            "module.network.aws_subnet.priv_2",
            "module.network.aws_vpc.vpc",
            "module.network.data.aws_availability_zones.az"
          ]
        }
      ]
    },
    {
      "module": "module.alb_system",
      "mode": "managed",
      "type": "aws_lb_target_group_attachment",
      "name": "web_attach",
      "provider": "provider[\"registry.terraform.io/hashicorp/aws\"]",
      "instances": [
        {
          "index_key": 0,
          "schema_version": 0,
          "attributes": {
            "availability_zone": null,
            "id": "arn:aws:elasticloadbalancing:ap-northeast-2:089955620282:targetgroup/web-target-group/b524054f3494cece-2025122408225315090000000f",
            "port": 80,
            "region": "ap-northeast-2",
            "target_group_arn": "arn:aws:elasticloadbalancing:ap-northeast-2:089955620282:targetgroup/web-target-group/b524054f3494cece",
            "target_id": "i-0df05e9d0bfe91db8"
          },
          "sensitive_attributes": [],
          "identity_schema_version": 0,
          "private": "bnVsbA==",
          "dependencies": [
            "module.alb_system.aws_lb.internal_nlb",
            "module.alb_system.aws_lb_target_group.public_alb_target_group",
            "module.instance.aws_instance.web_1",
            "module.instance.aws_instance.web_2",
            "module.network.aws_security_group.internal_nlb_sg",
            "module.network.aws_security_group.web_sg",
            "module.network.aws_subnet.priv_1",
            "module.network.aws_subnet.priv_2",
            "module.network.aws_subnet.pub_1",
            "module.network.aws_subnet.pub_2",
            "module.network.aws_vpc.vpc",
            "module.network.data.aws_availability_zones.az"
          ]
        },
        {
          "index_key": 1,
          "schema_version": 0,
          "attributes": {
            "availability_zone": null,
            "id": "arn:aws:elasticloadbalancing:ap-northeast-2:089955620282:targetgroup/web-target-group/b524054f3494cece-20251224082253155100000010",
            "port": 80,
            "region": "ap-northeast-2",
            "target_group_arn": "arn:aws:elasticloadbalancing:ap-northeast-2:089955620282:targetgroup/web-target-group/b524054f3494cece",
            "target_id": "i-05909ac3a7cf22918"
          },
          "sensitive_attributes": [],
          "identity_schema_version": 0,
          "private": "bnVsbA==",
          "dependencies": [
            "module.alb_system.aws_lb.internal_nlb",
            "module.alb_system.aws_lb_target_group.public_alb_target_group",
            "module.instance.aws_instance.web_1",
            "module.instance.aws_instance.web_2",
            "module.network.aws_security_group.internal_nlb_sg",
            "module.network.aws_security_group.web_sg",
            "module.network.aws_subnet.priv_1",
            "module.network.aws_subnet.priv_2",
            "module.network.aws_subnet.pub_1",
            "module.network.aws_subnet.pub_2",
            "module.network.aws_vpc.vpc",
            "module.network.data.aws_availability_zones.az"
          ]
        }
      ]
    },
    {
      "module": "module.instance",
      "mode": "managed",
      "type": "aws_instance",
      "name": "bastion_server",
      "provider": "provider[\"registry.terraform.io/hashicorp/aws\"]",
      "instances": [
        {
          "schema_version": 2,
          "attributes": {
            "ami": "ami-0a71e3eb8b23101ed",
            "arn": "arn:aws:ec2:ap-northeast-2:089955620282:instance/i-09c98a385a65a14af",
            "associate_public_ip_address": true,
            "availability_zone": "ap-northeast-2a",
            "capacity_reservation_specification": [
              {
                "capacity_reservation_preference": "open",
                "capacity_reservation_target": []
              }
            ],
            "cpu_options": [
              {
                "amd_sev_snp": "",
                "core_count": 1,
                "threads_per_core": 2
              }
            ],
            "credit_specification": [
              {
                "cpu_credits": "unlimited"
              }
            ],
            "disable_api_stop": false,
            "disable_api_termination": false,
            "ebs_block_device": [],
            "ebs_optimized": false,
            "enable_primary_ipv6": null,
            "enclave_options": [
              {
                "enabled": false
              }
            ],
            "ephemeral_block_device": [],
            "force_destroy": false,
            "get_password_data": false,
            "hibernation": false,
            "host_id": "",
            "host_resource_group_arn": null,
            "iam_instance_profile": "",
            "id": "i-09c98a385a65a14af",
            "instance_initiated_shutdown_behavior": "stop",
            "instance_lifecycle": "",
            "instance_market_options": [],
            "instance_state": "running",
            "instance_type": "t3.micro",
            "ipv6_address_count": 0,
            "ipv6_addresses": [],
            "key_name": "Final-Project-Key",
            "launch_template": [],
            "maintenance_options": [
              {
                "auto_recovery": "default"
              }
            ],
            "metadata_options": [
              {
                "http_endpoint": "enabled",
                "http_protocol_ipv6": "disabled",
                "http_put_response_hop_limit": 2,
                "http_tokens": "required",
                "instance_metadata_tags": "disabled"
              }
            ],
            "monitoring": false,
            "network_interface": [],
            "outpost_arn": "",
            "password_data": "",
            "placement_group": "",
            "placement_group_id": "",
            "placement_partition_number": 0,
            "primary_network_interface": [
              {
                "delete_on_termination": true,
                "network_interface_id": "eni-06bee282f34bbb7f9"
              }
            ],
            "primary_network_interface_id": "eni-06bee282f34bbb7f9",
            "private_dns": "ip-10-0-1-140.ap-northeast-2.compute.internal",
            "private_dns_name_options": [
              {
                "enable_resource_name_dns_a_record": false,
                "enable_resource_name_dns_aaaa_record": false,
                "hostname_type": "ip-name"
              }
            ],
            "private_ip": "10.0.1.140",
            "public_dns": "",
            "public_ip": "3.35.171.176",
            "region": "ap-northeast-2",
            "root_block_device": [
              {
                "delete_on_termination": true,
                "device_name": "/dev/sda1",
                "encrypted": false,
                "iops": 3000,
                "kms_key_id": "",
                "tags": {},
                "tags_all": {},
                "throughput": 125,
                "volume_id": "vol-0ee3e2ed446076507",
                "volume_size": 8,
                "volume_type": "gp3"
              }
            ],
            "secondary_private_ips": [],
            "security_groups": [],
            "source_dest_check": true,
            "spot_instance_request_id": "",
            "subnet_id": "subnet-0887fd638518a252f",
            "tags": {
              "Name": "Bastion-Server"
            },
            "tags_all": {
              "Name": "Bastion-Server"
            },
            "tenancy": "default",
            "timeouts": null,
            "user_data": null,
            "user_data_base64": null,
            "user_data_replace_on_change": false,
            "volume_tags": null,
            "vpc_security_group_ids": [
              "sg-040db7f88b5487a29"
            ]
          },
          "sensitive_attributes": [],
          "identity_schema_version": 0,
          "identity": {
            "account_id": "089955620282",
            "id": "i-09c98a385a65a14af",
            "region": "ap-northeast-2"
          },
          "private": "eyJlMmJmYjczMC1lY2FhLTExZTYtOGY4OC0zNDM2M2JjN2M0YzAiOnsiY3JlYXRlIjo2MDAwMDAwMDAwMDAsImRlbGV0ZSI6MTIwMDAwMDAwMDAwMCwicmVhZCI6OTAwMDAwMDAwMDAwLCJ1cGRhdGUiOjYwMDAwMDAwMDAwMH0sInNjaGVtYV92ZXJzaW9uIjoiMiJ9",
          "dependencies": [
            "module.network.aws_security_group.bastion_sg",
            "module.network.aws_subnet.pub_1",
            "module.network.aws_vpc.vpc",
            "module.network.data.aws_availability_zones.az"
          ]
        }
      ]
    },
    {
      "module": "module.instance",
      "mode": "managed",
      "type": "aws_instance",
      "name": "nat_server",
      "provider": "provider[\"registry.terraform.io/hashicorp/aws\"]",
      "instances": [
        {
          "schema_version": 2,
          "attributes": {
            "ami": "ami-013c951bfeb5d9c3b",
            "arn": "arn:aws:ec2:ap-northeast-2:089955620282:instance/i-0297b4117381eb7f9",
            "associate_public_ip_address": true,
            "availability_zone": "ap-northeast-2a",
            "capacity_reservation_specification": [
              {
                "capacity_reservation_preference": "open",
                "capacity_reservation_target": []
              }
            ],
            "cpu_options": [
              {
                "amd_sev_snp": "",
                "core_count": 1,
                "threads_per_core": 2
              }
            ],
            "credit_specification": [
              {
                "cpu_credits": "unlimited"
              }
            ],
            "disable_api_stop": false,
            "disable_api_termination": false,
            "ebs_block_device": [],
            "ebs_optimized": false,
            "enable_primary_ipv6": null,
            "enclave_options": [
              {
                "enabled": false
              }
            ],
            "ephemeral_block_device": [],
            "force_destroy": false,
            "get_password_data": false,
            "hibernation": false,
            "host_id": "",
            "host_resource_group_arn": null,
            "iam_instance_profile": "",
            "id": "i-0297b4117381eb7f9",
            "instance_initiated_shutdown_behavior": "stop",
            "instance_lifecycle": "",
            "instance_market_options": [],
            "instance_state": "running",
            "instance_type": "t3.micro",
            "ipv6_address_count": 0,
            "ipv6_addresses": [],
            "key_name": "Final-Project-Key",
            "launch_template": [],
            "maintenance_options": [
              {
                "auto_recovery": "default"
              }
            ],
            "metadata_options": [
              {
                "http_endpoint": "enabled",
                "http_protocol_ipv6": "disabled",
                "http_put_response_hop_limit": 1,
                "http_tokens": "optional",
                "instance_metadata_tags": "disabled"
              }
            ],
            "monitoring": false,
            "network_interface": [],
            "outpost_arn": "",
            "password_data": "",
            "placement_group": "",
            "placement_group_id": "",
            "placement_partition_number": 0,
            "primary_network_interface": [
              {
                "delete_on_termination": true,
                "network_interface_id": "eni-0aaa350e06c8e20dc"
              }
            ],
            "primary_network_interface_id": "eni-0aaa350e06c8e20dc",
            "private_dns": "ip-10-0-1-135.ap-northeast-2.compute.internal",
            "private_dns_name_options": [
              {
                "enable_resource_name_dns_a_record": false,
                "enable_resource_name_dns_aaaa_record": false,
                "hostname_type": "ip-name"
              }
            ],
            "private_ip": "10.0.1.135",
            "public_dns": "",
            "public_ip": "13.125.209.58",
            "region": "ap-northeast-2",
            "root_block_device": [
              {
                "delete_on_termination": true,
                "device_name": "/dev/xvda",
                "encrypted": false,
                "iops": 100,
                "kms_key_id": "",
                "tags": {},
                "tags_all": {},
                "throughput": 0,
                "volume_id": "vol-01ff07d9057c73658",
                "volume_size": 8,
                "volume_type": "gp2"
              }
            ],
            "secondary_private_ips": [],
            "security_groups": [],
            "source_dest_check": false,
            "spot_instance_request_id": "",
            "subnet_id": "subnet-0887fd638518a252f",
            "tags": {
              "Name": "NAT-Server"
            },
            "tags_all": {
              "Name": "NAT-Server"
            },
            "tenancy": "default",
            "timeouts": null,
            "user_data": "Content-Type: multipart/mixed; boundary=\"//\"\r\nMIME-Version: 1.0\r\n\r\n--//\r\nContent-Type: text/cloud-config; charset=\"us-ascii\"\r\nMIME-Version: 1.0\r\nContent-Transfer-Encoding: 7bit\r\nContent-Disposition: attachment; filename=\"cloud-config.txt\"\r\n\r\n#cloud-config\r\ncloud_final_modules:\r\n- [scripts-user, always]\r\n\r\n--//\r\nContent-Type: text/x-shellscript; charset=\"us-ascii\"\r\nMIME-Version: 1.0\r\nContent-Transfer-Encoding: 7bit\r\nContent-Disposition: attachment; filename=\"userdata.txt\"\r\n\r\n#!/bin/bash\r\nyum -y update\r\nsysctl -w net.ipv4.ip_forward=1\r\n/sbin/iptables -t nat -A POSTROUTING -o eth0 -j MASQUERADE\r\nyum install iptables-services\r\nservice iptables save\r\n--//",
            "user_data_base64": null,
            "user_data_replace_on_change": false,
            "volume_tags": null,
            "vpc_security_group_ids": [
              "sg-06687bfead527c9de"
            ]
          },
          "sensitive_attributes": [],
          "identity_schema_version": 0,
          "identity": {
            "account_id": "089955620282",
            "id": "i-0297b4117381eb7f9",
            "region": "ap-northeast-2"
          },
          "private": "eyJlMmJmYjczMC1lY2FhLTExZTYtOGY4OC0zNDM2M2JjN2M0YzAiOnsiY3JlYXRlIjo2MDAwMDAwMDAwMDAsImRlbGV0ZSI6MTIwMDAwMDAwMDAwMCwicmVhZCI6OTAwMDAwMDAwMDAwLCJ1cGRhdGUiOjYwMDAwMDAwMDAwMH0sInNjaGVtYV92ZXJzaW9uIjoiMiJ9",
          "dependencies": [
            "module.network.aws_security_group.nat_sg",
            "module.network.aws_subnet.pub_1",
            "module.network.aws_vpc.vpc",
            "module.network.data.aws_availability_zones.az"
          ]
        }
      ]
    },
    {
      "module": "module.instance",
      "mode": "managed",
      "type": "aws_instance",
      "name": "was_1",
      "provider": "provider[\"registry.terraform.io/hashicorp/aws\"]",
      "instances": [
        {
          "schema_version": 2,
          "attributes": {
            "ami": "ami-0a71e3eb8b23101ed",
            "arn": "arn:aws:ec2:ap-northeast-2:089955620282:instance/i-0aa96f2614981e637",
            "associate_public_ip_address": false,
            "availability_zone": "ap-northeast-2a",
            "capacity_reservation_specification": [
              {
                "capacity_reservation_preference": "open",
                "capacity_reservation_target": []
              }
            ],
            "cpu_options": [
              {
                "amd_sev_snp": "",
                "core_count": 1,
                "threads_per_core": 2
              }
            ],
            "credit_specification": [
              {
                "cpu_credits": "unlimited"
              }
            ],
            "disable_api_stop": false,
            "disable_api_termination": false,
            "ebs_block_device": [],
            "ebs_optimized": false,
            "enable_primary_ipv6": null,
            "enclave_options": [
              {
                "enabled": false
              }
            ],
            "ephemeral_block_device": [],
            "force_destroy": false,
            "get_password_data": false,
            "hibernation": false,
            "host_id": "",
            "host_resource_group_arn": null,
            "iam_instance_profile": "",
            "id": "i-0aa96f2614981e637",
            "instance_initiated_shutdown_behavior": "stop",
            "instance_lifecycle": "",
            "instance_market_options": [],
            "instance_state": "running",
            "instance_type": "t3.micro",
            "ipv6_address_count": 0,
            "ipv6_addresses": [],
            "key_name": "Final-Project-Key",
            "launch_template": [],
            "maintenance_options": [
              {
                "auto_recovery": "default"
              }
            ],
            "metadata_options": [
              {
                "http_endpoint": "enabled",
                "http_protocol_ipv6": "disabled",
                "http_put_response_hop_limit": 2,
                "http_tokens": "required",
                "instance_metadata_tags": "disabled"
              }
            ],
            "monitoring": false,
            "network_interface": [],
            "outpost_arn": "",
            "password_data": "",
            "placement_group": "",
            "placement_group_id": "",
            "placement_partition_number": 0,
            "primary_network_interface": [
              {
                "delete_on_termination": true,
                "network_interface_id": "eni-06ad146129fdb1a57"
              }
            ],
            "primary_network_interface_id": "eni-06ad146129fdb1a57",
            "private_dns": "ip-10-0-11-197.ap-northeast-2.compute.internal",
            "private_dns_name_options": [
              {
                "enable_resource_name_dns_a_record": false,
                "enable_resource_name_dns_aaaa_record": false,
                "hostname_type": "ip-name"
              }
            ],
            "private_ip": "10.0.11.197",
            "public_dns": "",
            "public_ip": "",
            "region": "ap-northeast-2",
            "root_block_device": [
              {
                "delete_on_termination": true,
                "device_name": "/dev/sda1",
                "encrypted": false,
                "iops": 3000,
                "kms_key_id": "",
                "tags": {},
                "tags_all": {},
                "throughput": 125,
                "volume_id": "vol-0ba7a4bc9fd3f325f",
                "volume_size": 8,
                "volume_type": "gp3"
              }
            ],
            "secondary_private_ips": [],
            "security_groups": [],
            "source_dest_check": true,
            "spot_instance_request_id": "",
            "subnet_id": "subnet-021c7b3924e64cd6b",
            "tags": {
              "Name": "WAS-Server-1"
            },
            "tags_all": {
              "Name": "WAS-Server-1"
            },
            "tenancy": "default",
            "timeouts": null,
            "user_data": "#!/bin/bash\r\n# Turn on password authentication\r\necho 'ubuntu:hackers' | sudo chpasswd\r\nsudo sed -i 's/Include/#Include/g' /etc/ssh/sshd_config\r\nsudo sed -i 's/#PasswordAuthentication yes/PasswordAuthentication yes/g' /etc/ssh/sshd_config\r\nsudo systemctl restart ssh\r\n\r\n# 1. PHP 8.3 및 필수 모듈 설치\r\nsudo apt-get update -y\r\nsudo apt-get install -y php8.3-fpm php8.3-mysql php8.3-mbstring php8.3-gd php8.3-curl mysql-client git\r\n\r\n# 2. PHP-FPM 네트워크 설정 (503 에러 방지의 핵심)\r\n# 9000번 포트 리스닝 및 접근 제한 완전히 해제 (주석 처리)\r\nsudo sed -i 's/^listen = .*/listen = 0.0.0.0:9000/' /etc/php/8.3/fpm/pool.d/www.conf\r\nsudo sed -i 's/^listen.allowed_clients = /;listen.allowed_clients = /' /etc/php/8.3/fpm/pool.d/www.conf\r\nsudo systemctl restart php8.3-fpm\r\n\r\n# 3. 소스 코드 가져오기 (경로 중첩 방지를 위해 현재 디렉토리에 클론)\r\nsudo mkdir -p /var/www/html\r\ncd /var/www/html\r\nsudo git clone -b main https://github.com/yuill-lee/mzc-1group-project.git .\r\n\r\n# 4. DB 접속 정보 수정 (오타 방지 및 실제 DB IP 반영)\r\n# [중요] DB_IP는 테라폼에서 생성된 실제 DB 프라이빗 IP로 치환되어야 함\r\nDB_IP=\"10.0.2.236\" \r\nTARGET_FILE=\"/var/www/html/Service/includes/connect.php\"\r\nsudo sed -i \"s/mysqli_connect([\\\"'][^\\\"']*[\\\"'], [\\\"'][^\\\"']*[\\\"'], [\\\"'][^\\\"']*[\\\"'])/mysqli_connect(\\\"$DB_IP\\\", \\\"user01\\\", \\\"user01\\\")/g\" $TARGET_FILE\r\n\r\n# 5. 권한 설정 및 데이터 임포트\r\nsudo chown -R www-data:www-data /var/www/html\r\nsudo mysql -h $DB_IP -u user01 -puser01 test_db \u003c /var/www/html/Service/data.sql",
            "user_data_base64": null,
            "user_data_replace_on_change": false,
            "volume_tags": null,
            "vpc_security_group_ids": [
              "sg-0735d393e2cd818f1"
            ]
          },
          "sensitive_attributes": [],
          "identity_schema_version": 0,
          "identity": {
            "account_id": "089955620282",
            "id": "i-0aa96f2614981e637",
            "region": "ap-northeast-2"
          },
          "private": "eyJlMmJmYjczMC1lY2FhLTExZTYtOGY4OC0zNDM2M2JjN2M0YzAiOnsiY3JlYXRlIjo2MDAwMDAwMDAwMDAsImRlbGV0ZSI6MTIwMDAwMDAwMDAwMCwicmVhZCI6OTAwMDAwMDAwMDAwLCJ1cGRhdGUiOjYwMDAwMDAwMDAwMH0sInNjaGVtYV92ZXJzaW9uIjoiMiJ9",
          "dependencies": [
            "module.network.aws_security_group.was_sg",
            "module.network.aws_subnet.priv_1",
            "module.network.aws_vpc.vpc",
            "module.network.data.aws_availability_zones.az"
          ]
        }
      ]
    },
    {
      "module": "module.instance",
      "mode": "managed",
      "type": "aws_instance",
      "name": "was_2",
      "provider": "provider[\"registry.terraform.io/hashicorp/aws\"]",
      "instances": [
        {
          "schema_version": 2,
          "attributes": {
            "ami": "ami-0a71e3eb8b23101ed",
            "arn": "arn:aws:ec2:ap-northeast-2:089955620282:instance/i-0cddfc413215102c0",
            "associate_public_ip_address": false,
            "availability_zone": "ap-northeast-2b",
            "capacity_reservation_specification": [
              {
                "capacity_reservation_preference": "open",
                "capacity_reservation_target": []
              }
            ],
            "cpu_options": [
              {
                "amd_sev_snp": "",
                "core_count": 1,
                "threads_per_core": 2
              }
            ],
            "credit_specification": [
              {
                "cpu_credits": "unlimited"
              }
            ],
            "disable_api_stop": false,
            "disable_api_termination": false,
            "ebs_block_device": [],
            "ebs_optimized": false,
            "enable_primary_ipv6": null,
            "enclave_options": [
              {
                "enabled": false
              }
            ],
            "ephemeral_block_device": [],
            "force_destroy": false,
            "get_password_data": false,
            "hibernation": false,
            "host_id": "",
            "host_resource_group_arn": null,
            "iam_instance_profile": "",
            "id": "i-0cddfc413215102c0",
            "instance_initiated_shutdown_behavior": "stop",
            "instance_lifecycle": "",
            "instance_market_options": [],
            "instance_state": "running",
            "instance_type": "t3.micro",
            "ipv6_address_count": 0,
            "ipv6_addresses": [],
            "key_name": "Final-Project-Key",
            "launch_template": [],
            "maintenance_options": [
              {
                "auto_recovery": "default"
              }
            ],
            "metadata_options": [
              {
                "http_endpoint": "enabled",
                "http_protocol_ipv6": "disabled",
                "http_put_response_hop_limit": 2,
                "http_tokens": "required",
                "instance_metadata_tags": "disabled"
              }
            ],
            "monitoring": false,
            "network_interface": [],
            "outpost_arn": "",
            "password_data": "",
            "placement_group": "",
            "placement_group_id": "",
            "placement_partition_number": 0,
            "primary_network_interface": [
              {
                "delete_on_termination": true,
                "network_interface_id": "eni-03167306e570abe19"
              }
            ],
            "primary_network_interface_id": "eni-03167306e570abe19",
            "private_dns": "ip-10-0-12-153.ap-northeast-2.compute.internal",
            "private_dns_name_options": [
              {
                "enable_resource_name_dns_a_record": false,
                "enable_resource_name_dns_aaaa_record": false,
                "hostname_type": "ip-name"
              }
            ],
            "private_ip": "10.0.12.153",
            "public_dns": "",
            "public_ip": "",
            "region": "ap-northeast-2",
            "root_block_device": [
              {
                "delete_on_termination": true,
                "device_name": "/dev/sda1",
                "encrypted": false,
                "iops": 3000,
                "kms_key_id": "",
                "tags": {},
                "tags_all": {},
                "throughput": 125,
                "volume_id": "vol-08bd17ac61e10c2a1",
                "volume_size": 8,
                "volume_type": "gp3"
              }
            ],
            "secondary_private_ips": [],
            "security_groups": [],
            "source_dest_check": true,
            "spot_instance_request_id": "",
            "subnet_id": "subnet-0205fce1d3709813d",
            "tags": {
              "Name": "WAS-Server-2"
            },
            "tags_all": {
              "Name": "WAS-Server-2"
            },
            "tenancy": "default",
            "timeouts": null,
            "user_data": "#!/bin/bash\r\n# Turn on password authentication\r\necho 'ubuntu:hackers' | sudo chpasswd\r\nsudo sed -i 's/Include/#Include/g' /etc/ssh/sshd_config\r\nsudo sed -i 's/#PasswordAuthentication yes/PasswordAuthentication yes/g' /etc/ssh/sshd_config\r\nsudo systemctl restart ssh\r\n\r\n# 1. PHP 8.3 및 필수 모듈 설치\r\nsudo apt-get update -y\r\nsudo apt-get install -y php8.3-fpm php8.3-mysql php8.3-mbstring php8.3-gd php8.3-curl mysql-client git\r\n\r\n# 2. PHP-FPM 네트워크 설정 (503 에러 방지의 핵심)\r\n# 9000번 포트 리스닝 및 접근 제한 완전히 해제 (주석 처리)\r\nsudo sed -i 's/^listen = .*/listen = 0.0.0.0:9000/' /etc/php/8.3/fpm/pool.d/www.conf\r\nsudo sed -i 's/^listen.allowed_clients = /;listen.allowed_clients = /' /etc/php/8.3/fpm/pool.d/www.conf\r\nsudo systemctl restart php8.3-fpm\r\n\r\n# 3. 소스 코드 가져오기 (경로 중첩 방지를 위해 현재 디렉토리에 클론)\r\nsudo mkdir -p /var/www/html\r\ncd /var/www/html\r\nsudo git clone -b main https://github.com/yuill-lee/mzc-1group-project.git .\r\n\r\n# 4. DB 접속 정보 수정 (오타 방지 및 실제 DB IP 반영)\r\n# [중요] DB_IP는 테라폼에서 생성된 실제 DB 프라이빗 IP로 치환되어야 함\r\nDB_IP=\"10.0.2.236\" \r\nTARGET_FILE=\"/var/www/html/Service/includes/connect.php\"\r\nsudo sed -i \"s/mysqli_connect([\\\"'][^\\\"']*[\\\"'], [\\\"'][^\\\"']*[\\\"'], [\\\"'][^\\\"']*[\\\"'])/mysqli_connect(\\\"$DB_IP\\\", \\\"user01\\\", \\\"user01\\\")/g\" $TARGET_FILE\r\n\r\n# 5. 권한 설정 및 데이터 임포트\r\nsudo chown -R www-data:www-data /var/www/html\r\nsudo mysql -h $DB_IP -u user01 -puser01 test_db \u003c /var/www/html/Service/data.sql",
            "user_data_base64": null,
            "user_data_replace_on_change": false,
            "volume_tags": null,
            "vpc_security_group_ids": [
              "sg-0735d393e2cd818f1"
            ]
          },
          "sensitive_attributes": [],
          "identity_schema_version": 0,
          "identity": {
            "account_id": "089955620282",
            "id": "i-0cddfc413215102c0",
            "region": "ap-northeast-2"
          },
          "private": "eyJlMmJmYjczMC1lY2FhLTExZTYtOGY4OC0zNDM2M2JjN2M0YzAiOnsiY3JlYXRlIjo2MDAwMDAwMDAwMDAsImRlbGV0ZSI6MTIwMDAwMDAwMDAwMCwicmVhZCI6OTAwMDAwMDAwMDAwLCJ1cGRhdGUiOjYwMDAwMDAwMDAwMH0sInNjaGVtYV92ZXJzaW9uIjoiMiJ9",
          "dependencies": [
            "module.network.aws_security_group.was_sg",
            "module.network.aws_subnet.priv_2",
            "module.network.aws_vpc.vpc",
            "module.network.data.aws_availability_zones.az"
          ]
        }
      ]
    },
    {
      "module": "module.instance",
      "mode": "managed",
      "type": "aws_instance",
      "name": "web_1",
      "provider": "provider[\"registry.terraform.io/hashicorp/aws\"]",
      "instances": [
        {
          "schema_version": 2,
          "attributes": {
            "ami": "ami-0a71e3eb8b23101ed",
            "arn": "arn:aws:ec2:ap-northeast-2:089955620282:instance/i-0df05e9d0bfe91db8",
            "associate_public_ip_address": true,
            "availability_zone": "ap-northeast-2a",
            "capacity_reservation_specification": [
              {
                "capacity_reservation_preference": "open",
                "capacity_reservation_target": []
              }
            ],
            "cpu_options": [
              {
                "amd_sev_snp": "",
                "core_count": 1,
                "threads_per_core": 2
              }
            ],
            "credit_specification": [
              {
                "cpu_credits": "unlimited"
              }
            ],
            "disable_api_stop": false,
            "disable_api_termination": false,
            "ebs_block_device": [],
            "ebs_optimized": false,
            "enable_primary_ipv6": null,
            "enclave_options": [
              {
                "enabled": false
              }
            ],
            "ephemeral_block_device": [],
            "force_destroy": false,
            "get_password_data": false,
            "hibernation": false,
            "host_id": "",
            "host_resource_group_arn": null,
            "iam_instance_profile": "",
            "id": "i-0df05e9d0bfe91db8",
            "instance_initiated_shutdown_behavior": "stop",
            "instance_lifecycle": "",
            "instance_market_options": [],
            "instance_state": "running",
            "instance_type": "t3.micro",
            "ipv6_address_count": 0,
            "ipv6_addresses": [],
            "key_name": "Final-Project-Key",
            "launch_template": [],
            "maintenance_options": [
              {
                "auto_recovery": "default"
              }
            ],
            "metadata_options": [
              {
                "http_endpoint": "enabled",
                "http_protocol_ipv6": "disabled",
                "http_put_response_hop_limit": 2,
                "http_tokens": "required",
                "instance_metadata_tags": "disabled"
              }
            ],
            "monitoring": false,
            "network_interface": [],
            "outpost_arn": "",
            "password_data": "",
            "placement_group": "",
            "placement_group_id": "",
            "placement_partition_number": 0,
            "primary_network_interface": [
              {
                "delete_on_termination": true,
                "network_interface_id": "eni-0381b4a7c514879c1"
              }
            ],
            "primary_network_interface_id": "eni-0381b4a7c514879c1",
            "private_dns": "ip-10-0-1-22.ap-northeast-2.compute.internal",
            "private_dns_name_options": [
              {
                "enable_resource_name_dns_a_record": false,
                "enable_resource_name_dns_aaaa_record": false,
                "hostname_type": "ip-name"
              }
            ],
            "private_ip": "10.0.1.22",
            "public_dns": "",
            "public_ip": "54.180.141.28",
            "region": "ap-northeast-2",
            "root_block_device": [
              {
                "delete_on_termination": true,
                "device_name": "/dev/sda1",
                "encrypted": false,
                "iops": 3000,
                "kms_key_id": "",
                "tags": {},
                "tags_all": {},
                "throughput": 125,
                "volume_id": "vol-0ab715ec985fac854",
                "volume_size": 8,
                "volume_type": "gp3"
              }
            ],
            "secondary_private_ips": [],
            "security_groups": [],
            "source_dest_check": true,
            "spot_instance_request_id": "",
            "subnet_id": "subnet-0887fd638518a252f",
            "tags": {
              "Name": "WEB-Server-1"
            },
            "tags_all": {
              "Name": "WEB-Server-1"
            },
            "tenancy": "default",
            "timeouts": null,
            "user_data": "#!/bin/bash\r\n# Turn on password authentication\r\necho 'ubuntu:hackers' | sudo chpasswd\r\nsudo sed -i 's/Include/#Include/g' /etc/ssh/sshd_config\r\nsudo sed -i 's/#PasswordAuthentication yes/PasswordAuthentication yes/g' /etc/ssh/sshd_config\r\nsudo systemctl restart ssh\r\n\r\n# 1. Apache 설치 및 프록시 모듈 활성화\r\nsudo apt-get update -y\r\nsudo apt-get install -y apache2 git\r\nsudo a2enmod proxy proxy_fcgi\r\nsudo systemctl restart apache2\r\n\r\n# 2. 정적 파일(CSS)만 가져오기 (Sparse Checkout)\r\nsudo mkdir -p /var/www/html\r\ncd /var/www/html\r\nsudo git init\r\nsudo git remote add origin https://github.com/yuill-lee/mzc-1group-project.git\r\nsudo git config core.sparseCheckout true\r\nsudo echo \"Service/includes/style.css\" \u003e\u003e .git/info/sparse-checkout\r\nsudo echo \"Service/library/style.css\" \u003e\u003e .git/info/sparse-checkout\r\nsudo git pull origin main\r\n\r\n# 3. Apache VirtualHost 설정 (WAS IP 주입)\r\n# [중요] WAS_IP는 테라폼에서 생성된 실제 WAS 프라이빗 IP로 치환되어야 함\r\nWAS_IP=\"Internal-NLB-ae1b7b6220be1d42.elb.ap-northeast-2.amazonaws.com\"\r\nsudo cat \u003c\u003cEOF \u003e /etc/apache2/sites-available/000-default.conf\r\n\u003cVirtualHost *:80\u003e\r\n    DocumentRoot /var/www/html/Service\r\n    DirectoryIndex index.php index.html\r\n\r\n    \u003cDirectory /var/www/html/Service\u003e\r\n        Options Indexes FollowSymLinks\r\n        AllowOverride All\r\n        Require all granted\r\n    \u003c/Directory\u003e\r\n\r\n    # PHP 요청 전달 (루트 및 전체 php 경로)\r\n    ProxyPassMatch ^/(.*\\.php(/.*)?)$ fcgi://Internal-NLB-ae1b7b6220be1d42.elb.ap-northeast-2.amazonaws.com:9000/var/www/html/Service/\\$1\r\n    ProxyPassMatch ^/$ fcgi://Internal-NLB-ae1b7b6220be1d42.elb.ap-northeast-2.amazonaws.com:9000/var/www/html/Service/index.php\r\n\r\n    ErrorLog ${APACHE_LOG_DIR}/error.log\r\n    CustomLog ${APACHE_LOG_DIR}/access.log combined\r\n\u003c/VirtualHost\u003e\r\nEOF\r\n\r\nsudo systemctl restart apache2",
            "user_data_base64": null,
            "user_data_replace_on_change": false,
            "volume_tags": null,
            "vpc_security_group_ids": [
              "sg-02117d6e3d1182fa3"
            ]
          },
          "sensitive_attributes": [],
          "identity_schema_version": 0,
          "identity": {
            "account_id": "089955620282",
            "id": "i-0df05e9d0bfe91db8",
            "region": "ap-northeast-2"
          },
          "private": "eyJlMmJmYjczMC1lY2FhLTExZTYtOGY4OC0zNDM2M2JjN2M0YzAiOnsiY3JlYXRlIjo2MDAwMDAwMDAwMDAsImRlbGV0ZSI6MTIwMDAwMDAwMDAwMCwicmVhZCI6OTAwMDAwMDAwMDAwLCJ1cGRhdGUiOjYwMDAwMDAwMDAwMH0sInNjaGVtYV92ZXJzaW9uIjoiMiJ9",
          "dependencies": [
            "module.alb_system.aws_lb.internal_nlb",
            "module.network.aws_security_group.internal_nlb_sg",
            "module.network.aws_security_group.web_sg",
            "module.network.aws_subnet.priv_1",
            "module.network.aws_subnet.priv_2",
            "module.network.aws_subnet.pub_1",
            "module.network.aws_vpc.vpc",
            "module.network.data.aws_availability_zones.az"
          ]
        }
      ]
    },
    {
      "module": "module.instance",
      "mode": "managed",
      "type": "aws_instance",
      "name": "web_2",
      "provider": "provider[\"registry.terraform.io/hashicorp/aws\"]",
      "instances": [
        {
          "schema_version": 2,
          "attributes": {
            "ami": "ami-0a71e3eb8b23101ed",
            "arn": "arn:aws:ec2:ap-northeast-2:089955620282:instance/i-05909ac3a7cf22918",
            "associate_public_ip_address": true,
            "availability_zone": "ap-northeast-2b",
            "capacity_reservation_specification": [
              {
                "capacity_reservation_preference": "open",
                "capacity_reservation_target": []
              }
            ],
            "cpu_options": [
              {
                "amd_sev_snp": "",
                "core_count": 1,
                "threads_per_core": 2
              }
            ],
            "credit_specification": [
              {
                "cpu_credits": "unlimited"
              }
            ],
            "disable_api_stop": false,
            "disable_api_termination": false,
            "ebs_block_device": [],
            "ebs_optimized": false,
            "enable_primary_ipv6": null,
            "enclave_options": [
              {
                "enabled": false
              }
            ],
            "ephemeral_block_device": [],
            "force_destroy": false,
            "get_password_data": false,
            "hibernation": false,
            "host_id": "",
            "host_resource_group_arn": null,
            "iam_instance_profile": "",
            "id": "i-05909ac3a7cf22918",
            "instance_initiated_shutdown_behavior": "stop",
            "instance_lifecycle": "",
            "instance_market_options": [],
            "instance_state": "running",
            "instance_type": "t3.micro",
            "ipv6_address_count": 0,
            "ipv6_addresses": [],
            "key_name": "Final-Project-Key",
            "launch_template": [],
            "maintenance_options": [
              {
                "auto_recovery": "default"
              }
            ],
            "metadata_options": [
              {
                "http_endpoint": "enabled",
                "http_protocol_ipv6": "disabled",
                "http_put_response_hop_limit": 2,
                "http_tokens": "required",
                "instance_metadata_tags": "disabled"
              }
            ],
            "monitoring": false,
            "network_interface": [],
            "outpost_arn": "",
            "password_data": "",
            "placement_group": "",
            "placement_group_id": "",
            "placement_partition_number": 0,
            "primary_network_interface": [
              {
                "delete_on_termination": true,
                "network_interface_id": "eni-05b466e7a316311df"
              }
            ],
            "primary_network_interface_id": "eni-05b466e7a316311df",
            "private_dns": "ip-10-0-2-229.ap-northeast-2.compute.internal",
            "private_dns_name_options": [
              {
                "enable_resource_name_dns_a_record": false,
                "enable_resource_name_dns_aaaa_record": false,
                "hostname_type": "ip-name"
              }
            ],
            "private_ip": "10.0.2.229",
            "public_dns": "",
            "public_ip": "16.184.12.22",
            "region": "ap-northeast-2",
            "root_block_device": [
              {
                "delete_on_termination": true,
                "device_name": "/dev/sda1",
                "encrypted": false,
                "iops": 3000,
                "kms_key_id": "",
                "tags": {},
                "tags_all": {},
                "throughput": 125,
                "volume_id": "vol-082d78385a059ec33",
                "volume_size": 8,
                "volume_type": "gp3"
              }
            ],
            "secondary_private_ips": [],
            "security_groups": [],
            "source_dest_check": true,
            "spot_instance_request_id": "",
            "subnet_id": "subnet-0139dbb2e20ac4de1",
            "tags": {
              "Name": "WEB-Server-2"
            },
            "tags_all": {
              "Name": "WEB-Server-2"
            },
            "tenancy": "default",
            "timeouts": null,
            "user_data": "#!/bin/bash\r\n# Turn on password authentication\r\necho 'ubuntu:hackers' | sudo chpasswd\r\nsudo sed -i 's/Include/#Include/g' /etc/ssh/sshd_config\r\nsudo sed -i 's/#PasswordAuthentication yes/PasswordAuthentication yes/g' /etc/ssh/sshd_config\r\nsudo systemctl restart ssh\r\n\r\n# 1. Apache 설치 및 프록시 모듈 활성화\r\nsudo apt-get update -y\r\nsudo apt-get install -y apache2 git\r\nsudo a2enmod proxy proxy_fcgi\r\nsudo systemctl restart apache2\r\n\r\n# 2. 정적 파일(CSS)만 가져오기 (Sparse Checkout)\r\nsudo mkdir -p /var/www/html\r\ncd /var/www/html\r\nsudo git init\r\nsudo git remote add origin https://github.com/yuill-lee/mzc-1group-project.git\r\nsudo git config core.sparseCheckout true\r\nsudo echo \"Service/includes/style.css\" \u003e\u003e .git/info/sparse-checkout\r\nsudo echo \"Service/library/style.css\" \u003e\u003e .git/info/sparse-checkout\r\nsudo git pull origin main\r\n\r\n# 3. Apache VirtualHost 설정 (WAS IP 주입)\r\n# [중요] WAS_IP는 테라폼에서 생성된 실제 WAS 프라이빗 IP로 치환되어야 함\r\nWAS_IP=\"Internal-NLB-ae1b7b6220be1d42.elb.ap-northeast-2.amazonaws.com\"\r\nsudo cat \u003c\u003cEOF \u003e /etc/apache2/sites-available/000-default.conf\r\n\u003cVirtualHost *:80\u003e\r\n    DocumentRoot /var/www/html/Service\r\n    DirectoryIndex index.php index.html\r\n\r\n    \u003cDirectory /var/www/html/Service\u003e\r\n        Options Indexes FollowSymLinks\r\n        AllowOverride All\r\n        Require all granted\r\n    \u003c/Directory\u003e\r\n\r\n    # PHP 요청 전달 (루트 및 전체 php 경로)\r\n    ProxyPassMatch ^/(.*\\.php(/.*)?)$ fcgi://Internal-NLB-ae1b7b6220be1d42.elb.ap-northeast-2.amazonaws.com:9000/var/www/html/Service/\\$1\r\n    ProxyPassMatch ^/$ fcgi://Internal-NLB-ae1b7b6220be1d42.elb.ap-northeast-2.amazonaws.com:9000/var/www/html/Service/index.php\r\n\r\n    ErrorLog ${APACHE_LOG_DIR}/error.log\r\n    CustomLog ${APACHE_LOG_DIR}/access.log combined\r\n\u003c/VirtualHost\u003e\r\nEOF\r\n\r\nsudo systemctl restart apache2",
            "user_data_base64": null,
            "user_data_replace_on_change": false,
            "volume_tags": null,
            "vpc_security_group_ids": [
              "sg-02117d6e3d1182fa3"
            ]
          },
          "sensitive_attributes": [],
          "identity_schema_version": 0,
          "identity": {
            "account_id": "089955620282",
            "id": "i-05909ac3a7cf22918",
            "region": "ap-northeast-2"
          },
          "private": "eyJlMmJmYjczMC1lY2FhLTExZTYtOGY4OC0zNDM2M2JjN2M0YzAiOnsiY3JlYXRlIjo2MDAwMDAwMDAwMDAsImRlbGV0ZSI6MTIwMDAwMDAwMDAwMCwicmVhZCI6OTAwMDAwMDAwMDAwLCJ1cGRhdGUiOjYwMDAwMDAwMDAwMH0sInNjaGVtYV92ZXJzaW9uIjoiMiJ9",
          "dependencies": [
            "module.alb_system.aws_lb.internal_nlb",
            "module.network.aws_security_group.internal_nlb_sg",
            "module.network.aws_security_group.web_sg",
            "module.network.aws_subnet.priv_1",
            "module.network.aws_subnet.priv_2",
            "module.network.aws_subnet.pub_2",
            "module.network.aws_vpc.vpc",
            "module.network.data.aws_availability_zones.az"
          ]
        }
      ]
    },
    {
      "module": "module.instance",
      "mode": "managed",
      "type": "aws_lb_target_group_attachment",
      "name": "was_1_attachment",
      "provider": "provider[\"registry.terraform.io/hashicorp/aws\"]",
      "instances": [
        {
          "schema_version": 0,
          "attributes": {
            "availability_zone": null,
            "id": "arn:aws:elasticloadbalancing:ap-northeast-2:089955620282:targetgroup/was-target-group/d69b034cac49a131-20251224082010515400000008",
            "port": 9000,
            "region": "ap-northeast-2",
            "target_group_arn": "arn:aws:elasticloadbalancing:ap-northeast-2:089955620282:targetgroup/was-target-group/d69b034cac49a131",
            "target_id": "i-0aa96f2614981e637"
          },
          "sensitive_attributes": [],
          "identity_schema_version": 0,
          "private": "bnVsbA==",
          "dependencies": [
            "module.alb_system.aws_lb_target_group.internal_nlb_target_group",
            "module.instance.aws_instance.was_1",
            "module.network.aws_security_group.was_sg",
            "module.network.aws_subnet.priv_1",
            "module.network.aws_vpc.vpc",
            "module.network.data.aws_availability_zones.az"
          ]
        }
      ]
    },
    {
      "module": "module.instance",
      "mode": "managed",
      "type": "aws_lb_target_group_attachment",
      "name": "was_2_attachment",
      "provider": "provider[\"registry.terraform.io/hashicorp/aws\"]",
      "instances": [
        {
          "schema_version": 0,
          "attributes": {
            "availability_zone": null,
            "id": "arn:aws:elasticloadbalancing:ap-northeast-2:089955620282:targetgroup/was-target-group/d69b034cac49a131-20251224082010456200000007",
            "port": 9000,
            "region": "ap-northeast-2",
            "target_group_arn": "arn:aws:elasticloadbalancing:ap-northeast-2:089955620282:targetgroup/was-target-group/d69b034cac49a131",
            "target_id": "i-0cddfc413215102c0"
          },
          "sensitive_attributes": [],
          "identity_schema_version": 0,
          "private": "bnVsbA==",
          "dependencies": [
            "module.alb_system.aws_lb_target_group.internal_nlb_target_group",
            "module.instance.aws_instance.was_2",
            "module.network.aws_security_group.was_sg",
            "module.network.aws_subnet.priv_2",
            "module.network.aws_vpc.vpc",
            "module.network.data.aws_availability_zones.az"
          ]
        }
      ]
    },
    {
      "module": "module.instance",
      "mode": "managed",
      "type": "aws_lb_target_group_attachment",
      "name": "web_1_attachment",
      "provider": "provider[\"registry.terraform.io/hashicorp/aws\"]",
      "instances": [
        {
          "schema_version": 0,
          "attributes": {
            "availability_zone": null,
            "id": "arn:aws:elasticloadbalancing:ap-northeast-2:089955620282:targetgroup/web-target-group/b524054f3494cece-2025122408225313930000000e",
            "port": 80,
            "region": "ap-northeast-2",
            "target_group_arn": "arn:aws:elasticloadbalancing:ap-northeast-2:089955620282:targetgroup/web-target-group/b524054f3494cece",
            "target_id": "i-0df05e9d0bfe91db8"
          },
          "sensitive_attributes": [],
          "identity_schema_version": 0,
          "private": "bnVsbA==",
          "dependencies": [
            "module.alb_system.aws_lb.internal_nlb",
            "module.alb_system.aws_lb_target_group.public_alb_target_group",
            "module.instance.aws_instance.web_1",
            "module.network.aws_security_group.internal_nlb_sg",
            "module.network.aws_security_group.web_sg",
            "module.network.aws_subnet.priv_1",
            "module.network.aws_subnet.priv_2",
            "module.network.aws_subnet.pub_1",
            "module.network.aws_vpc.vpc",
            "module.network.data.aws_availability_zones.az"
          ]
        }
      ]
    },
    {
      "module": "module.instance",
      "mode": "managed",
      "type": "aws_lb_target_group_attachment",
      "name": "web_2_attachment",
      "provider": "provider[\"registry.terraform.io/hashicorp/aws\"]",
      "instances": [
        {
          "schema_version": 0,
          "attributes": {
            "availability_zone": null,
            "id": "arn:aws:elasticloadbalancing:ap-northeast-2:089955620282:targetgroup/web-target-group/b524054f3494cece-2025122408225300640000000d",
            "port": 80,
            "region": "ap-northeast-2",
            "target_group_arn": "arn:aws:elasticloadbalancing:ap-northeast-2:089955620282:targetgroup/web-target-group/b524054f3494cece",
            "target_id": "i-05909ac3a7cf22918"
          },
          "sensitive_attributes": [],
          "identity_schema_version": 0,
          "private": "bnVsbA==",
          "dependencies": [
            "module.alb_system.aws_lb.internal_nlb",
            "module.alb_system.aws_lb_target_group.public_alb_target_group",
            "module.instance.aws_instance.web_2",
            "module.network.aws_security_group.internal_nlb_sg",
            "module.network.aws_security_group.web_sg",
            "module.network.aws_subnet.priv_1",
            "module.network.aws_subnet.priv_2",
            "module.network.aws_subnet.pub_2",
            "module.network.aws_vpc.vpc",
            "module.network.data.aws_availability_zones.az"
          ]
        }
      ]
    },
    {
      "module": "module.network",
      "mode": "data",
      "type": "aws_availability_zones",
      "name": "az",
      "provider": "provider[\"registry.terraform.io/hashicorp/aws\"]",
      "instances": [
        {
          "schema_version": 0,
          "attributes": {
            "all_availability_zones": null,
            "exclude_names": null,
            "exclude_zone_ids": null,
            "filter": null,
            "group_names": [
              "ap-northeast-2-zg-1"
            ],
            "id": "ap-northeast-2",
            "names": [
              "ap-northeast-2a",
              "ap-northeast-2b",
              "ap-northeast-2c",
              "ap-northeast-2d"
            ],
            "region": "ap-northeast-2",
            "state": "available",
            "timeouts": null,
            "zone_ids": [
              "apne2-az1",
              "apne2-az2",
              "apne2-az3",
              "apne2-az4"
            ]
          },
          "sensitive_attributes": [],
          "identity_schema_version": 0
        }
      ]
    },
    {
      "module": "module.network",
      "mode": "managed",
      "type": "aws_internet_gateway",
      "name": "igw",
      "provider": "provider[\"registry.terraform.io/hashicorp/aws\"]",
      "instances": [
        {
          "schema_version": 0,
          "attributes": {
            "arn": "arn:aws:ec2:ap-northeast-2:089955620282:internet-gateway/igw-089c5ad6eb5c3963f",
            "id": "igw-089c5ad6eb5c3963f",
            "owner_id": "089955620282",
            "region": "ap-northeast-2",
            "tags": {
              "Name": "Final-Project-IGW"
            },
            "tags_all": {
              "Name": "Final-Project-IGW"
            },
            "timeouts": null,
            "vpc_id": "vpc-01c09f68ac613de26"
          },
          "sensitive_attributes": [],
          "identity_schema_version": 0,
          "private": "eyJlMmJmYjczMC1lY2FhLTExZTYtOGY4OC0zNDM2M2JjN2M0YzAiOnsiY3JlYXRlIjoxMjAwMDAwMDAwMDAwLCJkZWxldGUiOjEyMDAwMDAwMDAwMDAsInVwZGF0ZSI6MTIwMDAwMDAwMDAwMH19",
          "dependencies": [
            "module.network.aws_vpc.vpc"
          ]
        }
      ]
    },
    {
      "module": "module.network",
      "mode": "managed",
      "type": "aws_route",
      "name": "private_rt_nat",
      "provider": "provider[\"registry.terraform.io/hashicorp/aws\"]",
      "instances": [
        {
          "schema_version": 0,
          "attributes": {
            "carrier_gateway_id": "",
            "core_network_arn": "",
            "destination_cidr_block": "0.0.0.0/0",
            "destination_ipv6_cidr_block": "",
            "destination_prefix_list_id": "",
            "egress_only_gateway_id": "",
            "gateway_id": "",
            "id": "r-rtb-09294627b488861d31080289494",
            "instance_id": "i-0297b4117381eb7f9",
            "instance_owner_id": "089955620282",
            "local_gateway_id": "",
            "nat_gateway_id": "",
            "network_interface_id": "eni-0aaa350e06c8e20dc",
            "origin": "CreateRoute",
            "region": "ap-northeast-2",
            "route_table_id": "rtb-09294627b488861d3",
            "state": "active",
            "timeouts": null,
            "transit_gateway_id": "",
            "vpc_endpoint_id": "",
            "vpc_peering_connection_id": ""
          },
          "sensitive_attributes": [],
          "identity_schema_version": 0,
          "identity": {
            "account_id": "089955620282",
            "destination_cidr_block": "0.0.0.0/0",
            "destination_ipv6_cidr_block": null,
            "destination_prefix_list_id": null,
            "region": "ap-northeast-2",
            "route_table_id": "rtb-09294627b488861d3"
          },
          "private": "eyJlMmJmYjczMC1lY2FhLTExZTYtOGY4OC0zNDM2M2JjN2M0YzAiOnsiY3JlYXRlIjozMDAwMDAwMDAwMDAsImRlbGV0ZSI6MzAwMDAwMDAwMDAwLCJ1cGRhdGUiOjEyMDAwMDAwMDAwMH19",
          "dependencies": [
            "module.instance.aws_instance.nat_server",
            "module.network.aws_route_table.private_rt",
            "module.network.aws_security_group.nat_sg",
            "module.network.aws_subnet.pub_1",
            "module.network.aws_vpc.vpc",
            "module.network.data.aws_availability_zones.az"
          ]
        }
      ]
    },
    {
      "module": "module.network",
      "mode": "managed",
      "type": "aws_route",
      "name": "public_rt_internet",
      "provider": "provider[\"registry.terraform.io/hashicorp/aws\"]",
      "instances": [
        {
          "schema_version": 0,
          "attributes": {
            "carrier_gateway_id": "",
            "core_network_arn": "",
            "destination_cidr_block": "0.0.0.0/0",
            "destination_ipv6_cidr_block": "",
            "destination_prefix_list_id": "",
            "egress_only_gateway_id": "",
            "gateway_id": "igw-089c5ad6eb5c3963f",
            "id": "r-rtb-0717cbc666f188eef1080289494",
            "instance_id": "",
            "instance_owner_id": "",
            "local_gateway_id": "",
            "nat_gateway_id": "",
            "network_interface_id": "",
            "origin": "CreateRoute",
            "region": "ap-northeast-2",
            "route_table_id": "rtb-0717cbc666f188eef",
            "state": "active",
            "timeouts": null,
            "transit_gateway_id": "",
            "vpc_endpoint_id": "",
            "vpc_peering_connection_id": ""
          },
          "sensitive_attributes": [],
          "identity_schema_version": 0,
          "identity": {
            "account_id": "089955620282",
            "destination_cidr_block": "0.0.0.0/0",
            "destination_ipv6_cidr_block": null,
            "destination_prefix_list_id": null,
            "region": "ap-northeast-2",
            "route_table_id": "rtb-0717cbc666f188eef"
          },
          "private": "eyJlMmJmYjczMC1lY2FhLTExZTYtOGY4OC0zNDM2M2JjN2M0YzAiOnsiY3JlYXRlIjozMDAwMDAwMDAwMDAsImRlbGV0ZSI6MzAwMDAwMDAwMDAwLCJ1cGRhdGUiOjEyMDAwMDAwMDAwMH19",
          "dependencies": [
            "module.network.aws_internet_gateway.igw",
            "module.network.aws_route_table.public_rt",
            "module.network.aws_vpc.vpc"
          ]
        }
      ]
    },
    {
      "module": "module.network",
      "mode": "managed",
      "type": "aws_route_table",
      "name": "private_rt",
      "provider": "provider[\"registry.terraform.io/hashicorp/aws\"]",
      "instances": [
        {
          "schema_version": 0,
          "attributes": {
            "arn": "arn:aws:ec2:ap-northeast-2:089955620282:route-table/rtb-09294627b488861d3",
            "id": "rtb-09294627b488861d3",
            "owner_id": "089955620282",
            "propagating_vgws": [],
            "region": "ap-northeast-2",
            "route": [],
            "tags": {
              "Name": "Private Route Table"
            },
            "tags_all": {
              "Name": "Private Route Table"
            },
            "timeouts": null,
            "vpc_id": "vpc-01c09f68ac613de26"
          },
          "sensitive_attributes": [],
          "identity_schema_version": 0,
          "identity": {
            "account_id": "089955620282",
            "id": "rtb-09294627b488861d3",
            "region": "ap-northeast-2"
          },
          "private": "eyJlMmJmYjczMC1lY2FhLTExZTYtOGY4OC0zNDM2M2JjN2M0YzAiOnsiY3JlYXRlIjozMDAwMDAwMDAwMDAsImRlbGV0ZSI6MzAwMDAwMDAwMDAwLCJ1cGRhdGUiOjEyMDAwMDAwMDAwMH19",
          "dependencies": [
            "module.network.aws_vpc.vpc"
          ]
        }
      ]
    },
    {
      "module": "module.network",
      "mode": "managed",
      "type": "aws_route_table",
      "name": "public_rt",
      "provider": "provider[\"registry.terraform.io/hashicorp/aws\"]",
      "instances": [
        {
          "schema_version": 0,
          "attributes": {
            "arn": "arn:aws:ec2:ap-northeast-2:089955620282:route-table/rtb-0717cbc666f188eef",
            "id": "rtb-0717cbc666f188eef",
            "owner_id": "089955620282",
            "propagating_vgws": [],
            "region": "ap-northeast-2",
            "route": [],
            "tags": {
              "Name": "Public Route Table"
            },
            "tags_all": {
              "Name": "Public Route Table"
            },
            "timeouts": null,
            "vpc_id": "vpc-01c09f68ac613de26"
          },
          "sensitive_attributes": [],
          "identity_schema_version": 0,
          "identity": {
            "account_id": "089955620282",
            "id": "rtb-0717cbc666f188eef",
            "region": "ap-northeast-2"
          },
          "private": "eyJlMmJmYjczMC1lY2FhLTExZTYtOGY4OC0zNDM2M2JjN2M0YzAiOnsiY3JlYXRlIjozMDAwMDAwMDAwMDAsImRlbGV0ZSI6MzAwMDAwMDAwMDAwLCJ1cGRhdGUiOjEyMDAwMDAwMDAwMH19",
          "dependencies": [
            "module.network.aws_vpc.vpc"
          ]
        }
      ]
    },
    {
      "module": "module.network",
      "mode": "managed",
      "type": "aws_route_table_association",
      "name": "private_rt_association_1",
      "provider": "provider[\"registry.terraform.io/hashicorp/aws\"]",
      "instances": [
        {
          "schema_version": 0,
          "attributes": {
            "gateway_id": "",
            "id": "rtbassoc-08c167026e0c436d8",
            "region": "ap-northeast-2",
            "route_table_id": "rtb-09294627b488861d3",
            "subnet_id": "subnet-021c7b3924e64cd6b",
            "timeouts": null
          },
          "sensitive_attributes": [],
          "identity_schema_version": 0,
          "private": "eyJlMmJmYjczMC1lY2FhLTExZTYtOGY4OC0zNDM2M2JjN2M0YzAiOnsiY3JlYXRlIjozMDAwMDAwMDAwMDAsImRlbGV0ZSI6MzAwMDAwMDAwMDAwLCJ1cGRhdGUiOjEyMDAwMDAwMDAwMH19",
          "dependencies": [
            "module.network.aws_route_table.private_rt",
            "module.network.aws_subnet.priv_1",
            "module.network.aws_vpc.vpc",
            "module.network.data.aws_availability_zones.az"
          ]
        }
      ]
    },
    {
      "module": "module.network",
      "mode": "managed",
      "type": "aws_route_table_association",
      "name": "private_rt_association_2",
      "provider": "provider[\"registry.terraform.io/hashicorp/aws\"]",
      "instances": [
        {
          "schema_version": 0,
          "attributes": {
            "gateway_id": "",
            "id": "rtbassoc-0b48c318647c590b7",
            "region": "ap-northeast-2",
            "route_table_id": "rtb-09294627b488861d3",
            "subnet_id": "subnet-0205fce1d3709813d",
            "timeouts": null
          },
          "sensitive_attributes": [],
          "identity_schema_version": 0,
          "private": "eyJlMmJmYjczMC1lY2FhLTExZTYtOGY4OC0zNDM2M2JjN2M0YzAiOnsiY3JlYXRlIjozMDAwMDAwMDAwMDAsImRlbGV0ZSI6MzAwMDAwMDAwMDAwLCJ1cGRhdGUiOjEyMDAwMDAwMDAwMH19",
          "dependencies": [
            "module.network.aws_route_table.private_rt",
            "module.network.aws_subnet.priv_2",
            "module.network.aws_vpc.vpc",
            "module.network.data.aws_availability_zones.az"
          ]
        }
      ]
    },
    {
      "module": "module.network",
      "mode": "managed",
      "type": "aws_route_table_association",
      "name": "public_rt_association_1",
      "provider": "provider[\"registry.terraform.io/hashicorp/aws\"]",
      "instances": [
        {
          "schema_version": 0,
          "attributes": {
            "gateway_id": "",
            "id": "rtbassoc-0fd42e81b9e9b52b4",
            "region": "ap-northeast-2",
            "route_table_id": "rtb-0717cbc666f188eef",
            "subnet_id": "subnet-0887fd638518a252f",
            "timeouts": null
          },
          "sensitive_attributes": [],
          "identity_schema_version": 0,
          "private": "eyJlMmJmYjczMC1lY2FhLTExZTYtOGY4OC0zNDM2M2JjN2M0YzAiOnsiY3JlYXRlIjozMDAwMDAwMDAwMDAsImRlbGV0ZSI6MzAwMDAwMDAwMDAwLCJ1cGRhdGUiOjEyMDAwMDAwMDAwMH19",
          "dependencies": [
            "module.network.aws_route_table.public_rt",
            "module.network.aws_subnet.pub_1",
            "module.network.aws_vpc.vpc",
            "module.network.data.aws_availability_zones.az"
          ]
        }
      ]
    },
    {
      "module": "module.network",
      "mode": "managed",
      "type": "aws_route_table_association",
      "name": "public_rt_association_2",
      "provider": "provider[\"registry.terraform.io/hashicorp/aws\"]",
      "instances": [
        {
          "schema_version": 0,
          "attributes": {
            "gateway_id": "",
            "id": "rtbassoc-0d3795e10eada6f6a",
            "region": "ap-northeast-2",
            "route_table_id": "rtb-0717cbc666f188eef",
            "subnet_id": "subnet-0139dbb2e20ac4de1",
            "timeouts": null
          },
          "sensitive_attributes": [],
          "identity_schema_version": 0,
          "private": "eyJlMmJmYjczMC1lY2FhLTExZTYtOGY4OC0zNDM2M2JjN2M0YzAiOnsiY3JlYXRlIjozMDAwMDAwMDAwMDAsImRlbGV0ZSI6MzAwMDAwMDAwMDAwLCJ1cGRhdGUiOjEyMDAwMDAwMDAwMH19",
          "dependencies": [
            "module.network.aws_route_table.public_rt",
            "module.network.aws_subnet.pub_2",
            "module.network.aws_vpc.vpc",
            "module.network.data.aws_availability_zones.az"
          ]
        }
      ]
    },
    {
      "module": "module.network",
      "mode": "managed",
      "type": "aws_security_group",
      "name": "alb_sg",
      "provider": "provider[\"registry.terraform.io/hashicorp/aws\"]",
      "instances": [
        {
          "schema_version": 1,
          "attributes": {
            "arn": "arn:aws:ec2:ap-northeast-2:089955620282:security-group/sg-0d2920b168f9efe04",
            "description": "Managed by Terraform",
            "egress": [],
            "id": "sg-0d2920b168f9efe04",
            "ingress": [],
            "name": "ALB-SG",
            "name_prefix": "",
            "owner_id": "089955620282",
            "region": "ap-northeast-2",
            "revoke_rules_on_delete": false,
            "tags": {
              "Name": "ALB-SG"
            },
            "tags_all": {
              "Name": "ALB-SG"
            },
            "timeouts": null,
            "vpc_id": "vpc-01c09f68ac613de26"
          },
          "sensitive_attributes": [],
          "identity_schema_version": 0,
          "identity": {
            "account_id": "089955620282",
            "id": "sg-0d2920b168f9efe04",
            "region": "ap-northeast-2"
          },
          "private": "eyJlMmJmYjczMC1lY2FhLTExZTYtOGY4OC0zNDM2M2JjN2M0YzAiOnsiY3JlYXRlIjo2MDAwMDAwMDAwMDAsImRlbGV0ZSI6OTAwMDAwMDAwMDAwfSwic2NoZW1hX3ZlcnNpb24iOiIxIn0=",
          "dependencies": [
            "module.network.aws_vpc.vpc"
          ]
        }
      ]
    },
    {
      "module": "module.network",
      "mode": "managed",
      "type": "aws_security_group",
      "name": "bastion_sg",
      "provider": "provider[\"registry.terraform.io/hashicorp/aws\"]",
      "instances": [
        {
          "schema_version": 1,
          "attributes": {
            "arn": "arn:aws:ec2:ap-northeast-2:089955620282:security-group/sg-040db7f88b5487a29",
            "description": "Managed by Terraform",
            "egress": [],
            "id": "sg-040db7f88b5487a29",
            "ingress": [],
            "name": "Bastion-SG",
            "name_prefix": "",
            "owner_id": "089955620282",
            "region": "ap-northeast-2",
            "revoke_rules_on_delete": false,
            "tags": {
              "Name": "Bastion-SG"
            },
            "tags_all": {
              "Name": "Bastion-SG"
            },
            "timeouts": null,
            "vpc_id": "vpc-01c09f68ac613de26"
          },
          "sensitive_attributes": [],
          "identity_schema_version": 0,
          "identity": {
            "account_id": "089955620282",
            "id": "sg-040db7f88b5487a29",
            "region": "ap-northeast-2"
          },
          "private": "eyJlMmJmYjczMC1lY2FhLTExZTYtOGY4OC0zNDM2M2JjN2M0YzAiOnsiY3JlYXRlIjo2MDAwMDAwMDAwMDAsImRlbGV0ZSI6OTAwMDAwMDAwMDAwfSwic2NoZW1hX3ZlcnNpb24iOiIxIn0=",
          "dependencies": [
            "module.network.aws_vpc.vpc"
          ]
        }
      ]
    },
    {
      "module": "module.network",
      "mode": "managed",
      "type": "aws_security_group",
      "name": "db_sg",
      "provider": "provider[\"registry.terraform.io/hashicorp/aws\"]",
      "instances": [
        {
          "schema_version": 1,
          "attributes": {
            "arn": "arn:aws:ec2:ap-northeast-2:089955620282:security-group/sg-075019d1af460aeef",
            "description": "Managed by Terraform",
            "egress": [],
            "id": "sg-075019d1af460aeef",
            "ingress": [],
            "name": "DB-SG",
            "name_prefix": "",
            "owner_id": "089955620282",
            "region": "ap-northeast-2",
            "revoke_rules_on_delete": false,
            "tags": {
              "Name": "DB-SG"
            },
            "tags_all": {
              "Name": "DB-SG"
            },
            "timeouts": null,
            "vpc_id": "vpc-01c09f68ac613de26"
          },
          "sensitive_attributes": [],
          "identity_schema_version": 0,
          "identity": {
            "account_id": "089955620282",
            "id": "sg-075019d1af460aeef",
            "region": "ap-northeast-2"
          },
          "private": "eyJlMmJmYjczMC1lY2FhLTExZTYtOGY4OC0zNDM2M2JjN2M0YzAiOnsiY3JlYXRlIjo2MDAwMDAwMDAwMDAsImRlbGV0ZSI6OTAwMDAwMDAwMDAwfSwic2NoZW1hX3ZlcnNpb24iOiIxIn0=",
          "dependencies": [
            "module.network.aws_vpc.vpc"
          ]
        }
      ]
    },
    {
      "module": "module.network",
      "mode": "managed",
      "type": "aws_security_group",
      "name": "internal_nlb_sg",
      "provider": "provider[\"registry.terraform.io/hashicorp/aws\"]",
      "instances": [
        {
          "schema_version": 1,
          "attributes": {
            "arn": "arn:aws:ec2:ap-northeast-2:089955620282:security-group/sg-028e36476d35237ab",
            "description": "Managed by Terraform",
            "egress": [],
            "id": "sg-028e36476d35237ab",
            "ingress": [],
            "name": "Internal-NLB-SG",
            "name_prefix": "",
            "owner_id": "089955620282",
            "region": "ap-northeast-2",
            "revoke_rules_on_delete": false,
            "tags": {
              "Name": "Internal-NLB-SG"
            },
            "tags_all": {
              "Name": "Internal-NLB-SG"
            },
            "timeouts": null,
            "vpc_id": "vpc-01c09f68ac613de26"
          },
          "sensitive_attributes": [],
          "identity_schema_version": 0,
          "identity": {
            "account_id": "089955620282",
            "id": "sg-028e36476d35237ab",
            "region": "ap-northeast-2"
          },
          "private": "eyJlMmJmYjczMC1lY2FhLTExZTYtOGY4OC0zNDM2M2JjN2M0YzAiOnsiY3JlYXRlIjo2MDAwMDAwMDAwMDAsImRlbGV0ZSI6OTAwMDAwMDAwMDAwfSwic2NoZW1hX3ZlcnNpb24iOiIxIn0=",
          "dependencies": [
            "module.network.aws_vpc.vpc"
          ]
        }
      ]
    },
    {
      "module": "module.network",
      "mode": "managed",
      "type": "aws_security_group",
      "name": "nat_sg",
      "provider": "provider[\"registry.terraform.io/hashicorp/aws\"]",
      "instances": [
        {
          "schema_version": 1,
          "attributes": {
            "arn": "arn:aws:ec2:ap-northeast-2:089955620282:security-group/sg-06687bfead527c9de",
            "description": "Managed by Terraform",
            "egress": [],
            "id": "sg-06687bfead527c9de",
            "ingress": [],
            "name": "NAT-SG",
            "name_prefix": "",
            "owner_id": "089955620282",
            "region": "ap-northeast-2",
            "revoke_rules_on_delete": false,
            "tags": {
              "Name": "NAT-SG"
            },
            "tags_all": {
              "Name": "NAT-SG"
            },
            "timeouts": null,
            "vpc_id": "vpc-01c09f68ac613de26"
          },
          "sensitive_attributes": [],
          "identity_schema_version": 0,
          "identity": {
            "account_id": "089955620282",
            "id": "sg-06687bfead527c9de",
            "region": "ap-northeast-2"
          },
          "private": "eyJlMmJmYjczMC1lY2FhLTExZTYtOGY4OC0zNDM2M2JjN2M0YzAiOnsiY3JlYXRlIjo2MDAwMDAwMDAwMDAsImRlbGV0ZSI6OTAwMDAwMDAwMDAwfSwic2NoZW1hX3ZlcnNpb24iOiIxIn0=",
          "dependencies": [
            "module.network.aws_vpc.vpc"
          ]
        }
      ]
    },
    {
      "module": "module.network",
      "mode": "managed",
      "type": "aws_security_group",
      "name": "public_alb_sg",
      "provider": "provider[\"registry.terraform.io/hashicorp/aws\"]",
      "instances": [
        {
          "schema_version": 1,
          "attributes": {
            "arn": "arn:aws:ec2:ap-northeast-2:089955620282:security-group/sg-077b86e67310c6abf",
            "description": "Managed by Terraform",
            "egress": [],
            "id": "sg-077b86e67310c6abf",
            "ingress": [],
            "name": "Public-ALB-SG",
            "name_prefix": "",
            "owner_id": "089955620282",
            "region": "ap-northeast-2",
            "revoke_rules_on_delete": false,
            "tags": {
              "Name": "Public-ALB-SG"
            },
            "tags_all": {
              "Name": "Public-ALB-SG"
            },
            "timeouts": null,
            "vpc_id": "vpc-01c09f68ac613de26"
          },
          "sensitive_attributes": [],
          "identity_schema_version": 0,
          "identity": {
            "account_id": "089955620282",
            "id": "sg-077b86e67310c6abf",
            "region": "ap-northeast-2"
          },
          "private": "eyJlMmJmYjczMC1lY2FhLTExZTYtOGY4OC0zNDM2M2JjN2M0YzAiOnsiY3JlYXRlIjo2MDAwMDAwMDAwMDAsImRlbGV0ZSI6OTAwMDAwMDAwMDAwfSwic2NoZW1hX3ZlcnNpb24iOiIxIn0=",
          "dependencies": [
            "module.network.aws_vpc.vpc"
          ]
        }
      ]
    },
    {
      "module": "module.network",
      "mode": "managed",
      "type": "aws_security_group",
      "name": "was_sg",
      "provider": "provider[\"registry.terraform.io/hashicorp/aws\"]",
      "instances": [
        {
          "schema_version": 1,
          "attributes": {
            "arn": "arn:aws:ec2:ap-northeast-2:089955620282:security-group/sg-0735d393e2cd818f1",
            "description": "Managed by Terraform",
            "egress": [],
            "id": "sg-0735d393e2cd818f1",
            "ingress": [],
            "name": "WAS-SG",
            "name_prefix": "",
            "owner_id": "089955620282",
            "region": "ap-northeast-2",
            "revoke_rules_on_delete": false,
            "tags": {
              "Name": "WAS-SG"
            },
            "tags_all": {
              "Name": "WAS-SG"
            },
            "timeouts": null,
            "vpc_id": "vpc-01c09f68ac613de26"
          },
          "sensitive_attributes": [],
          "identity_schema_version": 0,
          "identity": {
            "account_id": "089955620282",
            "id": "sg-0735d393e2cd818f1",
            "region": "ap-northeast-2"
          },
          "private": "eyJlMmJmYjczMC1lY2FhLTExZTYtOGY4OC0zNDM2M2JjN2M0YzAiOnsiY3JlYXRlIjo2MDAwMDAwMDAwMDAsImRlbGV0ZSI6OTAwMDAwMDAwMDAwfSwic2NoZW1hX3ZlcnNpb24iOiIxIn0=",
          "dependencies": [
            "module.network.aws_vpc.vpc"
          ]
        }
      ]
    },
    {
      "module": "module.network",
      "mode": "managed",
      "type": "aws_security_group",
      "name": "web_sg",
      "provider": "provider[\"registry.terraform.io/hashicorp/aws\"]",
      "instances": [
        {
          "schema_version": 1,
          "attributes": {
            "arn": "arn:aws:ec2:ap-northeast-2:089955620282:security-group/sg-02117d6e3d1182fa3",
            "description": "Managed by Terraform",
            "egress": [],
            "id": "sg-02117d6e3d1182fa3",
            "ingress": [],
            "name": "WEB-SG",
            "name_prefix": "",
            "owner_id": "089955620282",
            "region": "ap-northeast-2",
            "revoke_rules_on_delete": false,
            "tags": {
              "Name": "WEB-SG"
            },
            "tags_all": {
              "Name": "WEB-SG"
            },
            "timeouts": null,
            "vpc_id": "vpc-01c09f68ac613de26"
          },
          "sensitive_attributes": [],
          "identity_schema_version": 0,
          "identity": {
            "account_id": "089955620282",
            "id": "sg-02117d6e3d1182fa3",
            "region": "ap-northeast-2"
          },
          "private": "eyJlMmJmYjczMC1lY2FhLTExZTYtOGY4OC0zNDM2M2JjN2M0YzAiOnsiY3JlYXRlIjo2MDAwMDAwMDAwMDAsImRlbGV0ZSI6OTAwMDAwMDAwMDAwfSwic2NoZW1hX3ZlcnNpb24iOiIxIn0=",
          "dependencies": [
            "module.network.aws_vpc.vpc"
          ]
        }
      ]
    },
    {
      "module": "module.network",
      "mode": "managed",
      "type": "aws_subnet",
      "name": "priv_1",
      "provider": "provider[\"registry.terraform.io/hashicorp/aws\"]",
      "instances": [
        {
          "schema_version": 1,
          "attributes": {
            "arn": "arn:aws:ec2:ap-northeast-2:089955620282:subnet/subnet-021c7b3924e64cd6b",
            "assign_ipv6_address_on_creation": false,
            "availability_zone": "ap-northeast-2a",
            "availability_zone_id": "apne2-az1",
            "cidr_block": "10.0.11.0/24",
            "customer_owned_ipv4_pool": "",
            "enable_dns64": false,
            "enable_lni_at_device_index": 0,
            "enable_resource_name_dns_a_record_on_launch": false,
            "enable_resource_name_dns_aaaa_record_on_launch": false,
            "id": "subnet-021c7b3924e64cd6b",
            "ipv6_cidr_block": "",
            "ipv6_cidr_block_association_id": "",
            "ipv6_native": false,
            "map_customer_owned_ip_on_launch": false,
            "map_public_ip_on_launch": false,
            "outpost_arn": "",
            "owner_id": "089955620282",
            "private_dns_hostname_type_on_launch": "ip-name",
            "region": "ap-northeast-2",
            "tags": {
              "Name": "Private_Subnet_1"
            },
            "tags_all": {
              "Name": "Private_Subnet_1"
            },
            "timeouts": null,
            "vpc_id": "vpc-01c09f68ac613de26"
          },
          "sensitive_attributes": [],
          "identity_schema_version": 0,
          "identity": {
            "account_id": "089955620282",
            "id": "subnet-021c7b3924e64cd6b",
            "region": "ap-northeast-2"
          },
          "private": "eyJlMmJmYjczMC1lY2FhLTExZTYtOGY4OC0zNDM2M2JjN2M0YzAiOnsiY3JlYXRlIjo2MDAwMDAwMDAwMDAsImRlbGV0ZSI6MTIwMDAwMDAwMDAwMH0sInNjaGVtYV92ZXJzaW9uIjoiMSJ9",
          "dependencies": [
            "module.network.aws_vpc.vpc",
            "module.network.data.aws_availability_zones.az"
          ]
        }
      ]
    },
    {
      "module": "module.network",
      "mode": "managed",
      "type": "aws_subnet",
      "name": "priv_2",
      "provider": "provider[\"registry.terraform.io/hashicorp/aws\"]",
      "instances": [
        {
          "schema_version": 1,
          "attributes": {
            "arn": "arn:aws:ec2:ap-northeast-2:089955620282:subnet/subnet-0205fce1d3709813d",
            "assign_ipv6_address_on_creation": false,
            "availability_zone": "ap-northeast-2b",
            "availability_zone_id": "apne2-az2",
            "cidr_block": "10.0.12.0/24",
            "customer_owned_ipv4_pool": "",
            "enable_dns64": false,
            "enable_lni_at_device_index": 0,
            "enable_resource_name_dns_a_record_on_launch": false,
            "enable_resource_name_dns_aaaa_record_on_launch": false,
            "id": "subnet-0205fce1d3709813d",
            "ipv6_cidr_block": "",
            "ipv6_cidr_block_association_id": "",
            "ipv6_native": false,
            "map_customer_owned_ip_on_launch": false,
            "map_public_ip_on_launch": false,
            "outpost_arn": "",
            "owner_id": "089955620282",
            "private_dns_hostname_type_on_launch": "ip-name",
            "region": "ap-northeast-2",
            "tags": {
              "Name": "Private_Subnet_2"
            },
            "tags_all": {
              "Name": "Private_Subnet_2"
            },
            "timeouts": null,
            "vpc_id": "vpc-01c09f68ac613de26"
          },
          "sensitive_attributes": [],
          "identity_schema_version": 0,
          "identity": {
            "account_id": "089955620282",
            "id": "subnet-0205fce1d3709813d",
            "region": "ap-northeast-2"
          },
          "private": "eyJlMmJmYjczMC1lY2FhLTExZTYtOGY4OC0zNDM2M2JjN2M0YzAiOnsiY3JlYXRlIjo2MDAwMDAwMDAwMDAsImRlbGV0ZSI6MTIwMDAwMDAwMDAwMH0sInNjaGVtYV92ZXJzaW9uIjoiMSJ9",
          "dependencies": [
            "module.network.aws_vpc.vpc",
            "module.network.data.aws_availability_zones.az"
          ]
        }
      ]
    },
    {
      "module": "module.network",
      "mode": "managed",
      "type": "aws_subnet",
      "name": "pub_1",
      "provider": "provider[\"registry.terraform.io/hashicorp/aws\"]",
      "instances": [
        {
          "schema_version": 1,
          "attributes": {
            "arn": "arn:aws:ec2:ap-northeast-2:089955620282:subnet/subnet-0887fd638518a252f",
            "assign_ipv6_address_on_creation": false,
            "availability_zone": "ap-northeast-2a",
            "availability_zone_id": "apne2-az1",
            "cidr_block": "10.0.1.0/24",
            "customer_owned_ipv4_pool": "",
            "enable_dns64": false,
            "enable_lni_at_device_index": 0,
            "enable_resource_name_dns_a_record_on_launch": false,
            "enable_resource_name_dns_aaaa_record_on_launch": false,
            "id": "subnet-0887fd638518a252f",
            "ipv6_cidr_block": "",
            "ipv6_cidr_block_association_id": "",
            "ipv6_native": false,
            "map_customer_owned_ip_on_launch": false,
            "map_public_ip_on_launch": false,
            "outpost_arn": "",
            "owner_id": "089955620282",
            "private_dns_hostname_type_on_launch": "ip-name",
            "region": "ap-northeast-2",
            "tags": {
              "Name": "Public_Subnet_1"
            },
            "tags_all": {
              "Name": "Public_Subnet_1"
            },
            "timeouts": null,
            "vpc_id": "vpc-01c09f68ac613de26"
          },
          "sensitive_attributes": [],
          "identity_schema_version": 0,
          "identity": {
            "account_id": "089955620282",
            "id": "subnet-0887fd638518a252f",
            "region": "ap-northeast-2"
          },
          "private": "eyJlMmJmYjczMC1lY2FhLTExZTYtOGY4OC0zNDM2M2JjN2M0YzAiOnsiY3JlYXRlIjo2MDAwMDAwMDAwMDAsImRlbGV0ZSI6MTIwMDAwMDAwMDAwMH0sInNjaGVtYV92ZXJzaW9uIjoiMSJ9",
          "dependencies": [
            "module.network.aws_vpc.vpc",
            "module.network.data.aws_availability_zones.az"
          ]
        }
      ]
    },
    {
      "module": "module.network",
      "mode": "managed",
      "type": "aws_subnet",
      "name": "pub_2",
      "provider": "provider[\"registry.terraform.io/hashicorp/aws\"]",
      "instances": [
        {
          "schema_version": 1,
          "attributes": {
            "arn": "arn:aws:ec2:ap-northeast-2:089955620282:subnet/subnet-0139dbb2e20ac4de1",
            "assign_ipv6_address_on_creation": false,
            "availability_zone": "ap-northeast-2b",
            "availability_zone_id": "apne2-az2",
            "cidr_block": "10.0.2.0/24",
            "customer_owned_ipv4_pool": "",
            "enable_dns64": false,
            "enable_lni_at_device_index": 0,
            "enable_resource_name_dns_a_record_on_launch": false,
            "enable_resource_name_dns_aaaa_record_on_launch": false,
            "id": "subnet-0139dbb2e20ac4de1",
            "ipv6_cidr_block": "",
            "ipv6_cidr_block_association_id": "",
            "ipv6_native": false,
            "map_customer_owned_ip_on_launch": false,
            "map_public_ip_on_launch": false,
            "outpost_arn": "",
            "owner_id": "089955620282",
            "private_dns_hostname_type_on_launch": "ip-name",
            "region": "ap-northeast-2",
            "tags": {
              "Name": "Public_Subnet_2"
            },
            "tags_all": {
              "Name": "Public_Subnet_2"
            },
            "timeouts": null,
            "vpc_id": "vpc-01c09f68ac613de26"
          },
          "sensitive_attributes": [],
          "identity_schema_version": 0,
          "identity": {
            "account_id": "089955620282",
            "id": "subnet-0139dbb2e20ac4de1",
            "region": "ap-northeast-2"
          },
          "private": "eyJlMmJmYjczMC1lY2FhLTExZTYtOGY4OC0zNDM2M2JjN2M0YzAiOnsiY3JlYXRlIjo2MDAwMDAwMDAwMDAsImRlbGV0ZSI6MTIwMDAwMDAwMDAwMH0sInNjaGVtYV92ZXJzaW9uIjoiMSJ9",
          "dependencies": [
            "module.network.aws_vpc.vpc",
            "module.network.data.aws_availability_zones.az"
          ]
        }
      ]
    },
    {
      "module": "module.network",
      "mode": "managed",
      "type": "aws_vpc",
      "name": "vpc",
      "provider": "provider[\"registry.terraform.io/hashicorp/aws\"]",
      "instances": [
        {
          "schema_version": 1,
          "attributes": {
            "arn": "arn:aws:ec2:ap-northeast-2:089955620282:vpc/vpc-01c09f68ac613de26",
            "assign_generated_ipv6_cidr_block": false,
            "cidr_block": "10.0.0.0/16",
            "default_network_acl_id": "acl-02adabd5a935f4e68",
            "default_route_table_id": "rtb-0eee4816b7b236f59",
            "default_security_group_id": "sg-08c282054b2c49468",
            "dhcp_options_id": "dopt-085f3a7e0f0c96ee1",
            "enable_dns_hostnames": false,
            "enable_dns_support": true,
            "enable_network_address_usage_metrics": false,
            "id": "vpc-01c09f68ac613de26",
            "instance_tenancy": "default",
            "ipv4_ipam_pool_id": null,
            "ipv4_netmask_length": null,
            "ipv6_association_id": "",
            "ipv6_cidr_block": "",
            "ipv6_cidr_block_network_border_group": "",
            "ipv6_ipam_pool_id": "",
            "ipv6_netmask_length": 0,
            "main_route_table_id": "rtb-0eee4816b7b236f59",
            "owner_id": "089955620282",
            "region": "ap-northeast-2",
            "tags": {
              "Name": "Final-Project-VPC"
            },
            "tags_all": {
              "Name": "Final-Project-VPC"
            }
          },
          "sensitive_attributes": [],
          "identity_schema_version": 0,
          "identity": {
            "account_id": "089955620282",
            "id": "vpc-01c09f68ac613de26",
            "region": "ap-northeast-2"
          },
          "private": "eyJzY2hlbWFfdmVyc2lvbiI6IjEifQ=="
        }
      ]
    },
    {
      "module": "module.network",
      "mode": "managed",
      "type": "aws_vpc_security_group_egress_rule",
      "name": "alb_egress_allow_all",
      "provider": "provider[\"registry.terraform.io/hashicorp/aws\"]",
      "instances": [
        {
          "schema_version": 0,
          "attributes": {
            "arn": "arn:aws:ec2:ap-northeast-2:089955620282:security-group-rule/sgr-03836ce32824498f6",
            "cidr_ipv4": "0.0.0.0/0",
            "cidr_ipv6": null,
            "description": null,
            "from_port": null,
            "id": "sgr-03836ce32824498f6",
            "ip_protocol": "-1",
            "prefix_list_id": null,
            "referenced_security_group_id": null,
            "region": "ap-northeast-2",
            "security_group_id": "sg-0d2920b168f9efe04",
            "security_group_rule_id": "sgr-03836ce32824498f6",
            "tags": null,
            "tags_all": {},
            "to_port": null
          },
          "sensitive_attributes": [],
          "identity_schema_version": 0,
          "identity": {
            "account_id": "089955620282",
            "id": "sgr-03836ce32824498f6",
            "region": "ap-northeast-2"
          },
          "dependencies": [
            "module.network.aws_security_group.alb_sg",
            "module.network.aws_vpc.vpc"
          ]
        }
      ]
    },
    {
      "module": "module.network",
      "mode": "managed",
      "type": "aws_vpc_security_group_egress_rule",
      "name": "bastion_egress_allow_all",
      "provider": "provider[\"registry.terraform.io/hashicorp/aws\"]",
      "instances": [
        {
          "schema_version": 0,
          "attributes": {
            "arn": "arn:aws:ec2:ap-northeast-2:089955620282:security-group-rule/sgr-07789b20f05203fba",
            "cidr_ipv4": "0.0.0.0/0",
            "cidr_ipv6": null,
            "description": null,
            "from_port": null,
            "id": "sgr-07789b20f05203fba",
            "ip_protocol": "-1",
            "prefix_list_id": null,
            "referenced_security_group_id": null,
            "region": "ap-northeast-2",
            "security_group_id": "sg-040db7f88b5487a29",
            "security_group_rule_id": "sgr-07789b20f05203fba",
            "tags": null,
            "tags_all": {},
            "to_port": null
          },
          "sensitive_attributes": [],
          "identity_schema_version": 0,
          "identity": {
            "account_id": "089955620282",
            "id": "sgr-07789b20f05203fba",
            "region": "ap-northeast-2"
          },
          "dependencies": [
            "module.network.aws_security_group.bastion_sg",
            "module.network.aws_vpc.vpc"
          ]
        }
      ]
    },
    {
      "module": "module.network",
      "mode": "managed",
      "type": "aws_vpc_security_group_egress_rule",
      "name": "db_egress_allow_all",
      "provider": "provider[\"registry.terraform.io/hashicorp/aws\"]",
      "instances": [
        {
          "schema_version": 0,
          "attributes": {
            "arn": "arn:aws:ec2:ap-northeast-2:089955620282:security-group-rule/sgr-09905ba1b3e9f2ba7",
            "cidr_ipv4": "0.0.0.0/0",
            "cidr_ipv6": null,
            "description": null,
            "from_port": null,
            "id": "sgr-09905ba1b3e9f2ba7",
            "ip_protocol": "-1",
            "prefix_list_id": null,
            "referenced_security_group_id": null,
            "region": "ap-northeast-2",
            "security_group_id": "sg-075019d1af460aeef",
            "security_group_rule_id": "sgr-09905ba1b3e9f2ba7",
            "tags": null,
            "tags_all": {},
            "to_port": null
          },
          "sensitive_attributes": [],
          "identity_schema_version": 0,
          "identity": {
            "account_id": "089955620282",
            "id": "sgr-09905ba1b3e9f2ba7",
            "region": "ap-northeast-2"
          },
          "dependencies": [
            "module.network.aws_security_group.db_sg",
            "module.network.aws_vpc.vpc"
          ]
        }
      ]
    },
    {
      "module": "module.network",
      "mode": "managed",
      "type": "aws_vpc_security_group_egress_rule",
      "name": "internal_nlb_egress_allow_all",
      "provider": "provider[\"registry.terraform.io/hashicorp/aws\"]",
      "instances": [
        {
          "schema_version": 0,
          "attributes": {
            "arn": "arn:aws:ec2:ap-northeast-2:089955620282:security-group-rule/sgr-0384850f10a6baff6",
            "cidr_ipv4": "0.0.0.0/0",
            "cidr_ipv6": null,
            "description": null,
            "from_port": null,
            "id": "sgr-0384850f10a6baff6",
            "ip_protocol": "-1",
            "prefix_list_id": null,
            "referenced_security_group_id": null,
            "region": "ap-northeast-2",
            "security_group_id": "sg-028e36476d35237ab",
            "security_group_rule_id": "sgr-0384850f10a6baff6",
            "tags": null,
            "tags_all": {},
            "to_port": null
          },
          "sensitive_attributes": [],
          "identity_schema_version": 0,
          "identity": {
            "account_id": "089955620282",
            "id": "sgr-0384850f10a6baff6",
            "region": "ap-northeast-2"
          },
          "dependencies": [
            "module.network.aws_security_group.internal_nlb_sg",
            "module.network.aws_vpc.vpc"
          ]
        }
      ]
    },
    {
      "module": "module.network",
      "mode": "managed",
      "type": "aws_vpc_security_group_egress_rule",
      "name": "nat_egress_allow_all",
      "provider": "provider[\"registry.terraform.io/hashicorp/aws\"]",
      "instances": [
        {
          "schema_version": 0,
          "attributes": {
            "arn": "arn:aws:ec2:ap-northeast-2:089955620282:security-group-rule/sgr-06aa78961d2cbd803",
            "cidr_ipv4": "0.0.0.0/0",
            "cidr_ipv6": null,
            "description": null,
            "from_port": null,
            "id": "sgr-06aa78961d2cbd803",
            "ip_protocol": "-1",
            "prefix_list_id": null,
            "referenced_security_group_id": null,
            "region": "ap-northeast-2",
            "security_group_id": "sg-06687bfead527c9de",
            "security_group_rule_id": "sgr-06aa78961d2cbd803",
            "tags": null,
            "tags_all": {},
            "to_port": null
          },
          "sensitive_attributes": [],
          "identity_schema_version": 0,
          "identity": {
            "account_id": "089955620282",
            "id": "sgr-06aa78961d2cbd803",
            "region": "ap-northeast-2"
          },
          "dependencies": [
            "module.network.aws_security_group.nat_sg",
            "module.network.aws_vpc.vpc"
          ]
        }
      ]
    },
    {
      "module": "module.network",
      "mode": "managed",
      "type": "aws_vpc_security_group_egress_rule",
      "name": "public_alb_egress_allow_all",
      "provider": "provider[\"registry.terraform.io/hashicorp/aws\"]",
      "instances": [
        {
          "schema_version": 0,
          "attributes": {
            "arn": "arn:aws:ec2:ap-northeast-2:089955620282:security-group-rule/sgr-091bcb7d19eb8a0d2",
            "cidr_ipv4": "0.0.0.0/0",
            "cidr_ipv6": null,
            "description": null,
            "from_port": null,
            "id": "sgr-091bcb7d19eb8a0d2",
            "ip_protocol": "-1",
            "prefix_list_id": null,
            "referenced_security_group_id": null,
            "region": "ap-northeast-2",
            "security_group_id": "sg-077b86e67310c6abf",
            "security_group_rule_id": "sgr-091bcb7d19eb8a0d2",
            "tags": null,
            "tags_all": {},
            "to_port": null
          },
          "sensitive_attributes": [],
          "identity_schema_version": 0,
          "identity": {
            "account_id": "089955620282",
            "id": "sgr-091bcb7d19eb8a0d2",
            "region": "ap-northeast-2"
          },
          "dependencies": [
            "module.network.aws_security_group.public_alb_sg",
            "module.network.aws_vpc.vpc"
          ]
        }
      ]
    },
    {
      "module": "module.network",
      "mode": "managed",
      "type": "aws_vpc_security_group_egress_rule",
      "name": "was_egress_allow_all",
      "provider": "provider[\"registry.terraform.io/hashicorp/aws\"]",
      "instances": [
        {
          "schema_version": 0,
          "attributes": {
            "arn": "arn:aws:ec2:ap-northeast-2:089955620282:security-group-rule/sgr-0d36a35f19fe5a44b",
            "cidr_ipv4": "0.0.0.0/0",
            "cidr_ipv6": null,
            "description": null,
            "from_port": null,
            "id": "sgr-0d36a35f19fe5a44b",
            "ip_protocol": "-1",
            "prefix_list_id": null,
            "referenced_security_group_id": null,
            "region": "ap-northeast-2",
            "security_group_id": "sg-0735d393e2cd818f1",
            "security_group_rule_id": "sgr-0d36a35f19fe5a44b",
            "tags": null,
            "tags_all": {},
            "to_port": null
          },
          "sensitive_attributes": [],
          "identity_schema_version": 0,
          "identity": {
            "account_id": "089955620282",
            "id": "sgr-0d36a35f19fe5a44b",
            "region": "ap-northeast-2"
          },
          "dependencies": [
            "module.network.aws_security_group.was_sg",
            "module.network.aws_vpc.vpc"
          ]
        }
      ]
    },
    {
      "module": "module.network",
      "mode": "managed",
      "type": "aws_vpc_security_group_egress_rule",
      "name": "web_egress_allow_all",
      "provider": "provider[\"registry.terraform.io/hashicorp/aws\"]",
      "instances": [
        {
          "schema_version": 0,
          "attributes": {
            "arn": "arn:aws:ec2:ap-northeast-2:089955620282:security-group-rule/sgr-071449980da831b61",
            "cidr_ipv4": "0.0.0.0/0",
            "cidr_ipv6": null,
            "description": null,
            "from_port": null,
            "id": "sgr-071449980da831b61",
            "ip_protocol": "-1",
            "prefix_list_id": null,
            "referenced_security_group_id": null,
            "region": "ap-northeast-2",
            "security_group_id": "sg-02117d6e3d1182fa3",
            "security_group_rule_id": "sgr-071449980da831b61",
            "tags": null,
            "tags_all": {},
            "to_port": null
          },
          "sensitive_attributes": [],
          "identity_schema_version": 0,
          "identity": {
            "account_id": "089955620282",
            "id": "sgr-071449980da831b61",
            "region": "ap-northeast-2"
          },
          "dependencies": [
            "module.network.aws_security_group.web_sg",
            "module.network.aws_vpc.vpc"
          ]
        }
      ]
    },
    {
      "module": "module.network",
      "mode": "managed",
      "type": "aws_vpc_security_group_ingress_rule",
      "name": "alb_ingress_allow_http",
      "provider": "provider[\"registry.terraform.io/hashicorp/aws\"]",
      "instances": [
        {
          "schema_version": 0,
          "attributes": {
            "arn": "arn:aws:ec2:ap-northeast-2:089955620282:security-group-rule/sgr-0bab6e6f25020e245",
            "cidr_ipv4": "0.0.0.0/0",
            "cidr_ipv6": null,
            "description": null,
            "from_port": 80,
            "id": "sgr-0bab6e6f25020e245",
            "ip_protocol": "tcp",
            "prefix_list_id": null,
            "referenced_security_group_id": null,
            "region": "ap-northeast-2",
            "security_group_id": "sg-0d2920b168f9efe04",
            "security_group_rule_id": "sgr-0bab6e6f25020e245",
            "tags": null,
            "tags_all": {},
            "to_port": 80
          },
          "sensitive_attributes": [],
          "identity_schema_version": 0,
          "identity": {
            "account_id": "089955620282",
            "id": "sgr-0bab6e6f25020e245",
            "region": "ap-northeast-2"
          },
          "dependencies": [
            "module.network.aws_security_group.alb_sg",
            "module.network.aws_vpc.vpc"
          ]
        }
      ]
    },
    {
      "module": "module.network",
      "mode": "managed",
      "type": "aws_vpc_security_group_ingress_rule",
      "name": "alb_ingress_allow_https",
      "provider": "provider[\"registry.terraform.io/hashicorp/aws\"]",
      "instances": [
        {
          "schema_version": 0,
          "attributes": {
            "arn": "arn:aws:ec2:ap-northeast-2:089955620282:security-group-rule/sgr-0de14e2342148c9a4",
            "cidr_ipv4": "0.0.0.0/0",
            "cidr_ipv6": null,
            "description": null,
            "from_port": 443,
            "id": "sgr-0de14e2342148c9a4",
            "ip_protocol": "tcp",
            "prefix_list_id": null,
            "referenced_security_group_id": null,
            "region": "ap-northeast-2",
            "security_group_id": "sg-0d2920b168f9efe04",
            "security_group_rule_id": "sgr-0de14e2342148c9a4",
            "tags": null,
            "tags_all": {},
            "to_port": 443
          },
          "sensitive_attributes": [],
          "identity_schema_version": 0,
          "identity": {
            "account_id": "089955620282",
            "id": "sgr-0de14e2342148c9a4",
            "region": "ap-northeast-2"
          },
          "dependencies": [
            "module.network.aws_security_group.alb_sg",
            "module.network.aws_vpc.vpc"
          ]
        }
      ]
    },
    {
      "module": "module.network",
      "mode": "managed",
      "type": "aws_vpc_security_group_ingress_rule",
      "name": "bastion_ingress_allow_ssh",
      "provider": "provider[\"registry.terraform.io/hashicorp/aws\"]",
      "instances": [
        {
          "schema_version": 0,
          "attributes": {
            "arn": "arn:aws:ec2:ap-northeast-2:089955620282:security-group-rule/sgr-00c32d1c39a98e1b6",
            "cidr_ipv4": "0.0.0.0/0",
            "cidr_ipv6": null,
            "description": null,
            "from_port": 22,
            "id": "sgr-00c32d1c39a98e1b6",
            "ip_protocol": "tcp",
            "prefix_list_id": null,
            "referenced_security_group_id": null,
            "region": "ap-northeast-2",
            "security_group_id": "sg-040db7f88b5487a29",
            "security_group_rule_id": "sgr-00c32d1c39a98e1b6",
            "tags": null,
            "tags_all": {},
            "to_port": 22
          },
          "sensitive_attributes": [],
          "identity_schema_version": 0,
          "identity": {
            "account_id": "089955620282",
            "id": "sgr-00c32d1c39a98e1b6",
            "region": "ap-northeast-2"
          },
          "dependencies": [
            "module.network.aws_security_group.bastion_sg",
            "module.network.aws_vpc.vpc"
          ]
        }
      ]
    },
    {
      "module": "module.network",
      "mode": "managed",
      "type": "aws_vpc_security_group_ingress_rule",
      "name": "db_ingress_allow_mysql",
      "provider": "provider[\"registry.terraform.io/hashicorp/aws\"]",
      "instances": [
        {
          "schema_version": 0,
          "attributes": {
            "arn": "arn:aws:ec2:ap-northeast-2:089955620282:security-group-rule/sgr-084436763c35233da",
            "cidr_ipv4": "10.0.0.0/16",
            "cidr_ipv6": null,
            "description": null,
            "from_port": 3306,
            "id": "sgr-084436763c35233da",
            "ip_protocol": "tcp",
            "prefix_list_id": null,
            "referenced_security_group_id": null,
            "region": "ap-northeast-2",
            "security_group_id": "sg-075019d1af460aeef",
            "security_group_rule_id": "sgr-084436763c35233da",
            "tags": null,
            "tags_all": {},
            "to_port": 3306
          },
          "sensitive_attributes": [],
          "identity_schema_version": 0,
          "identity": {
            "account_id": "089955620282",
            "id": "sgr-084436763c35233da",
            "region": "ap-northeast-2"
          },
          "dependencies": [
            "module.network.aws_security_group.db_sg",
            "module.network.aws_vpc.vpc"
          ]
        }
      ]
    },
    {
      "module": "module.network",
      "mode": "managed",
      "type": "aws_vpc_security_group_ingress_rule",
      "name": "internal_nlb_ingress_allow_php",
      "provider": "provider[\"registry.terraform.io/hashicorp/aws\"]",
      "instances": [
        {
          "schema_version": 0,
          "attributes": {
            "arn": "arn:aws:ec2:ap-northeast-2:089955620282:security-group-rule/sgr-0242cb4dd5e5f2692",
            "cidr_ipv4": "10.0.0.0/16",
            "cidr_ipv6": null,
            "description": null,
            "from_port": 9000,
            "id": "sgr-0242cb4dd5e5f2692",
            "ip_protocol": "tcp",
            "prefix_list_id": null,
            "referenced_security_group_id": null,
            "region": "ap-northeast-2",
            "security_group_id": "sg-028e36476d35237ab",
            "security_group_rule_id": "sgr-0242cb4dd5e5f2692",
            "tags": null,
            "tags_all": {},
            "to_port": 9000
          },
          "sensitive_attributes": [],
          "identity_schema_version": 0,
          "identity": {
            "account_id": "089955620282",
            "id": "sgr-0242cb4dd5e5f2692",
            "region": "ap-northeast-2"
          },
          "dependencies": [
            "module.network.aws_security_group.internal_nlb_sg",
            "module.network.aws_vpc.vpc"
          ]
        }
      ]
    },
    {
      "module": "module.network",
      "mode": "managed",
      "type": "aws_vpc_security_group_ingress_rule",
      "name": "nat_ingress_allow_dns_tcp",
      "provider": "provider[\"registry.terraform.io/hashicorp/aws\"]",
      "instances": [
        {
          "schema_version": 0,
          "attributes": {
            "arn": "arn:aws:ec2:ap-northeast-2:089955620282:security-group-rule/sgr-0948e8b3753043262",
            "cidr_ipv4": "10.0.0.0/16",
            "cidr_ipv6": null,
            "description": null,
            "from_port": 53,
            "id": "sgr-0948e8b3753043262",
            "ip_protocol": "tcp",
            "prefix_list_id": null,
            "referenced_security_group_id": null,
            "region": "ap-northeast-2",
            "security_group_id": "sg-06687bfead527c9de",
            "security_group_rule_id": "sgr-0948e8b3753043262",
            "tags": null,
            "tags_all": {},
            "to_port": 53
          },
          "sensitive_attributes": [],
          "identity_schema_version": 0,
          "identity": {
            "account_id": "089955620282",
            "id": "sgr-0948e8b3753043262",
            "region": "ap-northeast-2"
          },
          "dependencies": [
            "module.network.aws_security_group.nat_sg",
            "module.network.aws_vpc.vpc"
          ]
        }
      ]
    },
    {
      "module": "module.network",
      "mode": "managed",
      "type": "aws_vpc_security_group_ingress_rule",
      "name": "nat_ingress_allow_dns_udp",
      "provider": "provider[\"registry.terraform.io/hashicorp/aws\"]",
      "instances": [
        {
          "schema_version": 0,
          "attributes": {
            "arn": "arn:aws:ec2:ap-northeast-2:089955620282:security-group-rule/sgr-06c46211bb5e875bb",
            "cidr_ipv4": "10.0.0.0/16",
            "cidr_ipv6": null,
            "description": null,
            "from_port": 53,
            "id": "sgr-06c46211bb5e875bb",
            "ip_protocol": "udp",
            "prefix_list_id": null,
            "referenced_security_group_id": null,
            "region": "ap-northeast-2",
            "security_group_id": "sg-06687bfead527c9de",
            "security_group_rule_id": "sgr-06c46211bb5e875bb",
            "tags": null,
            "tags_all": {},
            "to_port": 53
          },
          "sensitive_attributes": [],
          "identity_schema_version": 0,
          "identity": {
            "account_id": "089955620282",
            "id": "sgr-06c46211bb5e875bb",
            "region": "ap-northeast-2"
          },
          "dependencies": [
            "module.network.aws_security_group.nat_sg",
            "module.network.aws_vpc.vpc"
          ]
        }
      ]
    },
    {
      "module": "module.network",
      "mode": "managed",
      "type": "aws_vpc_security_group_ingress_rule",
      "name": "nat_ingress_allow_http",
      "provider": "provider[\"registry.terraform.io/hashicorp/aws\"]",
      "instances": [
        {
          "schema_version": 0,
          "attributes": {
            "arn": "arn:aws:ec2:ap-northeast-2:089955620282:security-group-rule/sgr-0d9b1e4575fd4778d",
            "cidr_ipv4": "10.0.0.0/16",
            "cidr_ipv6": null,
            "description": null,
            "from_port": 80,
            "id": "sgr-0d9b1e4575fd4778d",
            "ip_protocol": "tcp",
            "prefix_list_id": null,
            "referenced_security_group_id": null,
            "region": "ap-northeast-2",
            "security_group_id": "sg-06687bfead527c9de",
            "security_group_rule_id": "sgr-0d9b1e4575fd4778d",
            "tags": null,
            "tags_all": {},
            "to_port": 80
          },
          "sensitive_attributes": [],
          "identity_schema_version": 0,
          "identity": {
            "account_id": "089955620282",
            "id": "sgr-0d9b1e4575fd4778d",
            "region": "ap-northeast-2"
          },
          "dependencies": [
            "module.network.aws_security_group.nat_sg",
            "module.network.aws_vpc.vpc"
          ]
        }
      ]
    },
    {
      "module": "module.network",
      "mode": "managed",
      "type": "aws_vpc_security_group_ingress_rule",
      "name": "nat_ingress_allow_https",
      "provider": "provider[\"registry.terraform.io/hashicorp/aws\"]",
      "instances": [
        {
          "schema_version": 0,
          "attributes": {
            "arn": "arn:aws:ec2:ap-northeast-2:089955620282:security-group-rule/sgr-03169059f32de78a0",
            "cidr_ipv4": "10.0.0.0/16",
            "cidr_ipv6": null,
            "description": null,
            "from_port": 443,
            "id": "sgr-03169059f32de78a0",
            "ip_protocol": "tcp",
            "prefix_list_id": null,
            "referenced_security_group_id": null,
            "region": "ap-northeast-2",
            "security_group_id": "sg-06687bfead527c9de",
            "security_group_rule_id": "sgr-03169059f32de78a0",
            "tags": null,
            "tags_all": {},
            "to_port": 443
          },
          "sensitive_attributes": [],
          "identity_schema_version": 0,
          "identity": {
            "account_id": "089955620282",
            "id": "sgr-03169059f32de78a0",
            "region": "ap-northeast-2"
          },
          "dependencies": [
            "module.network.aws_security_group.nat_sg",
            "module.network.aws_vpc.vpc"
          ]
        }
      ]
    },
    {
      "module": "module.network",
      "mode": "managed",
      "type": "aws_vpc_security_group_ingress_rule",
      "name": "nat_ingress_allow_ssh",
      "provider": "provider[\"registry.terraform.io/hashicorp/aws\"]",
      "instances": [
        {
          "schema_version": 0,
          "attributes": {
            "arn": "arn:aws:ec2:ap-northeast-2:089955620282:security-group-rule/sgr-019b2ee6e6949627f",
            "cidr_ipv4": "10.0.0.0/16",
            "cidr_ipv6": null,
            "description": null,
            "from_port": 22,
            "id": "sgr-019b2ee6e6949627f",
            "ip_protocol": "tcp",
            "prefix_list_id": null,
            "referenced_security_group_id": null,
            "region": "ap-northeast-2",
            "security_group_id": "sg-06687bfead527c9de",
            "security_group_rule_id": "sgr-019b2ee6e6949627f",
            "tags": null,
            "tags_all": {},
            "to_port": 22
          },
          "sensitive_attributes": [],
          "identity_schema_version": 0,
          "identity": {
            "account_id": "089955620282",
            "id": "sgr-019b2ee6e6949627f",
            "region": "ap-northeast-2"
          },
          "dependencies": [
            "module.network.aws_security_group.nat_sg",
            "module.network.aws_vpc.vpc"
          ]
        }
      ]
    },
    {
      "module": "module.network",
      "mode": "managed",
      "type": "aws_vpc_security_group_ingress_rule",
      "name": "public_alb_ingress_allow_http",
      "provider": "provider[\"registry.terraform.io/hashicorp/aws\"]",
      "instances": [
        {
          "schema_version": 0,
          "attributes": {
            "arn": "arn:aws:ec2:ap-northeast-2:089955620282:security-group-rule/sgr-0ca8438cbcb20ebce",
            "cidr_ipv4": "0.0.0.0/0",
            "cidr_ipv6": null,
            "description": null,
            "from_port": 80,
            "id": "sgr-0ca8438cbcb20ebce",
            "ip_protocol": "tcp",
            "prefix_list_id": null,
            "referenced_security_group_id": null,
            "region": "ap-northeast-2",
            "security_group_id": "sg-077b86e67310c6abf",
            "security_group_rule_id": "sgr-0ca8438cbcb20ebce",
            "tags": null,
            "tags_all": {},
            "to_port": 80
          },
          "sensitive_attributes": [],
          "identity_schema_version": 0,
          "identity": {
            "account_id": "089955620282",
            "id": "sgr-0ca8438cbcb20ebce",
            "region": "ap-northeast-2"
          },
          "dependencies": [
            "module.network.aws_security_group.public_alb_sg",
            "module.network.aws_vpc.vpc"
          ]
        }
      ]
    },
    {
      "module": "module.network",
      "mode": "managed",
      "type": "aws_vpc_security_group_ingress_rule",
      "name": "public_alb_ingress_allow_https",
      "provider": "provider[\"registry.terraform.io/hashicorp/aws\"]",
      "instances": [
        {
          "schema_version": 0,
          "attributes": {
            "arn": "arn:aws:ec2:ap-northeast-2:089955620282:security-group-rule/sgr-0fe28948ec4c358fe",
            "cidr_ipv4": "0.0.0.0/0",
            "cidr_ipv6": null,
            "description": null,
            "from_port": 443,
            "id": "sgr-0fe28948ec4c358fe",
            "ip_protocol": "tcp",
            "prefix_list_id": null,
            "referenced_security_group_id": null,
            "region": "ap-northeast-2",
            "security_group_id": "sg-077b86e67310c6abf",
            "security_group_rule_id": "sgr-0fe28948ec4c358fe",
            "tags": null,
            "tags_all": {},
            "to_port": 443
          },
          "sensitive_attributes": [],
          "identity_schema_version": 0,
          "identity": {
            "account_id": "089955620282",
            "id": "sgr-0fe28948ec4c358fe",
            "region": "ap-northeast-2"
          },
          "dependencies": [
            "module.network.aws_security_group.public_alb_sg",
            "module.network.aws_vpc.vpc"
          ]
        }
      ]
    },
    {
      "module": "module.network",
      "mode": "managed",
      "type": "aws_vpc_security_group_ingress_rule",
      "name": "was_ingress_allow_php",
      "provider": "provider[\"registry.terraform.io/hashicorp/aws\"]",
      "instances": [
        {
          "schema_version": 0,
          "attributes": {
            "arn": "arn:aws:ec2:ap-northeast-2:089955620282:security-group-rule/sgr-015006785aac35422",
            "cidr_ipv4": "10.0.0.0/16",
            "cidr_ipv6": null,
            "description": null,
            "from_port": 9000,
            "id": "sgr-015006785aac35422",
            "ip_protocol": "tcp",
            "prefix_list_id": null,
            "referenced_security_group_id": null,
            "region": "ap-northeast-2",
            "security_group_id": "sg-0735d393e2cd818f1",
            "security_group_rule_id": "sgr-015006785aac35422",
            "tags": null,
            "tags_all": {},
            "to_port": 9000
          },
          "sensitive_attributes": [],
          "identity_schema_version": 0,
          "identity": {
            "account_id": "089955620282",
            "id": "sgr-015006785aac35422",
            "region": "ap-northeast-2"
          },
          "dependencies": [
            "module.network.aws_security_group.was_sg",
            "module.network.aws_vpc.vpc"
          ]
        }
      ]
    },
    {
      "module": "module.network",
      "mode": "managed",
      "type": "aws_vpc_security_group_ingress_rule",
      "name": "was_ingress_allow_ssh",
      "provider": "provider[\"registry.terraform.io/hashicorp/aws\"]",
      "instances": [
        {
          "schema_version": 0,
          "attributes": {
            "arn": "arn:aws:ec2:ap-northeast-2:089955620282:security-group-rule/sgr-03ad1694e19aba685",
            "cidr_ipv4": "10.0.0.0/16",
            "cidr_ipv6": null,
            "description": null,
            "from_port": 22,
            "id": "sgr-03ad1694e19aba685",
            "ip_protocol": "tcp",
            "prefix_list_id": null,
            "referenced_security_group_id": null,
            "region": "ap-northeast-2",
            "security_group_id": "sg-0735d393e2cd818f1",
            "security_group_rule_id": "sgr-03ad1694e19aba685",
            "tags": null,
            "tags_all": {},
            "to_port": 22
          },
          "sensitive_attributes": [],
          "identity_schema_version": 0,
          "identity": {
            "account_id": "089955620282",
            "id": "sgr-03ad1694e19aba685",
            "region": "ap-northeast-2"
          },
          "dependencies": [
            "module.network.aws_security_group.was_sg",
            "module.network.aws_vpc.vpc"
          ]
        }
      ]
    },
    {
      "module": "module.network",
      "mode": "managed",
      "type": "aws_vpc_security_group_ingress_rule",
      "name": "web_ingress_allow_http",
      "provider": "provider[\"registry.terraform.io/hashicorp/aws\"]",
      "instances": [
        {
          "schema_version": 0,
          "attributes": {
            "arn": "arn:aws:ec2:ap-northeast-2:089955620282:security-group-rule/sgr-03424ebed005c57db",
            "cidr_ipv4": "0.0.0.0/0",
            "cidr_ipv6": null,
            "description": null,
            "from_port": 80,
            "id": "sgr-03424ebed005c57db",
            "ip_protocol": "tcp",
            "prefix_list_id": null,
            "referenced_security_group_id": null,
            "region": "ap-northeast-2",
            "security_group_id": "sg-02117d6e3d1182fa3",
            "security_group_rule_id": "sgr-03424ebed005c57db",
            "tags": null,
            "tags_all": {},
            "to_port": 80
          },
          "sensitive_attributes": [],
          "identity_schema_version": 0,
          "identity": {
            "account_id": "089955620282",
            "id": "sgr-03424ebed005c57db",
            "region": "ap-northeast-2"
          },
          "dependencies": [
            "module.network.aws_security_group.web_sg",
            "module.network.aws_vpc.vpc"
          ]
        }
      ]
    },
    {
      "module": "module.network",
      "mode": "managed",
      "type": "aws_vpc_security_group_ingress_rule",
      "name": "web_ingress_allow_https",
      "provider": "provider[\"registry.terraform.io/hashicorp/aws\"]",
      "instances": [
        {
          "schema_version": 0,
          "attributes": {
            "arn": "arn:aws:ec2:ap-northeast-2:089955620282:security-group-rule/sgr-02a5cf023c01c3a62",
            "cidr_ipv4": "0.0.0.0/0",
            "cidr_ipv6": null,
            "description": null,
            "from_port": 443,
            "id": "sgr-02a5cf023c01c3a62",
            "ip_protocol": "tcp",
            "prefix_list_id": null,
            "referenced_security_group_id": null,
            "region": "ap-northeast-2",
            "security_group_id": "sg-02117d6e3d1182fa3",
            "security_group_rule_id": "sgr-02a5cf023c01c3a62",
            "tags": null,
            "tags_all": {},
            "to_port": 443
          },
          "sensitive_attributes": [],
          "identity_schema_version": 0,
          "identity": {
            "account_id": "089955620282",
            "id": "sgr-02a5cf023c01c3a62",
            "region": "ap-northeast-2"
          },
          "dependencies": [
            "module.network.aws_security_group.web_sg",
            "module.network.aws_vpc.vpc"
          ]
        }
      ]
    },
    {
      "module": "module.network",
      "mode": "managed",
      "type": "aws_vpc_security_group_ingress_rule",
      "name": "web_ingress_allow_ssh",
      "provider": "provider[\"registry.terraform.io/hashicorp/aws\"]",
      "instances": [
        {
          "schema_version": 0,
          "attributes": {
            "arn": "arn:aws:ec2:ap-northeast-2:089955620282:security-group-rule/sgr-0ac7052cd20256c32",
            "cidr_ipv4": "10.0.0.0/16",
            "cidr_ipv6": null,
            "description": null,
            "from_port": 22,
            "id": "sgr-0ac7052cd20256c32",
            "ip_protocol": "tcp",
            "prefix_list_id": null,
            "referenced_security_group_id": null,
            "region": "ap-northeast-2",
            "security_group_id": "sg-02117d6e3d1182fa3",
            "security_group_rule_id": "sgr-0ac7052cd20256c32",
            "tags": null,
            "tags_all": {},
            "to_port": 22
          },
          "sensitive_attributes": [],
          "identity_schema_version": 0,
          "identity": {
            "account_id": "089955620282",
            "id": "sgr-0ac7052cd20256c32",
            "region": "ap-northeast-2"
          },
          "dependencies": [
            "module.network.aws_security_group.web_sg",
            "module.network.aws_vpc.vpc"
          ]
        }
      ]
    }
  ],
  "check_results": null
}
